// !$*UTF8*$!
{
	archiveVersion = 1;
	classes = {
	};
	objectVersion = 56;
	objects = {

/* Begin PBXBuildFile section */
		260000022AB5EEC900342CAE /* QuizBeginnerList.swift in Sources */ = {isa = PBXBuildFile; fileRef = 260000012AB5EEC900342CAE /* QuizBeginnerList.swift */; };
		260E44132AB572DC00FBB487 /* itApp.swift in Sources */ = {isa = PBXBuildFile; fileRef = 260E44122AB572DC00FBB487 /* itApp.swift */; };
		260E44152AB572DC00FBB487 /* ContentView.swift in Sources */ = {isa = PBXBuildFile; fileRef = 260E44142AB572DC00FBB487 /* ContentView.swift */; };
		260E44172AB572DE00FBB487 /* Assets.xcassets in Resources */ = {isa = PBXBuildFile; fileRef = 260E44162AB572DE00FBB487 /* Assets.xcassets */; };
		260E441A2AB572DE00FBB487 /* Preview Assets.xcassets in Resources */ = {isa = PBXBuildFile; fileRef = 260E44192AB572DE00FBB487 /* Preview Assets.xcassets */; };
		260E44212AB5958300FBB487 /* GoogleService-Info.plist in Resources */ = {isa = PBXBuildFile; fileRef = 260E44202AB5958300FBB487 /* GoogleService-Info.plist */; };
		260E44232AB5963A00FBB487 /* AuthManager.swift in Sources */ = {isa = PBXBuildFile; fileRef = 260E44222AB5963A00FBB487 /* AuthManager.swift */; };
		260E44252AB59A7900FBB487 /* QuizView.swift in Sources */ = {isa = PBXBuildFile; fileRef = 260E44242AB59A7900FBB487 /* QuizView.swift */; };
		268C3B9B2ABCA63300282BEE /* QuizAdvancedList.swift in Sources */ = {isa = PBXBuildFile; fileRef = 268C3B9A2ABCA63200282BEE /* QuizAdvancedList.swift */; };
		268C3B9D2ABCA95D00282BEE /* QuizNetworkList.swift in Sources */ = {isa = PBXBuildFile; fileRef = 268C3B9C2ABCA95D00282BEE /* QuizNetworkList.swift */; };
		268C3BA52ABD638200282BEE /* SettingView.swift in Sources */ = {isa = PBXBuildFile; fileRef = 268C3BA22ABD638100282BEE /* SettingView.swift */; };
		268C3BA62ABD638200282BEE /* TermsOfServiceView.swift in Sources */ = {isa = PBXBuildFile; fileRef = 268C3BA32ABD638200282BEE /* TermsOfServiceView.swift */; };
		268C3BA72ABD638200282BEE /* PrivacyView.swift in Sources */ = {isa = PBXBuildFile; fileRef = 268C3BA42ABD638200282BEE /* PrivacyView.swift */; };
		268C3BA92ABDA32300282BEE /* sound.mp3 in Resources */ = {isa = PBXBuildFile; fileRef = 268C3BA82ABDA32300282BEE /* sound.mp3 */; };
		268C3BAB2ABDA3AC00282BEE /* soundKettei.mp3 in Resources */ = {isa = PBXBuildFile; fileRef = 268C3BAA2ABDA3AC00282BEE /* soundKettei.mp3 */; };
		269A87882AB7757C00F33C9E /* QuizResultView.swift in Sources */ = {isa = PBXBuildFile; fileRef = 269A87872AB7757C00F33C9E /* QuizResultView.swift */; };
		269A878A2AB86FC900F33C9E /* GachaView.swift in Sources */ = {isa = PBXBuildFile; fileRef = 269A87892AB86FC900F33C9E /* GachaView.swift */; };
		269A878C2AB873CC00F33C9E /* GachaAnimationView.swift in Sources */ = {isa = PBXBuildFile; fileRef = 269A878B2AB873CC00F33C9E /* GachaAnimationView.swift */; };
		269A878E2AB87CBA00F33C9E /* MemoView.swift in Sources */ = {isa = PBXBuildFile; fileRef = 269A878D2AB87CBA00F33C9E /* MemoView.swift */; };
		269D44E22AB60D6800CAA91A /* SignUp.swift in Sources */ = {isa = PBXBuildFile; fileRef = 269D44E12AB60D6800CAA91A /* SignUp.swift */; };
		26A026DE2ABDD1EB00119F2B /* TopView.swift in Sources */ = {isa = PBXBuildFile; fileRef = 26A026DD2ABDD1EA00119F2B /* TopView.swift */; };
		26A026E02ABDE27D00119F2B /* 正解.mp3 in Resources */ = {isa = PBXBuildFile; fileRef = 26A026DF2ABDE27C00119F2B /* 正解.mp3 */; };
		26A026E42ABDE67800119F2B /* 味方攻撃.mp3 in Resources */ = {isa = PBXBuildFile; fileRef = 26A026E32ABDE67800119F2B /* 味方攻撃.mp3 */; };
		26A026E62ABE014200119F2B /* 不正解.mp3 in Resources */ = {isa = PBXBuildFile; fileRef = 26A026E52ABE014200119F2B /* 不正解.mp3 */; };
		26A026E82ABE03FE00119F2B /* 敵攻撃.mp3 in Resources */ = {isa = PBXBuildFile; fileRef = 26A026E72ABE03FE00119F2B /* 敵攻撃.mp3 */; };
		26A026EA2ABE0C8500119F2B /* カウントダウン.mp3 in Resources */ = {isa = PBXBuildFile; fileRef = 26A026E92ABE0C8500119F2B /* カウントダウン.mp3 */; };
		26A25D4C2AB9613A006B368F /* AVKit.framework in Frameworks */ = {isa = PBXBuildFile; fileRef = 26A25D4B2AB9613A006B368F /* AVKit.framework */; };
		26A25D4E2AB99235006B368F /* QuizIntermediateList.swift in Sources */ = {isa = PBXBuildFile; fileRef = 26A25D4D2AB99235006B368F /* QuizIntermediateList.swift */; };
		26A25D502AB9FB1A006B368F /* TitleListView.swift in Sources */ = {isa = PBXBuildFile; fileRef = 26A25D4F2AB9FB1A006B368F /* TitleListView.swift */; };
		26A25D522ABAFD82006B368F /* QuizManagerView.swift in Sources */ = {isa = PBXBuildFile; fileRef = 26A25D512ABAFD82006B368F /* QuizManagerView.swift */; };
		26B5BEF42AB6CFA600056E79 /* RootView.swift in Sources */ = {isa = PBXBuildFile; fileRef = 26B5BEF32AB6CFA600056E79 /* RootView.swift */; };
		E853D050BCB03C7E80A63918 /* Pods_it.framework in Frameworks */ = {isa = PBXBuildFile; fileRef = E16B2CC5D533F92BAD9A8A1F /* Pods_it.framework */; };
/* End PBXBuildFile section */

/* Begin PBXFileReference section */
		260000012AB5EEC900342CAE /* QuizBeginnerList.swift */ = {isa = PBXFileReference; lastKnownFileType = sourcecode.swift; path = QuizBeginnerList.swift; sourceTree = "<group>"; };
		260E440F2AB572DC00FBB487 /* it.app */ = {isa = PBXFileReference; explicitFileType = wrapper.application; includeInIndex = 0; path = it.app; sourceTree = BUILT_PRODUCTS_DIR; };
		260E44122AB572DC00FBB487 /* itApp.swift */ = {isa = PBXFileReference; lastKnownFileType = sourcecode.swift; path = itApp.swift; sourceTree = "<group>"; };
		260E44142AB572DC00FBB487 /* ContentView.swift */ = {isa = PBXFileReference; lastKnownFileType = sourcecode.swift; path = ContentView.swift; sourceTree = "<group>"; };
		260E44162AB572DE00FBB487 /* Assets.xcassets */ = {isa = PBXFileReference; lastKnownFileType = folder.assetcatalog; path = Assets.xcassets; sourceTree = "<group>"; };
		260E44192AB572DE00FBB487 /* Preview Assets.xcassets */ = {isa = PBXFileReference; lastKnownFileType = folder.assetcatalog; path = "Preview Assets.xcassets"; sourceTree = "<group>"; };
		260E44202AB5958300FBB487 /* GoogleService-Info.plist */ = {isa = PBXFileReference; fileEncoding = 4; lastKnownFileType = text.plist.xml; path = "GoogleService-Info.plist"; sourceTree = "<group>"; };
		260E44222AB5963A00FBB487 /* AuthManager.swift */ = {isa = PBXFileReference; fileEncoding = 4; lastKnownFileType = sourcecode.swift; path = AuthManager.swift; sourceTree = "<group>"; };
		260E44242AB59A7900FBB487 /* QuizView.swift */ = {isa = PBXFileReference; lastKnownFileType = sourcecode.swift; path = QuizView.swift; sourceTree = "<group>"; };
		268C3B9A2ABCA63200282BEE /* QuizAdvancedList.swift */ = {isa = PBXFileReference; lastKnownFileType = sourcecode.swift; path = QuizAdvancedList.swift; sourceTree = "<group>"; };
		268C3B9C2ABCA95D00282BEE /* QuizNetworkList.swift */ = {isa = PBXFileReference; lastKnownFileType = sourcecode.swift; path = QuizNetworkList.swift; sourceTree = "<group>"; };
		268C3BA22ABD638100282BEE /* SettingView.swift */ = {isa = PBXFileReference; fileEncoding = 4; lastKnownFileType = sourcecode.swift; name = SettingView.swift; path = ../../sabusuku/sabusuku/SettingView.swift; sourceTree = "<group>"; };
		268C3BA32ABD638200282BEE /* TermsOfServiceView.swift */ = {isa = PBXFileReference; fileEncoding = 4; lastKnownFileType = sourcecode.swift; name = TermsOfServiceView.swift; path = ../../sabusuku/sabusuku/TermsOfServiceView.swift; sourceTree = "<group>"; };
		268C3BA42ABD638200282BEE /* PrivacyView.swift */ = {isa = PBXFileReference; fileEncoding = 4; lastKnownFileType = sourcecode.swift; name = PrivacyView.swift; path = ../../sabusuku/sabusuku/PrivacyView.swift; sourceTree = "<group>"; };
		268C3BA82ABDA32300282BEE /* sound.mp3 */ = {isa = PBXFileReference; lastKnownFileType = audio.mp3; name = sound.mp3; path = ../../../Downloads/sound.mp3; sourceTree = "<group>"; };
		268C3BAA2ABDA3AC00282BEE /* soundKettei.mp3 */ = {isa = PBXFileReference; lastKnownFileType = audio.mp3; name = soundKettei.mp3; path = ../../../Downloads/soundKettei.mp3; sourceTree = "<group>"; };
		269A87872AB7757C00F33C9E /* QuizResultView.swift */ = {isa = PBXFileReference; lastKnownFileType = sourcecode.swift; path = QuizResultView.swift; sourceTree = "<group>"; };
		269A87892AB86FC900F33C9E /* GachaView.swift */ = {isa = PBXFileReference; lastKnownFileType = sourcecode.swift; path = GachaView.swift; sourceTree = "<group>"; };
		269A878B2AB873CC00F33C9E /* GachaAnimationView.swift */ = {isa = PBXFileReference; lastKnownFileType = sourcecode.swift; path = GachaAnimationView.swift; sourceTree = "<group>"; };
		269A878D2AB87CBA00F33C9E /* MemoView.swift */ = {isa = PBXFileReference; lastKnownFileType = sourcecode.swift; path = MemoView.swift; sourceTree = "<group>"; };
		269D44E12AB60D6800CAA91A /* SignUp.swift */ = {isa = PBXFileReference; fileEncoding = 4; lastKnownFileType = sourcecode.swift; path = SignUp.swift; sourceTree = "<group>"; };
		26A026DD2ABDD1EA00119F2B /* TopView.swift */ = {isa = PBXFileReference; lastKnownFileType = sourcecode.swift; path = TopView.swift; sourceTree = "<group>"; };
		26A026DF2ABDE27C00119F2B /* 正解.mp3 */ = {isa = PBXFileReference; lastKnownFileType = audio.mp3; name = "正解.mp3"; path = "../../../Downloads/正解.mp3"; sourceTree = "<group>"; };
		26A026E32ABDE67800119F2B /* 味方攻撃.mp3 */ = {isa = PBXFileReference; lastKnownFileType = audio.mp3; name = "味方攻撃.mp3"; path = "../../../Downloads/味方攻撃.mp3"; sourceTree = "<group>"; };
		26A026E52ABE014200119F2B /* 不正解.mp3 */ = {isa = PBXFileReference; lastKnownFileType = audio.mp3; name = "不正解.mp3"; path = "../../../Downloads/不正解.mp3"; sourceTree = "<group>"; };
		26A026E72ABE03FE00119F2B /* 敵攻撃.mp3 */ = {isa = PBXFileReference; lastKnownFileType = audio.mp3; name = "敵攻撃.mp3"; path = "../../../Downloads/敵攻撃.mp3"; sourceTree = "<group>"; };
		26A026E92ABE0C8500119F2B /* カウントダウン.mp3 */ = {isa = PBXFileReference; lastKnownFileType = audio.mp3; name = "カウントダウン.mp3"; path = "../../../Downloads/Countdown03-mp3/カウントダウン.mp3"; sourceTree = "<group>"; };
		26A25D4B2AB9613A006B368F /* AVKit.framework */ = {isa = PBXFileReference; lastKnownFileType = wrapper.framework; name = AVKit.framework; path = System/Library/Frameworks/AVKit.framework; sourceTree = SDKROOT; };
		26A25D4D2AB99235006B368F /* QuizIntermediateList.swift */ = {isa = PBXFileReference; lastKnownFileType = sourcecode.swift; path = QuizIntermediateList.swift; sourceTree = "<group>"; };
		26A25D4F2AB9FB1A006B368F /* TitleListView.swift */ = {isa = PBXFileReference; lastKnownFileType = sourcecode.swift; path = TitleListView.swift; sourceTree = "<group>"; };
		26A25D512ABAFD82006B368F /* QuizManagerView.swift */ = {isa = PBXFileReference; lastKnownFileType = sourcecode.swift; path = QuizManagerView.swift; sourceTree = "<group>"; };
		26B5BEF32AB6CFA600056E79 /* RootView.swift */ = {isa = PBXFileReference; lastKnownFileType = sourcecode.swift; path = RootView.swift; sourceTree = "<group>"; };
		B872405D7B916C9F1628DFCC /* Pods-it.debug.xcconfig */ = {isa = PBXFileReference; includeInIndex = 1; lastKnownFileType = text.xcconfig; name = "Pods-it.debug.xcconfig"; path = "Target Support Files/Pods-it/Pods-it.debug.xcconfig"; sourceTree = "<group>"; };
		E16B2CC5D533F92BAD9A8A1F /* Pods_it.framework */ = {isa = PBXFileReference; explicitFileType = wrapper.framework; includeInIndex = 0; path = Pods_it.framework; sourceTree = BUILT_PRODUCTS_DIR; };
		FB46333AF02BB87CB42728DB /* Pods-it.release.xcconfig */ = {isa = PBXFileReference; includeInIndex = 1; lastKnownFileType = text.xcconfig; name = "Pods-it.release.xcconfig"; path = "Target Support Files/Pods-it/Pods-it.release.xcconfig"; sourceTree = "<group>"; };
/* End PBXFileReference section */

/* Begin PBXFrameworksBuildPhase section */
		260E440C2AB572DC00FBB487 /* Frameworks */ = {
			isa = PBXFrameworksBuildPhase;
			buildActionMask = 2147483647;
			files = (
				26A25D4C2AB9613A006B368F /* AVKit.framework in Frameworks */,
				E853D050BCB03C7E80A63918 /* Pods_it.framework in Frameworks */,
			);
			runOnlyForDeploymentPostprocessing = 0;
		};
/* End PBXFrameworksBuildPhase section */

/* Begin PBXGroup section */
		260E44062AB572DC00FBB487 = {
			isa = PBXGroup;
			children = (
				260E44112AB572DC00FBB487 /* it */,
				260E44102AB572DC00FBB487 /* Products */,
				73DAD98A7E510BE078FCEB44 /* Pods */,
				3D2C0D6B4B9B75CD0FF123E4 /* Frameworks */,
			);
			sourceTree = "<group>";
		};
		260E44102AB572DC00FBB487 /* Products */ = {
			isa = PBXGroup;
			children = (
				260E440F2AB572DC00FBB487 /* it.app */,
			);
			name = Products;
			sourceTree = "<group>";
		};
		260E44112AB572DC00FBB487 /* it */ = {
			isa = PBXGroup;
			children = (
				260E44122AB572DC00FBB487 /* itApp.swift */,
				26B5BEF32AB6CFA600056E79 /* RootView.swift */,
				260E44142AB572DC00FBB487 /* ContentView.swift */,
				26A026DD2ABDD1EA00119F2B /* TopView.swift */,
				26A25D512ABAFD82006B368F /* QuizManagerView.swift */,
				260E44242AB59A7900FBB487 /* QuizView.swift */,
				269A878D2AB87CBA00F33C9E /* MemoView.swift */,
				269A87872AB7757C00F33C9E /* QuizResultView.swift */,
				260000012AB5EEC900342CAE /* QuizBeginnerList.swift */,
				26A25D4D2AB99235006B368F /* QuizIntermediateList.swift */,
				268C3B9A2ABCA63200282BEE /* QuizAdvancedList.swift */,
				268C3B9C2ABCA95D00282BEE /* QuizNetworkList.swift */,
				260E44222AB5963A00FBB487 /* AuthManager.swift */,
				26A25D4F2AB9FB1A006B368F /* TitleListView.swift */,
				269A87892AB86FC900F33C9E /* GachaView.swift */,
				268C3BA42ABD638200282BEE /* PrivacyView.swift */,
				268C3BA22ABD638100282BEE /* SettingView.swift */,
				268C3BA32ABD638200282BEE /* TermsOfServiceView.swift */,
				269A878B2AB873CC00F33C9E /* GachaAnimationView.swift */,
				269D44E12AB60D6800CAA91A /* SignUp.swift */,
				268C3BAA2ABDA3AC00282BEE /* soundKettei.mp3 */,
				268C3BA82ABDA32300282BEE /* sound.mp3 */,
				26A026E32ABDE67800119F2B /* 味方攻撃.mp3 */,
				26A026E72ABE03FE00119F2B /* 敵攻撃.mp3 */,
				26A026DF2ABDE27C00119F2B /* 正解.mp3 */,
				26A026E52ABE014200119F2B /* 不正解.mp3 */,
				26A026E92ABE0C8500119F2B /* カウントダウン.mp3 */,
				260E44162AB572DE00FBB487 /* Assets.xcassets */,
				260E44202AB5958300FBB487 /* GoogleService-Info.plist */,
				260E44182AB572DE00FBB487 /* Preview Content */,
			);
			path = it;
			sourceTree = "<group>";
		};
		260E44182AB572DE00FBB487 /* Preview Content */ = {
			isa = PBXGroup;
			children = (
				260E44192AB572DE00FBB487 /* Preview Assets.xcassets */,
			);
			path = "Preview Content";
			sourceTree = "<group>";
		};
		3D2C0D6B4B9B75CD0FF123E4 /* Frameworks */ = {
			isa = PBXGroup;
			children = (
				26A25D4B2AB9613A006B368F /* AVKit.framework */,
				E16B2CC5D533F92BAD9A8A1F /* Pods_it.framework */,
			);
			name = Frameworks;
			sourceTree = "<group>";
		};
		73DAD98A7E510BE078FCEB44 /* Pods */ = {
			isa = PBXGroup;
			children = (
				B872405D7B916C9F1628DFCC /* Pods-it.debug.xcconfig */,
				FB46333AF02BB87CB42728DB /* Pods-it.release.xcconfig */,
			);
			path = Pods;
			sourceTree = "<group>";
		};
/* End PBXGroup section */

/* Begin PBXNativeTarget section */
		260E440E2AB572DC00FBB487 /* it */ = {
			isa = PBXNativeTarget;
			buildConfigurationList = 260E441D2AB572DE00FBB487 /* Build configuration list for PBXNativeTarget "it" */;
			buildPhases = (
				4A6307C9154B6518E043CD15 /* [CP] Check Pods Manifest.lock */,
				260E440B2AB572DC00FBB487 /* Sources */,
				260E440C2AB572DC00FBB487 /* Frameworks */,
				260E440D2AB572DC00FBB487 /* Resources */,
				C200073454E022CB126698C8 /* [CP] Embed Pods Frameworks */,
			);
			buildRules = (
			);
			dependencies = (
			);
			name = it;
			productName = it;
			productReference = 260E440F2AB572DC00FBB487 /* it.app */;
			productType = "com.apple.product-type.application";
		};
/* End PBXNativeTarget section */

/* Begin PBXProject section */
		260E44072AB572DC00FBB487 /* Project object */ = {
			isa = PBXProject;
			attributes = {
				BuildIndependentTargetsInParallel = 1;
				LastSwiftUpdateCheck = 1430;
				LastUpgradeCheck = 1430;
				TargetAttributes = {
					260E440E2AB572DC00FBB487 = {
						CreatedOnToolsVersion = 14.3;
					};
				};
			};
			buildConfigurationList = 260E440A2AB572DC00FBB487 /* Build configuration list for PBXProject "it" */;
			compatibilityVersion = "Xcode 14.0";
			developmentRegion = en;
			hasScannedForEncodings = 0;
			knownRegions = (
				en,
				Base,
			);
			mainGroup = 260E44062AB572DC00FBB487;
			productRefGroup = 260E44102AB572DC00FBB487 /* Products */;
			projectDirPath = "";
			projectRoot = "";
			targets = (
				260E440E2AB572DC00FBB487 /* it */,
			);
		};
/* End PBXProject section */

/* Begin PBXResourcesBuildPhase section */
		260E440D2AB572DC00FBB487 /* Resources */ = {
			isa = PBXResourcesBuildPhase;
			buildActionMask = 2147483647;
			files = (
				26A026EA2ABE0C8500119F2B /* カウントダウン.mp3 in Resources */,
				26A026E42ABDE67800119F2B /* 味方攻撃.mp3 in Resources */,
				268C3BA92ABDA32300282BEE /* sound.mp3 in Resources */,
				26A026E82ABE03FE00119F2B /* 敵攻撃.mp3 in Resources */,
				260E441A2AB572DE00FBB487 /* Preview Assets.xcassets in Resources */,
				268C3BAB2ABDA3AC00282BEE /* soundKettei.mp3 in Resources */,
				26A026E62ABE014200119F2B /* 不正解.mp3 in Resources */,
				26A026E02ABDE27D00119F2B /* 正解.mp3 in Resources */,
				260E44172AB572DE00FBB487 /* Assets.xcassets in Resources */,
				260E44212AB5958300FBB487 /* GoogleService-Info.plist in Resources */,
			);
			runOnlyForDeploymentPostprocessing = 0;
		};
/* End PBXResourcesBuildPhase section */

/* Begin PBXShellScriptBuildPhase section */
		4A6307C9154B6518E043CD15 /* [CP] Check Pods Manifest.lock */ = {
			isa = PBXShellScriptBuildPhase;
			buildActionMask = 2147483647;
			files = (
			);
			inputFileListPaths = (
			);
			inputPaths = (
				"${PODS_PODFILE_DIR_PATH}/Podfile.lock",
				"${PODS_ROOT}/Manifest.lock",
			);
			name = "[CP] Check Pods Manifest.lock";
			outputFileListPaths = (
			);
			outputPaths = (
				"$(DERIVED_FILE_DIR)/Pods-it-checkManifestLockResult.txt",
			);
			runOnlyForDeploymentPostprocessing = 0;
			shellPath = /bin/sh;
			shellScript = "diff \"${PODS_PODFILE_DIR_PATH}/Podfile.lock\" \"${PODS_ROOT}/Manifest.lock\" > /dev/null\nif [ $? != 0 ] ; then\n    # print error to STDERR\n    echo \"error: The sandbox is not in sync with the Podfile.lock. Run 'pod install' or update your CocoaPods installation.\" >&2\n    exit 1\nfi\n# This output is used by Xcode 'outputs' to avoid re-running this script phase.\necho \"SUCCESS\" > \"${SCRIPT_OUTPUT_FILE_0}\"\n";
			showEnvVarsInLog = 0;
		};
		C200073454E022CB126698C8 /* [CP] Embed Pods Frameworks */ = {
			isa = PBXShellScriptBuildPhase;
			buildActionMask = 2147483647;
			files = (
			);
			inputFileListPaths = (
				"${PODS_ROOT}/Target Support Files/Pods-it/Pods-it-frameworks-${CONFIGURATION}-input-files.xcfilelist",
			);
			name = "[CP] Embed Pods Frameworks";
			outputFileListPaths = (
				"${PODS_ROOT}/Target Support Files/Pods-it/Pods-it-frameworks-${CONFIGURATION}-output-files.xcfilelist",
			);
			runOnlyForDeploymentPostprocessing = 0;
			shellPath = /bin/sh;
			shellScript = "\"${PODS_ROOT}/Target Support Files/Pods-it/Pods-it-frameworks.sh\"\n";
			showEnvVarsInLog = 0;
		};
/* End PBXShellScriptBuildPhase section */

/* Begin PBXSourcesBuildPhase section */
		260E440B2AB572DC00FBB487 /* Sources */ = {
			isa = PBXSourcesBuildPhase;
			buildActionMask = 2147483647;
			files = (
				26B5BEF42AB6CFA600056E79 /* RootView.swift in Sources */,
				260000022AB5EEC900342CAE /* QuizBeginnerList.swift in Sources */,
				269A87882AB7757C00F33C9E /* QuizResultView.swift in Sources */,
				269D44E22AB60D6800CAA91A /* SignUp.swift in Sources */,
				268C3B9B2ABCA63300282BEE /* QuizAdvancedList.swift in Sources */,
				269A878A2AB86FC900F33C9E /* GachaView.swift in Sources */,
				26A026DE2ABDD1EB00119F2B /* TopView.swift in Sources */,
				26A25D4E2AB99235006B368F /* QuizIntermediateList.swift in Sources */,
				260E44152AB572DC00FBB487 /* ContentView.swift in Sources */,
				26A25D502AB9FB1A006B368F /* TitleListView.swift in Sources */,
				268C3BA52ABD638200282BEE /* SettingView.swift in Sources */,
				260E44252AB59A7900FBB487 /* QuizView.swift in Sources */,
				26A25D522ABAFD82006B368F /* QuizManagerView.swift in Sources */,
				260E44232AB5963A00FBB487 /* AuthManager.swift in Sources */,
				269A878C2AB873CC00F33C9E /* GachaAnimationView.swift in Sources */,
				260E44132AB572DC00FBB487 /* itApp.swift in Sources */,
				268C3BA72ABD638200282BEE /* PrivacyView.swift in Sources */,
				269A878E2AB87CBA00F33C9E /* MemoView.swift in Sources */,
				268C3B9D2ABCA95D00282BEE /* QuizNetworkList.swift in Sources */,
				268C3BA62ABD638200282BEE /* TermsOfServiceView.swift in Sources */,
			);
			runOnlyForDeploymentPostprocessing = 0;
		};
/* End PBXSourcesBuildPhase section */

/* Begin XCBuildConfiguration section */
		260E441B2AB572DE00FBB487 /* Debug */ = {
			isa = XCBuildConfiguration;
			buildSettings = {
				ALWAYS_SEARCH_USER_PATHS = NO;
				CLANG_ANALYZER_NONNULL = YES;
				CLANG_ANALYZER_NUMBER_OBJECT_CONVERSION = YES_AGGRESSIVE;
				CLANG_CXX_LANGUAGE_STANDARD = "gnu++20";
				CLANG_ENABLE_MODULES = YES;
				CLANG_ENABLE_OBJC_ARC = YES;
				CLANG_ENABLE_OBJC_WEAK = YES;
				CLANG_WARN_BLOCK_CAPTURE_AUTORELEASING = YES;
				CLANG_WARN_BOOL_CONVERSION = YES;
				CLANG_WARN_COMMA = YES;
				CLANG_WARN_CONSTANT_CONVERSION = YES;
				CLANG_WARN_DEPRECATED_OBJC_IMPLEMENTATIONS = YES;
				CLANG_WARN_DIRECT_OBJC_ISA_USAGE = YES_ERROR;
				CLANG_WARN_DOCUMENTATION_COMMENTS = YES;
				CLANG_WARN_EMPTY_BODY = YES;
				CLANG_WARN_ENUM_CONVERSION = YES;
				CLANG_WARN_INFINITE_RECURSION = YES;
				CLANG_WARN_INT_CONVERSION = YES;
				CLANG_WARN_NON_LITERAL_NULL_CONVERSION = YES;
				CLANG_WARN_OBJC_IMPLICIT_RETAIN_SELF = YES;
				CLANG_WARN_OBJC_LITERAL_CONVERSION = YES;
				CLANG_WARN_OBJC_ROOT_CLASS = YES_ERROR;
				CLANG_WARN_QUOTED_INCLUDE_IN_FRAMEWORK_HEADER = YES;
				CLANG_WARN_RANGE_LOOP_ANALYSIS = YES;
				CLANG_WARN_STRICT_PROTOTYPES = YES;
				CLANG_WARN_SUSPICIOUS_MOVE = YES;
				CLANG_WARN_UNGUARDED_AVAILABILITY = YES_AGGRESSIVE;
				CLANG_WARN_UNREACHABLE_CODE = YES;
				CLANG_WARN__DUPLICATE_METHOD_MATCH = YES;
				COPY_PHASE_STRIP = NO;
				DEBUG_INFORMATION_FORMAT = dwarf;
				ENABLE_STRICT_OBJC_MSGSEND = YES;
				ENABLE_TESTABILITY = YES;
				GCC_C_LANGUAGE_STANDARD = gnu11;
				GCC_DYNAMIC_NO_PIC = NO;
				GCC_NO_COMMON_BLOCKS = YES;
				GCC_OPTIMIZATION_LEVEL = 0;
				GCC_PREPROCESSOR_DEFINITIONS = (
					"DEBUG=1",
					"$(inherited)",
				);
				GCC_WARN_64_TO_32_BIT_CONVERSION = YES;
				GCC_WARN_ABOUT_RETURN_TYPE = YES_ERROR;
				GCC_WARN_UNDECLARED_SELECTOR = YES;
				GCC_WARN_UNINITIALIZED_AUTOS = YES_AGGRESSIVE;
				GCC_WARN_UNUSED_FUNCTION = YES;
				GCC_WARN_UNUSED_VARIABLE = YES;
				IPHONEOS_DEPLOYMENT_TARGET = 16.4;
				MTL_ENABLE_DEBUG_INFO = INCLUDE_SOURCE;
				MTL_FAST_MATH = YES;
				ONLY_ACTIVE_ARCH = YES;
				SDKROOT = iphoneos;
				SWIFT_ACTIVE_COMPILATION_CONDITIONS = DEBUG;
				SWIFT_OPTIMIZATION_LEVEL = "-Onone";
			};
			name = Debug;
		};
		260E441C2AB572DE00FBB487 /* Release */ = {
			isa = XCBuildConfiguration;
			buildSettings = {
				ALWAYS_SEARCH_USER_PATHS = NO;
				CLANG_ANALYZER_NONNULL = YES;
				CLANG_ANALYZER_NUMBER_OBJECT_CONVERSION = YES_AGGRESSIVE;
				CLANG_CXX_LANGUAGE_STANDARD = "gnu++20";
				CLANG_ENABLE_MODULES = YES;
				CLANG_ENABLE_OBJC_ARC = YES;
				CLANG_ENABLE_OBJC_WEAK = YES;
				CLANG_WARN_BLOCK_CAPTURE_AUTORELEASING = YES;
				CLANG_WARN_BOOL_CONVERSION = YES;
				CLANG_WARN_COMMA = YES;
				CLANG_WARN_CONSTANT_CONVERSION = YES;
				CLANG_WARN_DEPRECATED_OBJC_IMPLEMENTATIONS = YES;
				CLANG_WARN_DIRECT_OBJC_ISA_USAGE = YES_ERROR;
				CLANG_WARN_DOCUMENTATION_COMMENTS = YES;
				CLANG_WARN_EMPTY_BODY = YES;
				CLANG_WARN_ENUM_CONVERSION = YES;
				CLANG_WARN_INFINITE_RECURSION = YES;
				CLANG_WARN_INT_CONVERSION = YES;
				CLANG_WARN_NON_LITERAL_NULL_CONVERSION = YES;
				CLANG_WARN_OBJC_IMPLICIT_RETAIN_SELF = YES;
				CLANG_WARN_OBJC_LITERAL_CONVERSION = YES;
				CLANG_WARN_OBJC_ROOT_CLASS = YES_ERROR;
				CLANG_WARN_QUOTED_INCLUDE_IN_FRAMEWORK_HEADER = YES;
				CLANG_WARN_RANGE_LOOP_ANALYSIS = YES;
				CLANG_WARN_STRICT_PROTOTYPES = YES;
				CLANG_WARN_SUSPICIOUS_MOVE = YES;
				CLANG_WARN_UNGUARDED_AVAILABILITY = YES_AGGRESSIVE;
				CLANG_WARN_UNREACHABLE_CODE = YES;
				CLANG_WARN__DUPLICATE_METHOD_MATCH = YES;
				COPY_PHASE_STRIP = NO;
				DEBUG_INFORMATION_FORMAT = "dwarf-with-dsym";
				ENABLE_NS_ASSERTIONS = NO;
				ENABLE_STRICT_OBJC_MSGSEND = YES;
				GCC_C_LANGUAGE_STANDARD = gnu11;
				GCC_NO_COMMON_BLOCKS = YES;
				GCC_WARN_64_TO_32_BIT_CONVERSION = YES;
				GCC_WARN_ABOUT_RETURN_TYPE = YES_ERROR;
				GCC_WARN_UNDECLARED_SELECTOR = YES;
				GCC_WARN_UNINITIALIZED_AUTOS = YES_AGGRESSIVE;
				GCC_WARN_UNUSED_FUNCTION = YES;
				GCC_WARN_UNUSED_VARIABLE = YES;
				IPHONEOS_DEPLOYMENT_TARGET = 16.4;
				MTL_ENABLE_DEBUG_INFO = NO;
				MTL_FAST_MATH = YES;
				SDKROOT = iphoneos;
				SWIFT_COMPILATION_MODE = wholemodule;
				SWIFT_OPTIMIZATION_LEVEL = "-O";
				VALIDATE_PRODUCT = YES;
			};
			name = Release;
		};
		260E441E2AB572DE00FBB487 /* Debug */ = {
			isa = XCBuildConfiguration;
			baseConfigurationReference = B872405D7B916C9F1628DFCC /* Pods-it.debug.xcconfig */;
			buildSettings = {
				ASSETCATALOG_COMPILER_APPICON_NAME = AppIcon;
				ASSETCATALOG_COMPILER_GLOBAL_ACCENT_COLOR_NAME = AccentColor;
				CODE_SIGN_STYLE = Automatic;
				CURRENT_PROJECT_VERSION = 1;
				DEVELOPMENT_ASSET_PATHS = "\"it/Preview Content\"";
				DEVELOPMENT_TEAM = F3XS565TSX;
				ENABLE_PREVIEWS = YES;
				GENERATE_INFOPLIST_FILE = YES;
				INFOPLIST_KEY_UIApplicationSceneManifest_Generation = YES;
				INFOPLIST_KEY_UIApplicationSupportsIndirectInputEvents = YES;
				INFOPLIST_KEY_UILaunchScreen_Generation = YES;
				INFOPLIST_KEY_UISupportedInterfaceOrientations_iPad = "UIInterfaceOrientationPortrait UIInterfaceOrientationPortraitUpsideDown UIInterfaceOrientationLandscapeLeft UIInterfaceOrientationLandscapeRight";
				INFOPLIST_KEY_UISupportedInterfaceOrientations_iPhone = "UIInterfaceOrientationPortrait UIInterfaceOrientationLandscapeLeft UIInterfaceOrientationLandscapeRight";
				LD_RUNPATH_SEARCH_PATHS = (
					"$(inherited)",
					"@executable_path/Frameworks",
				);
				MARKETING_VERSION = 1.0;
				PRODUCT_BUNDLE_IDENTIFIER = "Swift-Beginners-app.it";
				PRODUCT_NAME = "$(TARGET_NAME)";
				SWIFT_EMIT_LOC_STRINGS = YES;
				SWIFT_VERSION = 5.0;
				TARGETED_DEVICE_FAMILY = "1,2";
			};
			name = Debug;
		};
		260E441F2AB572DE00FBB487 /* Release */ = {
			isa = XCBuildConfiguration;
			baseConfigurationReference = FB46333AF02BB87CB42728DB /* Pods-it.release.xcconfig */;
			buildSettings = {
				ASSETCATALOG_COMPILER_APPICON_NAME = AppIcon;
				ASSETCATALOG_COMPILER_GLOBAL_ACCENT_COLOR_NAME = AccentColor;
				CODE_SIGN_STYLE = Automatic;
				CURRENT_PROJECT_VERSION = 1;
				DEVELOPMENT_ASSET_PATHS = "\"it/Preview Content\"";
				DEVELOPMENT_TEAM = F3XS565TSX;
				ENABLE_PREVIEWS = YES;
				GENERATE_INFOPLIST_FILE = YES;
				INFOPLIST_KEY_UIApplicationSceneManifest_Generation = YES;
				INFOPLIST_KEY_UIApplicationSupportsIndirectInputEvents = YES;
				INFOPLIST_KEY_UILaunchScreen_Generation = YES;
				INFOPLIST_KEY_UISupportedInterfaceOrientations_iPad = "UIInterfaceOrientationPortrait UIInterfaceOrientationPortraitUpsideDown UIInterfaceOrientationLandscapeLeft UIInterfaceOrientationLandscapeRight";
				INFOPLIST_KEY_UISupportedInterfaceOrientations_iPhone = "UIInterfaceOrientationPortrait UIInterfaceOrientationLandscapeLeft UIInterfaceOrientationLandscapeRight";
				LD_RUNPATH_SEARCH_PATHS = (
					"$(inherited)",
					"@executable_path/Frameworks",
				);
				MARKETING_VERSION = 1.0;
				PRODUCT_BUNDLE_IDENTIFIER = "Swift-Beginners-app.it";
				PRODUCT_NAME = "$(TARGET_NAME)";
				SWIFT_EMIT_LOC_STRINGS = YES;
				SWIFT_VERSION = 5.0;
				TARGETED_DEVICE_FAMILY = "1,2";
			};
			name = Release;
		};
/* End XCBuildConfiguration section */

/* Begin XCConfigurationList section */
		260E440A2AB572DC00FBB487 /* Build configuration list for PBXProject "it" */ = {
			isa = XCConfigurationList;
			buildConfigurations = (
				260E441B2AB572DE00FBB487 /* Debug */,
				260E441C2AB572DE00FBB487 /* Release */,
			);
			defaultConfigurationIsVisible = 0;
			defaultConfigurationName = Release;
		};
		260E441D2AB572DE00FBB487 /* Build configuration list for PBXNativeTarget "it" */ = {
			isa = XCConfigurationList;
			buildConfigurations = (
				260E441E2AB572DE00FBB487 /* Debug */,
				260E441F2AB572DE00FBB487 /* Release */,
			);
			defaultConfigurationIsVisible = 0;
			defaultConfigurationName = Release;
		};
/* End XCConfigurationList section */
	};
	rootObject = 260E44072AB572DC00FBB487 /* Project object */;
}
