// !$*UTF8*$!
{
	archiveVersion = 1;
	classes = {
	};
	objectVersion = 56;
	objects = {

/* Begin PBXBuildFile section */
		1820AE162B518D8D00BBA679 /* ゲームクリア.mp3 in Resources */ = {isa = PBXBuildFile; fileRef = 1820AE082B518D8C00BBA679 /* ゲームクリア.mp3 */; };
		1820AE172B518D8D00BBA679 /* 正解.mp3 in Resources */ = {isa = PBXBuildFile; fileRef = 1820AE092B518D8C00BBA679 /* 正解.mp3 */; };
		1820AE182B518D8D00BBA679 /* カウントダウン.mp3 in Resources */ = {isa = PBXBuildFile; fileRef = 1820AE0A2B518D8C00BBA679 /* カウントダウン.mp3 */; };
		1820AE192B518D8D00BBA679 /* 倒れる.mp3 in Resources */ = {isa = PBXBuildFile; fileRef = 1820AE0B2B518D8C00BBA679 /* 倒れる.mp3 */; };
		1820AE1A2B518D8D00BBA679 /* ゲームオーバー.mp3 in Resources */ = {isa = PBXBuildFile; fileRef = 1820AE0C2B518D8C00BBA679 /* ゲームオーバー.mp3 */; };
		1820AE1B2B518D8D00BBA679 /* おとも切り替え.mp3 in Resources */ = {isa = PBXBuildFile; fileRef = 1820AE0D2B518D8C00BBA679 /* おとも切り替え.mp3 */; };
		1820AE1D2B518D8D00BBA679 /* キャンセル.mp3 in Resources */ = {isa = PBXBuildFile; fileRef = 1820AE0F2B518D8D00BBA679 /* キャンセル.mp3 */; };
		1820AE1E2B518D8D00BBA679 /* soundKettei.mp3 in Resources */ = {isa = PBXBuildFile; fileRef = 1820AE102B518D8D00BBA679 /* soundKettei.mp3 */; };
		1820AE1F2B518D8D00BBA679 /* 不正解.mp3 in Resources */ = {isa = PBXBuildFile; fileRef = 1820AE112B518D8D00BBA679 /* 不正解.mp3 */; };
		1820AE202B518D8D00BBA679 /* 味方攻撃.mp3 in Resources */ = {isa = PBXBuildFile; fileRef = 1820AE122B518D8D00BBA679 /* 味方攻撃.mp3 */; };
		1820AE212B518D8D00BBA679 /* 敵攻撃.mp3 in Resources */ = {isa = PBXBuildFile; fileRef = 1820AE132B518D8D00BBA679 /* 敵攻撃.mp3 */; };
		1820AE222B518D8D00BBA679 /* ホームに戻る.mp3 in Resources */ = {isa = PBXBuildFile; fileRef = 1820AE142B518D8D00BBA679 /* ホームに戻る.mp3 */; };
		1820AE232B518D8D00BBA679 /* レベルアップ.mp3 in Resources */ = {isa = PBXBuildFile; fileRef = 1820AE152B518D8D00BBA679 /* レベルアップ.mp3 */; };
		1820AE282B518E4700BBA679 /* PrivacyView.swift in Sources */ = {isa = PBXBuildFile; fileRef = 1820AE262B518E4700BBA679 /* PrivacyView.swift */; };
		1820AE292B518E4700BBA679 /* TermsOfServiceView.swift in Sources */ = {isa = PBXBuildFile; fileRef = 1820AE272B518E4700BBA679 /* TermsOfServiceView.swift */; };
		1832115B2B9C750D0064F10A /* ManagerListView.swift in Sources */ = {isa = PBXBuildFile; fileRef = 1832115A2B9C750D0064F10A /* ManagerListView.swift */; };
		1832115D2B9C88E80064F10A /* ITManagerListView.swift in Sources */ = {isa = PBXBuildFile; fileRef = 1832115C2B9C88E80064F10A /* ITManagerListView.swift */; };
		1832115F2B9C9E1D0064F10A /* InfoManagerListView.swift in Sources */ = {isa = PBXBuildFile; fileRef = 1832115E2B9C9E1D0064F10A /* InfoManagerListView.swift */; };
		183211612B9CA0420064F10A /* AppliedManagerListView.swift in Sources */ = {isa = PBXBuildFile; fileRef = 183211602B9CA0420064F10A /* AppliedManagerListView.swift */; };
		183211632B9CB7B60064F10A /* QuizITStrategyListView.swift in Sources */ = {isa = PBXBuildFile; fileRef = 183211622B9CB7B60064F10A /* QuizITStrategyListView.swift */; };
		183211652B9CB7DF0064F10A /* QuizInfoStrategyListView.swift in Sources */ = {isa = PBXBuildFile; fileRef = 183211642B9CB7DF0064F10A /* QuizInfoStrategyListView.swift */; };
		183211672B9CB7F00064F10A /* QuizAppliedStrategyListView.swift in Sources */ = {isa = PBXBuildFile; fileRef = 183211662B9CB7F00064F10A /* QuizAppliedStrategyListView.swift */; };
		183211692B9CB8130064F10A /* QuizITTechnologyListView.swift in Sources */ = {isa = PBXBuildFile; fileRef = 183211682B9CB8130064F10A /* QuizITTechnologyListView.swift */; };
		1832116B2B9CB81D0064F10A /* QuizInfoTechnologyListView.swift in Sources */ = {isa = PBXBuildFile; fileRef = 1832116A2B9CB81D0064F10A /* QuizInfoTechnologyListView.swift */; };
		1832116D2B9CB82E0064F10A /* QuizAppliedTechnologyListView.swift in Sources */ = {isa = PBXBuildFile; fileRef = 1832116C2B9CB82E0064F10A /* QuizAppliedTechnologyListView.swift */; };
		1832116F2B9CB8570064F10A /* QuizITManagementListView.swift in Sources */ = {isa = PBXBuildFile; fileRef = 1832116E2B9CB8570064F10A /* QuizITManagementListView.swift */; };
		183211712B9CB87D0064F10A /* QuizInfoManagementListView.swift in Sources */ = {isa = PBXBuildFile; fileRef = 183211702B9CB87D0064F10A /* QuizInfoManagementListView.swift */; };
		183211732B9CB8990064F10A /* QuizAppliedManagementListView.swift in Sources */ = {isa = PBXBuildFile; fileRef = 183211722B9CB8990064F10A /* QuizAppliedManagementListView.swift */; };
		183211752B9DB3880064F10A /* PentagonITShape.swift in Sources */ = {isa = PBXBuildFile; fileRef = 183211742B9DB3880064F10A /* PentagonITShape.swift */; };
		183211772B9DBCA30064F10A /* PentagonInfoShape.swift in Sources */ = {isa = PBXBuildFile; fileRef = 183211762B9DBCA30064F10A /* PentagonInfoShape.swift */; };
		183211792B9DBE4E0064F10A /* PentagonAppliedShape.swift in Sources */ = {isa = PBXBuildFile; fileRef = 183211782B9DBE4E0064F10A /* PentagonAppliedShape.swift */; };
		1832117B2B9DC0280064F10A /* PentagonManagerView.swift in Sources */ = {isa = PBXBuildFile; fileRef = 1832117A2B9DC0280064F10A /* PentagonManagerView.swift */; };
		1832117D2B9DD20E0064F10A /* ManagerListTabView.swift in Sources */ = {isa = PBXBuildFile; fileRef = 1832117C2B9DD20E0064F10A /* ManagerListTabView.swift */; };
		1832117F2B9DD4B80064F10A /* QuizITIncorrectAnswerListView.swift in Sources */ = {isa = PBXBuildFile; fileRef = 1832117E2B9DD4B80064F10A /* QuizITIncorrectAnswerListView.swift */; };
		183211812B9DD4F80064F10A /* QuizInfoIncorrectAnswerListView.swift in Sources */ = {isa = PBXBuildFile; fileRef = 183211802B9DD4F80064F10A /* QuizInfoIncorrectAnswerListView.swift */; };
		183211832B9DD54A0064F10A /* QuizAppliedIncorrectAnswerListView.swift in Sources */ = {isa = PBXBuildFile; fileRef = 183211822B9DD54A0064F10A /* QuizAppliedIncorrectAnswerListView.swift */; };
		183211852BA0138E0064F10A /* QuizITBasicListView.swift in Sources */ = {isa = PBXBuildFile; fileRef = 183211842BA0138E0064F10A /* QuizITBasicListView.swift */; };
		183211872BA013EC0064F10A /* QuizInfoBasicListView.swift in Sources */ = {isa = PBXBuildFile; fileRef = 183211862BA013EC0064F10A /* QuizInfoBasicListView.swift */; };
		183211892BA0142D0064F10A /* QuizAppliedBasicListView.swift in Sources */ = {isa = PBXBuildFile; fileRef = 183211882BA0142D0064F10A /* QuizAppliedBasicListView.swift */; };
		1852AA152BA84DEF0022BD75 /* RankMatchHelpView.swift in Sources */ = {isa = PBXBuildFile; fileRef = 1852AA142BA84DEF0022BD75 /* RankMatchHelpView.swift */; };
		1867D3B22B8844790021ED5D /* ContactView.swift in Sources */ = {isa = PBXBuildFile; fileRef = 1867D3B12B8844790021ED5D /* ContactView.swift */; };
		1867D3B42B8847E60021ED5D /* HelpModalView.swift in Sources */ = {isa = PBXBuildFile; fileRef = 1867D3B32B8847E60021ED5D /* HelpModalView.swift */; };
		186C39AA2B70B576007F625E /* StoreKitView.swift in Sources */ = {isa = PBXBuildFile; fileRef = 186C39A92B70B576007F625E /* StoreKitView.swift */; };
		186C39AC2B71235B007F625E /* CoinModalView.swift in Sources */ = {isa = PBXBuildFile; fileRef = 186C39AB2B71235B007F625E /* CoinModalView.swift */; };
		189F82C42BA4689D00C0247A /* RankMatchListView.swift in Sources */ = {isa = PBXBuildFile; fileRef = 189F82C32BA4689D00C0247A /* RankMatchListView.swift */; };
		189F82C62BA549AC00C0247A /* RankMatchQuizView.swift in Sources */ = {isa = PBXBuildFile; fileRef = 189F82C52BA549AC00C0247A /* RankMatchQuizView.swift */; };
		189F82C82BA550E100C0247A /* RankMatchQuizListView.swift in Sources */ = {isa = PBXBuildFile; fileRef = 189F82C72BA550E100C0247A /* RankMatchQuizListView.swift */; };
		189F82CA2BA5B56000C0247A /* RankMatchQuizResultView.swift in Sources */ = {isa = PBXBuildFile; fileRef = 189F82C92BA5B56000C0247A /* RankMatchQuizResultView.swift */; };
		18A5A4B42B7C6918009EFAB6 /* Test.swift in Sources */ = {isa = PBXBuildFile; fileRef = 18A5A4B32B7C6918009EFAB6 /* Test.swift */; };
		18A5A4B62B7C6A0D009EFAB6 /* TestAnimationView.swift in Sources */ = {isa = PBXBuildFile; fileRef = 18A5A4B52B7C6A0D009EFAB6 /* TestAnimationView.swift */; };
		18A5A4B82B7C728C009EFAB6 /* TestModalView.swift in Sources */ = {isa = PBXBuildFile; fileRef = 18A5A4B72B7C728C009EFAB6 /* TestModalView.swift */; };
		18A5A4BC2B7C859C009EFAB6 /* QuizBeginnerStoryView.swift in Sources */ = {isa = PBXBuildFile; fileRef = 18A5A4BB2B7C859C009EFAB6 /* QuizBeginnerStoryView.swift */; };
		18A5A4BE2B7C864E009EFAB6 /* QuizIntermediateStoryList.swift in Sources */ = {isa = PBXBuildFile; fileRef = 18A5A4BD2B7C864E009EFAB6 /* QuizIntermediateStoryList.swift */; };
		18BD10B62B6B5DEE00ABB28F /* 称号.mp3 in Resources */ = {isa = PBXBuildFile; fileRef = 18BD10B52B6B5DEE00ABB28F /* 称号.mp3 */; };
		18BD10B82B6B601500ABB28F /* sound.mp3 in Resources */ = {isa = PBXBuildFile; fileRef = 18BD10B72B6B601500ABB28F /* sound.mp3 */; };
		18E818532B595C0800595669 /* QuizManagerTabView.swift in Sources */ = {isa = PBXBuildFile; fileRef = 18E818522B595C0800595669 /* QuizManagerTabView.swift */; };
		18E818572B5EBDFC00595669 /* RewardTimesModal.swift in Sources */ = {isa = PBXBuildFile; fileRef = 18E818562B5EBDFC00595669 /* RewardTimesModal.swift */; };
		18EA883E2B8C48AE00067FE7 /* SubModalView.swift in Sources */ = {isa = PBXBuildFile; fileRef = 18EA883D2B8C48AE00067FE7 /* SubModalView.swift */; };
		18F95C462B51AB7200F8DBBB /* TittlesView.swift in Sources */ = {isa = PBXBuildFile; fileRef = 18F95C452B51AB7200F8DBBB /* TittlesView.swift */; };
		18F95C482B51AB7800F8DBBB /* ContentView.swift in Sources */ = {isa = PBXBuildFile; fileRef = 18F95C472B51AB7800F8DBBB /* ContentView.swift */; };
		260000022AB5EEC900342CAE /* QuizBeginnerList.swift in Sources */ = {isa = PBXBuildFile; fileRef = 260000012AB5EEC900342CAE /* QuizBeginnerList.swift */; };
		26071BF42B2B4BC60012B836 /* ModalExplanationView.swift in Sources */ = {isa = PBXBuildFile; fileRef = 26071BF32B2B4BC60012B836 /* ModalExplanationView.swift */; };
		260B56172ACB1CA200E7785C /* SpotlightView.swift in Sources */ = {isa = PBXBuildFile; fileRef = 260B56162ACB1CA200E7785C /* SpotlightView.swift */; };
		260B56192ACB1CBE00E7785C /* SpotlightView1.swift in Sources */ = {isa = PBXBuildFile; fileRef = 260B56182ACB1CBE00E7785C /* SpotlightView1.swift */; };
		260E44132AB572DC00FBB487 /* itApp.swift in Sources */ = {isa = PBXBuildFile; fileRef = 260E44122AB572DC00FBB487 /* itApp.swift */; };
		260E44172AB572DE00FBB487 /* Assets.xcassets in Resources */ = {isa = PBXBuildFile; fileRef = 260E44162AB572DE00FBB487 /* Assets.xcassets */; };
		260E441A2AB572DE00FBB487 /* Preview Assets.xcassets in Resources */ = {isa = PBXBuildFile; fileRef = 260E44192AB572DE00FBB487 /* Preview Assets.xcassets */; };
		260E44212AB5958300FBB487 /* GoogleService-Info.plist in Resources */ = {isa = PBXBuildFile; fileRef = 260E44202AB5958300FBB487 /* GoogleService-Info.plist */; };
		260E44232AB5963A00FBB487 /* AuthManager.swift in Sources */ = {isa = PBXBuildFile; fileRef = 260E44222AB5963A00FBB487 /* AuthManager.swift */; };
		260E44252AB59A7900FBB487 /* QuizView.swift in Sources */ = {isa = PBXBuildFile; fileRef = 260E44242AB59A7900FBB487 /* QuizView.swift */; };
		261387022B3D5819003495AB /* QuizIncorrectAnswerListView.swift in Sources */ = {isa = PBXBuildFile; fileRef = 261387012B3D5819003495AB /* QuizIncorrectAnswerListView.swift */; };
		261387042B3D7E14003495AB /* ModalReturnView.swift in Sources */ = {isa = PBXBuildFile; fileRef = 261387032B3D7E14003495AB /* ModalReturnView.swift */; };
		26266B292B4A5179007B5964 /* AppVersionMonitorSwiftUI in Frameworks */ = {isa = PBXBuildFile; productRef = 26266B282B4A5179007B5964 /* AppVersionMonitorSwiftUI */; };
		26266B2B2B4A527F007B5964 /* ModalTitleView.swift in Sources */ = {isa = PBXBuildFile; fileRef = 26266B2A2B4A527F007B5964 /* ModalTitleView.swift */; };
		26266B2D2B4A5395007B5964 /* GraphManagerView.swift in Sources */ = {isa = PBXBuildFile; fileRef = 26266B2C2B4A5395007B5964 /* GraphManagerView.swift */; };
		26266B2F2B4A53F8007B5964 /* BarChartView.swift in Sources */ = {isa = PBXBuildFile; fileRef = 26266B2E2B4A53F8007B5964 /* BarChartView.swift */; };
		26266B352B4A5802007B5964 /* Charts.framework in Frameworks */ = {isa = PBXBuildFile; fileRef = 26266B342B4A5802007B5964 /* Charts.framework */; };
		262F0FEE2B178F03004C0C47 /* Banner.swift in Sources */ = {isa = PBXBuildFile; fileRef = 262F0FED2B178F02004C0C47 /* Banner.swift */; };
		262F0FF02B18B6C8004C0C47 /* PentagonShape.swift in Sources */ = {isa = PBXBuildFile; fileRef = 262F0FEF2B18B6C8004C0C47 /* PentagonShape.swift */; };
		262F0FF22B18C72A004C0C47 /* RateManager.swift in Sources */ = {isa = PBXBuildFile; fileRef = 262F0FF12B18C72A004C0C47 /* RateManager.swift */; };
		262F0FF42B1ADB85004C0C47 /* StoreKit.framework in Frameworks */ = {isa = PBXBuildFile; fileRef = 262F0FF32B1ADB85004C0C47 /* StoreKit.framework */; };
		262F0FF62B1ADBC5004C0C47 /* SubscriptionView.swift in Sources */ = {isa = PBXBuildFile; fileRef = 262F0FF52B1ADBC5004C0C47 /* SubscriptionView.swift */; };
		263C6AC32AFD1DC400564FF2 /* RareGachaView.swift in Sources */ = {isa = PBXBuildFile; fileRef = 263C6AC22AFD1DC300564FF2 /* RareGachaView.swift */; };
		2641992C2AC2572F002013B9 /* AvatarListView.swift in Sources */ = {isa = PBXBuildFile; fileRef = 2641992B2AC2572F002013B9 /* AvatarListView.swift */; };
		264552092ADC085200827D42 /* TimerView.swift in Sources */ = {isa = PBXBuildFile; fileRef = 264552082ADC085200827D42 /* TimerView.swift */; };
		264F19152AF2824700B6FB10 /* RankingView.swift in Sources */ = {isa = PBXBuildFile; fileRef = 264F19142AF2824700B6FB10 /* RankingView.swift */; };
		264F19172AF3B1A900B6FB10 /* RewardModalView.swift in Sources */ = {isa = PBXBuildFile; fileRef = 264F19162AF3B1A900B6FB10 /* RewardModalView.swift */; };
		2650137F2B3FE04B006B81D6 /* HelpView1.swift in Sources */ = {isa = PBXBuildFile; fileRef = 2650137E2B3FE04B006B81D6 /* HelpView1.swift */; };
		265FA3932AF5502200F3E0EF /* TimeBeginnerList.swift in Sources */ = {isa = PBXBuildFile; fileRef = 265FA3922AF5502200F3E0EF /* TimeBeginnerList.swift */; };
		265FA3952AF5FEF600F3E0EF /* TimeIntermediateList.swift in Sources */ = {isa = PBXBuildFile; fileRef = 265FA3942AF5FEF600F3E0EF /* TimeIntermediateList.swift */; };
		265FA3972AF6543B00F3E0EF /* QuizManagerTimerView.swift in Sources */ = {isa = PBXBuildFile; fileRef = 265FA3962AF6543B00F3E0EF /* QuizManagerTimerView.swift */; };
		265FA3992AF672BB00F3E0EF /* TimeAdvancedList.swift in Sources */ = {isa = PBXBuildFile; fileRef = 265FA3982AF672BB00F3E0EF /* TimeAdvancedList.swift */; };
		266A07282AC6E10200B85D4E /* ProgressBar3.swift in Sources */ = {isa = PBXBuildFile; fileRef = 266A07272AC6E10200B85D4E /* ProgressBar3.swift */; };
		266A072A2AC6FBC800B85D4E /* AnswerSelectionView.swift in Sources */ = {isa = PBXBuildFile; fileRef = 266A07292AC6FBC800B85D4E /* AnswerSelectionView.swift */; };
		267283132AFA84C600549219 /* IllustratedView.swift in Sources */ = {isa = PBXBuildFile; fileRef = 267283122AFA84C600549219 /* IllustratedView.swift */; };
		267743662B16371800043010 /* Interstitial.swift in Sources */ = {isa = PBXBuildFile; fileRef = 267743652B16371800043010 /* Interstitial.swift */; };
		267743682B16FFAB00043010 /* QuizHtmlCssView.swift in Sources */ = {isa = PBXBuildFile; fileRef = 267743672B16FFAB00043010 /* QuizHtmlCssView.swift */; };
		267E70902AD6FD0200EA7AA2 /* LoadingView.swift in Sources */ = {isa = PBXBuildFile; fileRef = 267E708F2AD6FD0200EA7AA2 /* LoadingView.swift */; };
		268C3B9B2ABCA63300282BEE /* QuizAdvancedList.swift in Sources */ = {isa = PBXBuildFile; fileRef = 268C3B9A2ABCA63200282BEE /* QuizAdvancedList.swift */; };
		268C3B9D2ABCA95D00282BEE /* QuizNetworkList.swift in Sources */ = {isa = PBXBuildFile; fileRef = 268C3B9C2ABCA95D00282BEE /* QuizNetworkList.swift */; };
		269304562AD061F000982840 /* QuizDatabaseList.swift in Sources */ = {isa = PBXBuildFile; fileRef = 269304552AD061F000982840 /* QuizDatabaseList.swift */; };
		269A87882AB7757C00F33C9E /* QuizResultView.swift in Sources */ = {isa = PBXBuildFile; fileRef = 269A87872AB7757C00F33C9E /* QuizResultView.swift */; };
		269A878A2AB86FC900F33C9E /* GachaView.swift in Sources */ = {isa = PBXBuildFile; fileRef = 269A87892AB86FC900F33C9E /* GachaView.swift */; };
		269A878C2AB873CC00F33C9E /* GachaAnimationView.swift in Sources */ = {isa = PBXBuildFile; fileRef = 269A878B2AB873CC00F33C9E /* GachaAnimationView.swift */; };
		269A878E2AB87CBA00F33C9E /* MemoView.swift in Sources */ = {isa = PBXBuildFile; fileRef = 269A878D2AB87CBA00F33C9E /* MemoView.swift */; };
		269B1C312ADAE43500C3E82B /* QuizDailyList.swift in Sources */ = {isa = PBXBuildFile; fileRef = 269B1C302ADAE43500C3E82B /* QuizDailyList.swift */; };
		269D44E22AB60D6800CAA91A /* SignUp.swift in Sources */ = {isa = PBXBuildFile; fileRef = 269D44E12AB60D6800CAA91A /* SignUp.swift */; };
		26A026DE2ABDD1EB00119F2B /* TopView.swift in Sources */ = {isa = PBXBuildFile; fileRef = 26A026DD2ABDD1EA00119F2B /* TopView.swift */; };
		26A026EC2ABF16E600119F2B /* AudioManager.swift in Sources */ = {isa = PBXBuildFile; fileRef = 26A026EB2ABF16E600119F2B /* AudioManager.swift */; };
		26A25D4C2AB9613A006B368F /* AVKit.framework in Frameworks */ = {isa = PBXBuildFile; fileRef = 26A25D4B2AB9613A006B368F /* AVKit.framework */; };
		26A25D4E2AB99235006B368F /* QuizIntermediateList.swift in Sources */ = {isa = PBXBuildFile; fileRef = 26A25D4D2AB99235006B368F /* QuizIntermediateList.swift */; };
		26A25D502AB9FB1A006B368F /* TitleListView.swift in Sources */ = {isa = PBXBuildFile; fileRef = 26A25D4F2AB9FB1A006B368F /* TitleListView.swift */; };
		26A25D522ABAFD82006B368F /* QuizManagerView.swift in Sources */ = {isa = PBXBuildFile; fileRef = 26A25D512ABAFD82006B368F /* QuizManagerView.swift */; };
		26AA130C2ACD74660035F5F4 /* ModalView.swift in Sources */ = {isa = PBXBuildFile; fileRef = 26AA130B2ACD74660035F5F4 /* ModalView.swift */; };
		26AA13162AD019BD0035F5F4 /* QuizSecurityList.swift in Sources */ = {isa = PBXBuildFile; fileRef = 26AA13152AD019BD0035F5F4 /* QuizSecurityList.swift */; };
		26ADE3422ADC382F009BDF48 /* SettingView.swift in Sources */ = {isa = PBXBuildFile; fileRef = 26ADE3412ADC382F009BDF48 /* SettingView.swift */; };
		26B5BEF42AB6CFA600056E79 /* RootView.swift in Sources */ = {isa = PBXBuildFile; fileRef = 26B5BEF32AB6CFA600056E79 /* RootView.swift */; };
		26B9BA1D2AEFDEFD00AC7C40 /* RewardView.swift in Sources */ = {isa = PBXBuildFile; fileRef = 26B9BA1C2AEFDEFD00AC7C40 /* RewardView.swift */; };
		26B9BA1F2AF0091C00AC7C40 /* QuizGodList.swift in Sources */ = {isa = PBXBuildFile; fileRef = 26B9BA1E2AF0091C00AC7C40 /* QuizGodList.swift */; };
		26B9BA232AF2647300AC7C40 /* LoginModalView.swift in Sources */ = {isa = PBXBuildFile; fileRef = 26B9BA222AF2647300AC7C40 /* LoginModalView.swift */; };
		26D0C36E2AFE6F0600C6AF07 /* GachaManagerView.swift in Sources */ = {isa = PBXBuildFile; fileRef = 26D0C36D2AFE6F0500C6AF07 /* GachaManagerView.swift */; };
		26F0EC2E2B1E870900A3E36D /* QuizJavaScriptView.swift in Sources */ = {isa = PBXBuildFile; fileRef = 26F0EC2D2B1E870900A3E36D /* QuizJavaScriptView.swift */; };
		C8F554E40B680EB8A1C24C06 /* Pods_it.framework in Frameworks */ = {isa = PBXBuildFile; fileRef = 3BE1BE04EB473B78D8573F93 /* Pods_it.framework */; };
/* End PBXBuildFile section */

/* Begin PBXFileReference section */
		1820AE082B518D8C00BBA679 /* ゲームクリア.mp3 */ = {isa = PBXFileReference; lastKnownFileType = audio.mp3; name = "ゲームクリア.mp3"; path = "../../../Downloads/it 効果音/ゲームクリア.mp3"; sourceTree = "<group>"; };
		1820AE092B518D8C00BBA679 /* 正解.mp3 */ = {isa = PBXFileReference; lastKnownFileType = audio.mp3; name = "正解.mp3"; path = "../../../Downloads/it 効果音/正解.mp3"; sourceTree = "<group>"; };
		1820AE0A2B518D8C00BBA679 /* カウントダウン.mp3 */ = {isa = PBXFileReference; lastKnownFileType = audio.mp3; name = "カウントダウン.mp3"; path = "../../../Downloads/it 効果音/カウントダウン.mp3"; sourceTree = "<group>"; };
		1820AE0B2B518D8C00BBA679 /* 倒れる.mp3 */ = {isa = PBXFileReference; lastKnownFileType = audio.mp3; name = "倒れる.mp3"; path = "../../../Downloads/it 効果音/倒れる.mp3"; sourceTree = "<group>"; };
		1820AE0C2B518D8C00BBA679 /* ゲームオーバー.mp3 */ = {isa = PBXFileReference; lastKnownFileType = audio.mp3; name = "ゲームオーバー.mp3"; path = "../../../Downloads/it 効果音/ゲームオーバー.mp3"; sourceTree = "<group>"; };
		1820AE0D2B518D8C00BBA679 /* おとも切り替え.mp3 */ = {isa = PBXFileReference; lastKnownFileType = audio.mp3; name = "おとも切り替え.mp3"; path = "../../../Downloads/it 効果音/おとも切り替え.mp3"; sourceTree = "<group>"; };
		1820AE0F2B518D8D00BBA679 /* キャンセル.mp3 */ = {isa = PBXFileReference; lastKnownFileType = audio.mp3; name = "キャンセル.mp3"; path = "../../../Downloads/it 効果音/キャンセル.mp3"; sourceTree = "<group>"; };
		1820AE102B518D8D00BBA679 /* soundKettei.mp3 */ = {isa = PBXFileReference; lastKnownFileType = audio.mp3; name = soundKettei.mp3; path = "../../../Downloads/it 効果音/soundKettei.mp3"; sourceTree = "<group>"; };
		1820AE112B518D8D00BBA679 /* 不正解.mp3 */ = {isa = PBXFileReference; lastKnownFileType = audio.mp3; name = "不正解.mp3"; path = "../../../Downloads/it 効果音/不正解.mp3"; sourceTree = "<group>"; };
		1820AE122B518D8D00BBA679 /* 味方攻撃.mp3 */ = {isa = PBXFileReference; lastKnownFileType = audio.mp3; name = "味方攻撃.mp3"; path = "../../../Downloads/it 効果音/味方攻撃.mp3"; sourceTree = "<group>"; };
		1820AE132B518D8D00BBA679 /* 敵攻撃.mp3 */ = {isa = PBXFileReference; lastKnownFileType = audio.mp3; name = "敵攻撃.mp3"; path = "../../../Downloads/it 効果音/敵攻撃.mp3"; sourceTree = "<group>"; };
		1820AE142B518D8D00BBA679 /* ホームに戻る.mp3 */ = {isa = PBXFileReference; lastKnownFileType = audio.mp3; name = "ホームに戻る.mp3"; path = "../../../Downloads/it 効果音/ホームに戻る.mp3"; sourceTree = "<group>"; };
		1820AE152B518D8D00BBA679 /* レベルアップ.mp3 */ = {isa = PBXFileReference; lastKnownFileType = audio.mp3; name = "レベルアップ.mp3"; path = "../../../Downloads/it 効果音/レベルアップ.mp3"; sourceTree = "<group>"; };
		1820AE262B518E4700BBA679 /* PrivacyView.swift */ = {isa = PBXFileReference; fileEncoding = 4; lastKnownFileType = sourcecode.swift; name = PrivacyView.swift; path = "../../名称未設定フォルダ/PrivacyView.swift"; sourceTree = "<group>"; };
		1820AE272B518E4700BBA679 /* TermsOfServiceView.swift */ = {isa = PBXFileReference; fileEncoding = 4; lastKnownFileType = sourcecode.swift; name = TermsOfServiceView.swift; path = "../../名称未設定フォルダ/TermsOfServiceView.swift"; sourceTree = "<group>"; };
		1832115A2B9C750D0064F10A /* ManagerListView.swift */ = {isa = PBXFileReference; lastKnownFileType = sourcecode.swift; path = ManagerListView.swift; sourceTree = "<group>"; };
		1832115C2B9C88E80064F10A /* ITManagerListView.swift */ = {isa = PBXFileReference; lastKnownFileType = sourcecode.swift; path = ITManagerListView.swift; sourceTree = "<group>"; };
		1832115E2B9C9E1D0064F10A /* InfoManagerListView.swift */ = {isa = PBXFileReference; lastKnownFileType = sourcecode.swift; path = InfoManagerListView.swift; sourceTree = "<group>"; };
		183211602B9CA0420064F10A /* AppliedManagerListView.swift */ = {isa = PBXFileReference; lastKnownFileType = sourcecode.swift; path = AppliedManagerListView.swift; sourceTree = "<group>"; };
		183211622B9CB7B60064F10A /* QuizITStrategyListView.swift */ = {isa = PBXFileReference; lastKnownFileType = sourcecode.swift; path = QuizITStrategyListView.swift; sourceTree = "<group>"; };
		183211642B9CB7DF0064F10A /* QuizInfoStrategyListView.swift */ = {isa = PBXFileReference; lastKnownFileType = sourcecode.swift; path = QuizInfoStrategyListView.swift; sourceTree = "<group>"; };
		183211662B9CB7F00064F10A /* QuizAppliedStrategyListView.swift */ = {isa = PBXFileReference; lastKnownFileType = sourcecode.swift; path = QuizAppliedStrategyListView.swift; sourceTree = "<group>"; };
		183211682B9CB8130064F10A /* QuizITTechnologyListView.swift */ = {isa = PBXFileReference; lastKnownFileType = sourcecode.swift; path = QuizITTechnologyListView.swift; sourceTree = "<group>"; };
		1832116A2B9CB81D0064F10A /* QuizInfoTechnologyListView.swift */ = {isa = PBXFileReference; lastKnownFileType = sourcecode.swift; path = QuizInfoTechnologyListView.swift; sourceTree = "<group>"; };
		1832116C2B9CB82E0064F10A /* QuizAppliedTechnologyListView.swift */ = {isa = PBXFileReference; lastKnownFileType = sourcecode.swift; path = QuizAppliedTechnologyListView.swift; sourceTree = "<group>"; };
		1832116E2B9CB8570064F10A /* QuizITManagementListView.swift */ = {isa = PBXFileReference; lastKnownFileType = sourcecode.swift; path = QuizITManagementListView.swift; sourceTree = "<group>"; };
		183211702B9CB87D0064F10A /* QuizInfoManagementListView.swift */ = {isa = PBXFileReference; lastKnownFileType = sourcecode.swift; path = QuizInfoManagementListView.swift; sourceTree = "<group>"; };
		183211722B9CB8990064F10A /* QuizAppliedManagementListView.swift */ = {isa = PBXFileReference; lastKnownFileType = sourcecode.swift; path = QuizAppliedManagementListView.swift; sourceTree = "<group>"; };
		183211742B9DB3880064F10A /* PentagonITShape.swift */ = {isa = PBXFileReference; lastKnownFileType = sourcecode.swift; path = PentagonITShape.swift; sourceTree = "<group>"; };
		183211762B9DBCA30064F10A /* PentagonInfoShape.swift */ = {isa = PBXFileReference; lastKnownFileType = sourcecode.swift; path = PentagonInfoShape.swift; sourceTree = "<group>"; };
		183211782B9DBE4E0064F10A /* PentagonAppliedShape.swift */ = {isa = PBXFileReference; lastKnownFileType = sourcecode.swift; path = PentagonAppliedShape.swift; sourceTree = "<group>"; };
		1832117A2B9DC0280064F10A /* PentagonManagerView.swift */ = {isa = PBXFileReference; lastKnownFileType = sourcecode.swift; path = PentagonManagerView.swift; sourceTree = "<group>"; };
		1832117C2B9DD20E0064F10A /* ManagerListTabView.swift */ = {isa = PBXFileReference; lastKnownFileType = sourcecode.swift; path = ManagerListTabView.swift; sourceTree = "<group>"; };
		1832117E2B9DD4B80064F10A /* QuizITIncorrectAnswerListView.swift */ = {isa = PBXFileReference; lastKnownFileType = sourcecode.swift; path = QuizITIncorrectAnswerListView.swift; sourceTree = "<group>"; };
		183211802B9DD4F80064F10A /* QuizInfoIncorrectAnswerListView.swift */ = {isa = PBXFileReference; lastKnownFileType = sourcecode.swift; path = QuizInfoIncorrectAnswerListView.swift; sourceTree = "<group>"; };
		183211822B9DD54A0064F10A /* QuizAppliedIncorrectAnswerListView.swift */ = {isa = PBXFileReference; lastKnownFileType = sourcecode.swift; path = QuizAppliedIncorrectAnswerListView.swift; sourceTree = "<group>"; };
		183211842BA0138E0064F10A /* QuizITBasicListView.swift */ = {isa = PBXFileReference; lastKnownFileType = sourcecode.swift; path = QuizITBasicListView.swift; sourceTree = "<group>"; };
		183211862BA013EC0064F10A /* QuizInfoBasicListView.swift */ = {isa = PBXFileReference; lastKnownFileType = sourcecode.swift; path = QuizInfoBasicListView.swift; sourceTree = "<group>"; };
		183211882BA0142D0064F10A /* QuizAppliedBasicListView.swift */ = {isa = PBXFileReference; lastKnownFileType = sourcecode.swift; path = QuizAppliedBasicListView.swift; sourceTree = "<group>"; };
		1852AA142BA84DEF0022BD75 /* RankMatchHelpView.swift */ = {isa = PBXFileReference; lastKnownFileType = sourcecode.swift; path = RankMatchHelpView.swift; sourceTree = "<group>"; };
		1867D3B12B8844790021ED5D /* ContactView.swift */ = {isa = PBXFileReference; lastKnownFileType = sourcecode.swift; path = ContactView.swift; sourceTree = "<group>"; };
		1867D3B32B8847E60021ED5D /* HelpModalView.swift */ = {isa = PBXFileReference; lastKnownFileType = sourcecode.swift; path = HelpModalView.swift; sourceTree = "<group>"; };
		186C39A82B70B3B7007F625E /* StoreKit.storekit */ = {isa = PBXFileReference; lastKnownFileType = text; path = StoreKit.storekit; sourceTree = "<group>"; };
		186C39A92B70B576007F625E /* StoreKitView.swift */ = {isa = PBXFileReference; lastKnownFileType = sourcecode.swift; path = StoreKitView.swift; sourceTree = "<group>"; };
		186C39AB2B71235B007F625E /* CoinModalView.swift */ = {isa = PBXFileReference; lastKnownFileType = sourcecode.swift; path = CoinModalView.swift; sourceTree = "<group>"; };
		186C39AD2B71D2B3007F625E /* it.entitlements */ = {isa = PBXFileReference; lastKnownFileType = text.plist.entitlements; path = it.entitlements; sourceTree = "<group>"; };
		189F82C32BA4689D00C0247A /* RankMatchListView.swift */ = {isa = PBXFileReference; lastKnownFileType = sourcecode.swift; path = RankMatchListView.swift; sourceTree = "<group>"; };
		189F82C52BA549AC00C0247A /* RankMatchQuizView.swift */ = {isa = PBXFileReference; lastKnownFileType = sourcecode.swift; path = RankMatchQuizView.swift; sourceTree = "<group>"; };
		189F82C72BA550E100C0247A /* RankMatchQuizListView.swift */ = {isa = PBXFileReference; lastKnownFileType = sourcecode.swift; path = RankMatchQuizListView.swift; sourceTree = "<group>"; };
		189F82C92BA5B56000C0247A /* RankMatchQuizResultView.swift */ = {isa = PBXFileReference; lastKnownFileType = sourcecode.swift; path = RankMatchQuizResultView.swift; sourceTree = "<group>"; };
		18A5A4B32B7C6918009EFAB6 /* Test.swift */ = {isa = PBXFileReference; lastKnownFileType = sourcecode.swift; path = Test.swift; sourceTree = "<group>"; };
		18A5A4B52B7C6A0D009EFAB6 /* TestAnimationView.swift */ = {isa = PBXFileReference; lastKnownFileType = sourcecode.swift; path = TestAnimationView.swift; sourceTree = "<group>"; };
		18A5A4B72B7C728C009EFAB6 /* TestModalView.swift */ = {isa = PBXFileReference; lastKnownFileType = sourcecode.swift; path = TestModalView.swift; sourceTree = "<group>"; };
		18A5A4BB2B7C859C009EFAB6 /* QuizBeginnerStoryView.swift */ = {isa = PBXFileReference; lastKnownFileType = sourcecode.swift; path = QuizBeginnerStoryView.swift; sourceTree = "<group>"; };
		18A5A4BD2B7C864E009EFAB6 /* QuizIntermediateStoryList.swift */ = {isa = PBXFileReference; lastKnownFileType = sourcecode.swift; path = QuizIntermediateStoryList.swift; sourceTree = "<group>"; };
		18BD10B52B6B5DEE00ABB28F /* 称号.mp3 */ = {isa = PBXFileReference; lastKnownFileType = audio.mp3; name = "称号.mp3"; path = "../../../Downloads/称号.mp3"; sourceTree = "<group>"; };
		18BD10B72B6B601500ABB28F /* sound.mp3 */ = {isa = PBXFileReference; lastKnownFileType = audio.mp3; name = sound.mp3; path = ../../../Downloads/sound.mp3; sourceTree = "<group>"; };
		18E818522B595C0800595669 /* QuizManagerTabView.swift */ = {isa = PBXFileReference; lastKnownFileType = sourcecode.swift; path = QuizManagerTabView.swift; sourceTree = "<group>"; };
		18E818562B5EBDFC00595669 /* RewardTimesModal.swift */ = {isa = PBXFileReference; lastKnownFileType = sourcecode.swift; path = RewardTimesModal.swift; sourceTree = "<group>"; };
		18EA883D2B8C48AE00067FE7 /* SubModalView.swift */ = {isa = PBXFileReference; lastKnownFileType = sourcecode.swift; path = SubModalView.swift; sourceTree = "<group>"; };
		18F95C452B51AB7200F8DBBB /* TittlesView.swift */ = {isa = PBXFileReference; fileEncoding = 4; lastKnownFileType = sourcecode.swift; name = TittlesView.swift; path = ../../../Downloads/TittlesView.swift; sourceTree = "<group>"; };
		18F95C472B51AB7800F8DBBB /* ContentView.swift */ = {isa = PBXFileReference; fileEncoding = 4; lastKnownFileType = sourcecode.swift; name = ContentView.swift; path = ../../../Downloads/ContentView.swift; sourceTree = "<group>"; };
		260000012AB5EEC900342CAE /* QuizBeginnerList.swift */ = {isa = PBXFileReference; lastKnownFileType = sourcecode.swift; path = QuizBeginnerList.swift; sourceTree = "<group>"; };
		26071BF32B2B4BC60012B836 /* ModalExplanationView.swift */ = {isa = PBXFileReference; lastKnownFileType = sourcecode.swift; path = ModalExplanationView.swift; sourceTree = "<group>"; };
		260B56162ACB1CA200E7785C /* SpotlightView.swift */ = {isa = PBXFileReference; lastKnownFileType = sourcecode.swift; path = SpotlightView.swift; sourceTree = "<group>"; };
		260B56182ACB1CBE00E7785C /* SpotlightView1.swift */ = {isa = PBXFileReference; lastKnownFileType = sourcecode.swift; path = SpotlightView1.swift; sourceTree = "<group>"; };
		260E440F2AB572DC00FBB487 /* it.app */ = {isa = PBXFileReference; explicitFileType = wrapper.application; includeInIndex = 0; path = it.app; sourceTree = BUILT_PRODUCTS_DIR; };
		260E44122AB572DC00FBB487 /* itApp.swift */ = {isa = PBXFileReference; lastKnownFileType = sourcecode.swift; path = itApp.swift; sourceTree = "<group>"; };
		260E44162AB572DE00FBB487 /* Assets.xcassets */ = {isa = PBXFileReference; lastKnownFileType = folder.assetcatalog; path = Assets.xcassets; sourceTree = "<group>"; };
		260E44192AB572DE00FBB487 /* Preview Assets.xcassets */ = {isa = PBXFileReference; lastKnownFileType = folder.assetcatalog; path = "Preview Assets.xcassets"; sourceTree = "<group>"; };
		260E44202AB5958300FBB487 /* GoogleService-Info.plist */ = {isa = PBXFileReference; fileEncoding = 4; lastKnownFileType = text.plist.xml; path = "GoogleService-Info.plist"; sourceTree = "<group>"; };
		260E44222AB5963A00FBB487 /* AuthManager.swift */ = {isa = PBXFileReference; fileEncoding = 4; lastKnownFileType = sourcecode.swift; path = AuthManager.swift; sourceTree = "<group>"; };
		260E44242AB59A7900FBB487 /* QuizView.swift */ = {isa = PBXFileReference; lastKnownFileType = sourcecode.swift; path = QuizView.swift; sourceTree = "<group>"; };
		261387012B3D5819003495AB /* QuizIncorrectAnswerListView.swift */ = {isa = PBXFileReference; lastKnownFileType = sourcecode.swift; path = QuizIncorrectAnswerListView.swift; sourceTree = "<group>"; };
		261387032B3D7E14003495AB /* ModalReturnView.swift */ = {isa = PBXFileReference; lastKnownFileType = sourcecode.swift; path = ModalReturnView.swift; sourceTree = "<group>"; };
		26266B2A2B4A527F007B5964 /* ModalTitleView.swift */ = {isa = PBXFileReference; lastKnownFileType = sourcecode.swift; path = ModalTitleView.swift; sourceTree = "<group>"; };
		26266B2C2B4A5395007B5964 /* GraphManagerView.swift */ = {isa = PBXFileReference; lastKnownFileType = sourcecode.swift; path = GraphManagerView.swift; sourceTree = "<group>"; };
		26266B2E2B4A53F8007B5964 /* BarChartView.swift */ = {isa = PBXFileReference; lastKnownFileType = sourcecode.swift; path = BarChartView.swift; sourceTree = "<group>"; };
		26266B302B4A5428007B5964 /* Charts.framework */ = {isa = PBXFileReference; explicitFileType = wrapper.framework; path = Charts.framework; sourceTree = BUILT_PRODUCTS_DIR; };
		26266B342B4A5802007B5964 /* Charts.framework */ = {isa = PBXFileReference; lastKnownFileType = wrapper.framework; name = Charts.framework; path = System/Library/Frameworks/Charts.framework; sourceTree = SDKROOT; };
		262F0FED2B178F02004C0C47 /* Banner.swift */ = {isa = PBXFileReference; lastKnownFileType = sourcecode.swift; path = Banner.swift; sourceTree = "<group>"; };
		262F0FEF2B18B6C8004C0C47 /* PentagonShape.swift */ = {isa = PBXFileReference; lastKnownFileType = sourcecode.swift; path = PentagonShape.swift; sourceTree = "<group>"; };
		262F0FF12B18C72A004C0C47 /* RateManager.swift */ = {isa = PBXFileReference; lastKnownFileType = sourcecode.swift; path = RateManager.swift; sourceTree = "<group>"; };
		262F0FF32B1ADB85004C0C47 /* StoreKit.framework */ = {isa = PBXFileReference; lastKnownFileType = wrapper.framework; name = StoreKit.framework; path = System/Library/Frameworks/StoreKit.framework; sourceTree = SDKROOT; };
		262F0FF52B1ADBC5004C0C47 /* SubscriptionView.swift */ = {isa = PBXFileReference; lastKnownFileType = sourcecode.swift; path = SubscriptionView.swift; sourceTree = "<group>"; };
		263C6AC22AFD1DC300564FF2 /* RareGachaView.swift */ = {isa = PBXFileReference; lastKnownFileType = sourcecode.swift; path = RareGachaView.swift; sourceTree = "<group>"; };
		2641992B2AC2572F002013B9 /* AvatarListView.swift */ = {isa = PBXFileReference; lastKnownFileType = sourcecode.swift; path = AvatarListView.swift; sourceTree = "<group>"; };
		264552082ADC085200827D42 /* TimerView.swift */ = {isa = PBXFileReference; lastKnownFileType = sourcecode.swift; path = TimerView.swift; sourceTree = "<group>"; };
		264F19142AF2824700B6FB10 /* RankingView.swift */ = {isa = PBXFileReference; lastKnownFileType = sourcecode.swift; path = RankingView.swift; sourceTree = "<group>"; };
		264F19162AF3B1A900B6FB10 /* RewardModalView.swift */ = {isa = PBXFileReference; lastKnownFileType = sourcecode.swift; path = RewardModalView.swift; sourceTree = "<group>"; };
		2650137E2B3FE04B006B81D6 /* HelpView1.swift */ = {isa = PBXFileReference; lastKnownFileType = sourcecode.swift; path = HelpView1.swift; sourceTree = "<group>"; };
		265FA3922AF5502200F3E0EF /* TimeBeginnerList.swift */ = {isa = PBXFileReference; lastKnownFileType = sourcecode.swift; path = TimeBeginnerList.swift; sourceTree = "<group>"; };
		265FA3942AF5FEF600F3E0EF /* TimeIntermediateList.swift */ = {isa = PBXFileReference; lastKnownFileType = sourcecode.swift; path = TimeIntermediateList.swift; sourceTree = "<group>"; };
		265FA3962AF6543B00F3E0EF /* QuizManagerTimerView.swift */ = {isa = PBXFileReference; lastKnownFileType = sourcecode.swift; path = QuizManagerTimerView.swift; sourceTree = "<group>"; };
		265FA3982AF672BB00F3E0EF /* TimeAdvancedList.swift */ = {isa = PBXFileReference; lastKnownFileType = sourcecode.swift; path = TimeAdvancedList.swift; sourceTree = "<group>"; };
		266A07272AC6E10200B85D4E /* ProgressBar3.swift */ = {isa = PBXFileReference; lastKnownFileType = sourcecode.swift; path = ProgressBar3.swift; sourceTree = "<group>"; };
		266A07292AC6FBC800B85D4E /* AnswerSelectionView.swift */ = {isa = PBXFileReference; lastKnownFileType = sourcecode.swift; path = AnswerSelectionView.swift; sourceTree = "<group>"; };
		267283122AFA84C600549219 /* IllustratedView.swift */ = {isa = PBXFileReference; lastKnownFileType = sourcecode.swift; path = IllustratedView.swift; sourceTree = "<group>"; };
		267743652B16371800043010 /* Interstitial.swift */ = {isa = PBXFileReference; lastKnownFileType = sourcecode.swift; path = Interstitial.swift; sourceTree = "<group>"; };
		267743672B16FFAB00043010 /* QuizHtmlCssView.swift */ = {isa = PBXFileReference; lastKnownFileType = sourcecode.swift; path = QuizHtmlCssView.swift; sourceTree = "<group>"; };
		267E708A2AD5ACDF00EA7AA2 /* Info.plist */ = {isa = PBXFileReference; lastKnownFileType = text.plist; path = Info.plist; sourceTree = "<group>"; };
		267E708F2AD6FD0200EA7AA2 /* LoadingView.swift */ = {isa = PBXFileReference; lastKnownFileType = sourcecode.swift; path = LoadingView.swift; sourceTree = "<group>"; };
		268C3B9A2ABCA63200282BEE /* QuizAdvancedList.swift */ = {isa = PBXFileReference; lastKnownFileType = sourcecode.swift; path = QuizAdvancedList.swift; sourceTree = "<group>"; };
		268C3B9C2ABCA95D00282BEE /* QuizNetworkList.swift */ = {isa = PBXFileReference; lastKnownFileType = sourcecode.swift; path = QuizNetworkList.swift; sourceTree = "<group>"; };
		269304552AD061F000982840 /* QuizDatabaseList.swift */ = {isa = PBXFileReference; lastKnownFileType = sourcecode.swift; path = QuizDatabaseList.swift; sourceTree = "<group>"; };
		269A87872AB7757C00F33C9E /* QuizResultView.swift */ = {isa = PBXFileReference; lastKnownFileType = sourcecode.swift; path = QuizResultView.swift; sourceTree = "<group>"; };
		269A87892AB86FC900F33C9E /* GachaView.swift */ = {isa = PBXFileReference; lastKnownFileType = sourcecode.swift; path = GachaView.swift; sourceTree = "<group>"; };
		269A878B2AB873CC00F33C9E /* GachaAnimationView.swift */ = {isa = PBXFileReference; lastKnownFileType = sourcecode.swift; path = GachaAnimationView.swift; sourceTree = "<group>"; };
		269A878D2AB87CBA00F33C9E /* MemoView.swift */ = {isa = PBXFileReference; lastKnownFileType = sourcecode.swift; path = MemoView.swift; sourceTree = "<group>"; };
		269B1C302ADAE43500C3E82B /* QuizDailyList.swift */ = {isa = PBXFileReference; lastKnownFileType = sourcecode.swift; path = QuizDailyList.swift; sourceTree = "<group>"; };
		269D44E12AB60D6800CAA91A /* SignUp.swift */ = {isa = PBXFileReference; fileEncoding = 4; lastKnownFileType = sourcecode.swift; path = SignUp.swift; sourceTree = "<group>"; };
		26A026DD2ABDD1EA00119F2B /* TopView.swift */ = {isa = PBXFileReference; lastKnownFileType = sourcecode.swift; path = TopView.swift; sourceTree = "<group>"; };
		26A026EB2ABF16E600119F2B /* AudioManager.swift */ = {isa = PBXFileReference; lastKnownFileType = sourcecode.swift; path = AudioManager.swift; sourceTree = "<group>"; };
		26A25D4B2AB9613A006B368F /* AVKit.framework */ = {isa = PBXFileReference; lastKnownFileType = wrapper.framework; name = AVKit.framework; path = System/Library/Frameworks/AVKit.framework; sourceTree = SDKROOT; };
		26A25D4D2AB99235006B368F /* QuizIntermediateList.swift */ = {isa = PBXFileReference; lastKnownFileType = sourcecode.swift; path = QuizIntermediateList.swift; sourceTree = "<group>"; };
		26A25D4F2AB9FB1A006B368F /* TitleListView.swift */ = {isa = PBXFileReference; lastKnownFileType = sourcecode.swift; path = TitleListView.swift; sourceTree = "<group>"; };
		26A25D512ABAFD82006B368F /* QuizManagerView.swift */ = {isa = PBXFileReference; lastKnownFileType = sourcecode.swift; path = QuizManagerView.swift; sourceTree = "<group>"; };
		26AA130B2ACD74660035F5F4 /* ModalView.swift */ = {isa = PBXFileReference; lastKnownFileType = sourcecode.swift; path = ModalView.swift; sourceTree = "<group>"; };
		26AA13152AD019BD0035F5F4 /* QuizSecurityList.swift */ = {isa = PBXFileReference; lastKnownFileType = sourcecode.swift; path = QuizSecurityList.swift; sourceTree = "<group>"; };
		26ADE3412ADC382F009BDF48 /* SettingView.swift */ = {isa = PBXFileReference; lastKnownFileType = sourcecode.swift; path = SettingView.swift; sourceTree = "<group>"; };
		26B5BEF32AB6CFA600056E79 /* RootView.swift */ = {isa = PBXFileReference; lastKnownFileType = sourcecode.swift; path = RootView.swift; sourceTree = "<group>"; };
		26B9BA1C2AEFDEFD00AC7C40 /* RewardView.swift */ = {isa = PBXFileReference; lastKnownFileType = sourcecode.swift; path = RewardView.swift; sourceTree = "<group>"; };
		26B9BA1E2AF0091C00AC7C40 /* QuizGodList.swift */ = {isa = PBXFileReference; lastKnownFileType = sourcecode.swift; path = QuizGodList.swift; sourceTree = "<group>"; };
		26B9BA222AF2647300AC7C40 /* LoginModalView.swift */ = {isa = PBXFileReference; lastKnownFileType = sourcecode.swift; path = LoginModalView.swift; sourceTree = "<group>"; };
		26D0C36D2AFE6F0500C6AF07 /* GachaManagerView.swift */ = {isa = PBXFileReference; lastKnownFileType = sourcecode.swift; path = GachaManagerView.swift; sourceTree = "<group>"; };
		26F0EC2D2B1E870900A3E36D /* QuizJavaScriptView.swift */ = {isa = PBXFileReference; lastKnownFileType = sourcecode.swift; path = QuizJavaScriptView.swift; sourceTree = "<group>"; };
		3BE1BE04EB473B78D8573F93 /* Pods_it.framework */ = {isa = PBXFileReference; explicitFileType = wrapper.framework; includeInIndex = 0; path = Pods_it.framework; sourceTree = BUILT_PRODUCTS_DIR; };
		3F92CC5499F13923EA3EAB7C /* Pods-it.debug.xcconfig */ = {isa = PBXFileReference; includeInIndex = 1; lastKnownFileType = text.xcconfig; name = "Pods-it.debug.xcconfig"; path = "Target Support Files/Pods-it/Pods-it.debug.xcconfig"; sourceTree = "<group>"; };
		8E133E70B4E498AAB512EE94 /* Pods-it.release.xcconfig */ = {isa = PBXFileReference; includeInIndex = 1; lastKnownFileType = text.xcconfig; name = "Pods-it.release.xcconfig"; path = "Target Support Files/Pods-it/Pods-it.release.xcconfig"; sourceTree = "<group>"; };
/* End PBXFileReference section */

/* Begin PBXFrameworksBuildPhase section */
		260E440C2AB572DC00FBB487 /* Frameworks */ = {
			isa = PBXFrameworksBuildPhase;
			buildActionMask = 2147483647;
			files = (
				262F0FF42B1ADB85004C0C47 /* StoreKit.framework in Frameworks */,
				26A25D4C2AB9613A006B368F /* AVKit.framework in Frameworks */,
				26266B352B4A5802007B5964 /* Charts.framework in Frameworks */,
				26266B292B4A5179007B5964 /* AppVersionMonitorSwiftUI in Frameworks */,
				C8F554E40B680EB8A1C24C06 /* Pods_it.framework in Frameworks */,
			);
			runOnlyForDeploymentPostprocessing = 0;
		};
/* End PBXFrameworksBuildPhase section */

/* Begin PBXGroup section */
		260E44062AB572DC00FBB487 = {
			isa = PBXGroup;
			children = (
				186C39A82B70B3B7007F625E /* StoreKit.storekit */,
				260E44112AB572DC00FBB487 /* it */,
				260E44102AB572DC00FBB487 /* Products */,
				73DAD98A7E510BE078FCEB44 /* Pods */,
				3D2C0D6B4B9B75CD0FF123E4 /* Frameworks */,
			);
			sourceTree = "<group>";
		};
		260E44102AB572DC00FBB487 /* Products */ = {
			isa = PBXGroup;
			children = (
				260E440F2AB572DC00FBB487 /* it.app */,
			);
			name = Products;
			sourceTree = "<group>";
		};
		260E44112AB572DC00FBB487 /* it */ = {
			isa = PBXGroup;
			children = (
				186C39AD2B71D2B3007F625E /* it.entitlements */,
				267E708A2AD5ACDF00EA7AA2 /* Info.plist */,
				260E44122AB572DC00FBB487 /* itApp.swift */,
				26B9BA1C2AEFDEFD00AC7C40 /* RewardView.swift */,
				26B5BEF32AB6CFA600056E79 /* RootView.swift */,
				26A026DD2ABDD1EA00119F2B /* TopView.swift */,
				1867D3B12B8844790021ED5D /* ContactView.swift */,
				186C39A92B70B576007F625E /* StoreKitView.swift */,
				1867D3B32B8847E60021ED5D /* HelpModalView.swift */,
				266A07292AC6FBC800B85D4E /* AnswerSelectionView.swift */,
				189F82C32BA4689D00C0247A /* RankMatchListView.swift */,
				264F19142AF2824700B6FB10 /* RankingView.swift */,
				267E708F2AD6FD0200EA7AA2 /* LoadingView.swift */,
				26A25D512ABAFD82006B368F /* QuizManagerView.swift */,
				1832115A2B9C750D0064F10A /* ManagerListView.swift */,
				1832115C2B9C88E80064F10A /* ITManagerListView.swift */,
				1832115E2B9C9E1D0064F10A /* InfoManagerListView.swift */,
				183211602B9CA0420064F10A /* AppliedManagerListView.swift */,
				183211622B9CB7B60064F10A /* QuizITStrategyListView.swift */,
				189F82C72BA550E100C0247A /* RankMatchQuizListView.swift */,
				183211842BA0138E0064F10A /* QuizITBasicListView.swift */,
				183211862BA013EC0064F10A /* QuizInfoBasicListView.swift */,
				183211882BA0142D0064F10A /* QuizAppliedBasicListView.swift */,
				183211642B9CB7DF0064F10A /* QuizInfoStrategyListView.swift */,
				183211662B9CB7F00064F10A /* QuizAppliedStrategyListView.swift */,
				183211682B9CB8130064F10A /* QuizITTechnologyListView.swift */,
				1832116A2B9CB81D0064F10A /* QuizInfoTechnologyListView.swift */,
				1832116C2B9CB82E0064F10A /* QuizAppliedTechnologyListView.swift */,
				1832116E2B9CB8570064F10A /* QuizITManagementListView.swift */,
				183211702B9CB87D0064F10A /* QuizInfoManagementListView.swift */,
				183211722B9CB8990064F10A /* QuizAppliedManagementListView.swift */,
				18E818522B595C0800595669 /* QuizManagerTabView.swift */,
				26D0C36D2AFE6F0500C6AF07 /* GachaManagerView.swift */,
				265FA3962AF6543B00F3E0EF /* QuizManagerTimerView.swift */,
				260E44242AB59A7900FBB487 /* QuizView.swift */,
				189F82C52BA549AC00C0247A /* RankMatchQuizView.swift */,
				26071BF32B2B4BC60012B836 /* ModalExplanationView.swift */,
				264552082ADC085200827D42 /* TimerView.swift */,
				26AA130B2ACD74660035F5F4 /* ModalView.swift */,
				18EA883D2B8C48AE00067FE7 /* SubModalView.swift */,
				26B9BA222AF2647300AC7C40 /* LoginModalView.swift */,
				18A5A4B72B7C728C009EFAB6 /* TestModalView.swift */,
				186C39AB2B71235B007F625E /* CoinModalView.swift */,
				264F19162AF3B1A900B6FB10 /* RewardModalView.swift */,
				18E818562B5EBDFC00595669 /* RewardTimesModal.swift */,
				266A07272AC6E10200B85D4E /* ProgressBar3.swift */,
				269A878D2AB87CBA00F33C9E /* MemoView.swift */,
				269A87872AB7757C00F33C9E /* QuizResultView.swift */,
				189F82C92BA5B56000C0247A /* RankMatchQuizResultView.swift */,
				262F0FED2B178F02004C0C47 /* Banner.swift */,
				260000012AB5EEC900342CAE /* QuizBeginnerList.swift */,
				18A5A4BB2B7C859C009EFAB6 /* QuizBeginnerStoryView.swift */,
				267743672B16FFAB00043010 /* QuizHtmlCssView.swift */,
				26F0EC2D2B1E870900A3E36D /* QuizJavaScriptView.swift */,
				18A5A4B32B7C6918009EFAB6 /* Test.swift */,
				265FA3922AF5502200F3E0EF /* TimeBeginnerList.swift */,
				265FA3942AF5FEF600F3E0EF /* TimeIntermediateList.swift */,
				265FA3982AF672BB00F3E0EF /* TimeAdvancedList.swift */,
				26A25D4D2AB99235006B368F /* QuizIntermediateList.swift */,
				18A5A4BD2B7C864E009EFAB6 /* QuizIntermediateStoryList.swift */,
				268C3B9A2ABCA63200282BEE /* QuizAdvancedList.swift */,
				268C3B9C2ABCA95D00282BEE /* QuizNetworkList.swift */,
				26AA13152AD019BD0035F5F4 /* QuizSecurityList.swift */,
				269304552AD061F000982840 /* QuizDatabaseList.swift */,
				269B1C302ADAE43500C3E82B /* QuizDailyList.swift */,
				26B9BA1E2AF0091C00AC7C40 /* QuizGodList.swift */,
				260E44222AB5963A00FBB487 /* AuthManager.swift */,
				26A25D4F2AB9FB1A006B368F /* TitleListView.swift */,
				2641992B2AC2572F002013B9 /* AvatarListView.swift */,
				267283122AFA84C600549219 /* IllustratedView.swift */,
				269A87892AB86FC900F33C9E /* GachaView.swift */,
				18F95C452B51AB7200F8DBBB /* TittlesView.swift */,
				263C6AC22AFD1DC300564FF2 /* RareGachaView.swift */,
				18F95C472B51AB7800F8DBBB /* ContentView.swift */,
				267743652B16371800043010 /* Interstitial.swift */,
				1820AE262B518E4700BBA679 /* PrivacyView.swift */,
				18A5A4B52B7C6A0D009EFAB6 /* TestAnimationView.swift */,
				1820AE272B518E4700BBA679 /* TermsOfServiceView.swift */,
				26ADE3412ADC382F009BDF48 /* SettingView.swift */,
				269A878B2AB873CC00F33C9E /* GachaAnimationView.swift */,
				269D44E12AB60D6800CAA91A /* SignUp.swift */,
				1832117C2B9DD20E0064F10A /* ManagerListTabView.swift */,
				26A026EB2ABF16E600119F2B /* AudioManager.swift */,
				260B56162ACB1CA200E7785C /* SpotlightView.swift */,
				260B56182ACB1CBE00E7785C /* SpotlightView1.swift */,
				262F0FF12B18C72A004C0C47 /* RateManager.swift */,
				262F0FEF2B18B6C8004C0C47 /* PentagonShape.swift */,
				183211742B9DB3880064F10A /* PentagonITShape.swift */,
				183211762B9DBCA30064F10A /* PentagonInfoShape.swift */,
				183211782B9DBE4E0064F10A /* PentagonAppliedShape.swift */,
				1832117A2B9DC0280064F10A /* PentagonManagerView.swift */,
				262F0FF52B1ADBC5004C0C47 /* SubscriptionView.swift */,
				2650137E2B3FE04B006B81D6 /* HelpView1.swift */,
				1852AA142BA84DEF0022BD75 /* RankMatchHelpView.swift */,
				261387012B3D5819003495AB /* QuizIncorrectAnswerListView.swift */,
				1832117E2B9DD4B80064F10A /* QuizITIncorrectAnswerListView.swift */,
				183211802B9DD4F80064F10A /* QuizInfoIncorrectAnswerListView.swift */,
				183211822B9DD54A0064F10A /* QuizAppliedIncorrectAnswerListView.swift */,
				261387032B3D7E14003495AB /* ModalReturnView.swift */,
				26266B2A2B4A527F007B5964 /* ModalTitleView.swift */,
				26266B2C2B4A5395007B5964 /* GraphManagerView.swift */,
				26266B2E2B4A53F8007B5964 /* BarChartView.swift */,
				260E44162AB572DE00FBB487 /* Assets.xcassets */,
				1820AE102B518D8D00BBA679 /* soundKettei.mp3 */,
				1820AE0D2B518D8C00BBA679 /* おとも切り替え.mp3 */,
				1820AE0A2B518D8C00BBA679 /* カウントダウン.mp3 */,
				18BD10B72B6B601500ABB28F /* sound.mp3 */,
				1820AE0F2B518D8D00BBA679 /* キャンセル.mp3 */,
				1820AE0C2B518D8C00BBA679 /* ゲームオーバー.mp3 */,
				1820AE142B518D8D00BBA679 /* ホームに戻る.mp3 */,
				1820AE152B518D8D00BBA679 /* レベルアップ.mp3 */,
				1820AE132B518D8D00BBA679 /* 敵攻撃.mp3 */,
				1820AE082B518D8C00BBA679 /* ゲームクリア.mp3 */,
				1820AE092B518D8C00BBA679 /* 正解.mp3 */,
				18BD10B52B6B5DEE00ABB28F /* 称号.mp3 */,
				1820AE0B2B518D8C00BBA679 /* 倒れる.mp3 */,
				1820AE112B518D8D00BBA679 /* 不正解.mp3 */,
				1820AE122B518D8D00BBA679 /* 味方攻撃.mp3 */,
				260E44202AB5958300FBB487 /* GoogleService-Info.plist */,
				260E44182AB572DE00FBB487 /* Preview Content */,
			);
			path = it;
			sourceTree = "<group>";
		};
		260E44182AB572DE00FBB487 /* Preview Content */ = {
			isa = PBXGroup;
			children = (
				260E44192AB572DE00FBB487 /* Preview Assets.xcassets */,
			);
			path = "Preview Content";
			sourceTree = "<group>";
		};
		3D2C0D6B4B9B75CD0FF123E4 /* Frameworks */ = {
			isa = PBXGroup;
			children = (
				26266B302B4A5428007B5964 /* Charts.framework */,
				26266B342B4A5802007B5964 /* Charts.framework */,
				262F0FF32B1ADB85004C0C47 /* StoreKit.framework */,
				26A25D4B2AB9613A006B368F /* AVKit.framework */,
				3BE1BE04EB473B78D8573F93 /* Pods_it.framework */,
			);
			name = Frameworks;
			sourceTree = "<group>";
		};
		73DAD98A7E510BE078FCEB44 /* Pods */ = {
			isa = PBXGroup;
			children = (
				3F92CC5499F13923EA3EAB7C /* Pods-it.debug.xcconfig */,
				8E133E70B4E498AAB512EE94 /* Pods-it.release.xcconfig */,
			);
			path = Pods;
			sourceTree = "<group>";
		};
/* End PBXGroup section */

/* Begin PBXNativeTarget section */
		260E440E2AB572DC00FBB487 /* it */ = {
			isa = PBXNativeTarget;
			buildConfigurationList = 260E441D2AB572DE00FBB487 /* Build configuration list for PBXNativeTarget "it" */;
			buildPhases = (
				2F06B7AE78EEFA6989CAE758 /* [CP] Check Pods Manifest.lock */,
				260E440B2AB572DC00FBB487 /* Sources */,
				260E440C2AB572DC00FBB487 /* Frameworks */,
				260E440D2AB572DC00FBB487 /* Resources */,
				8A5EDD85F2649026A9588FA2 /* [CP] Embed Pods Frameworks */,
				189F82C22BA44F9D00C0247A /* ShellScript */,
			);
			buildRules = (
			);
			dependencies = (
			);
			name = it;
			packageProductDependencies = (
				26266B282B4A5179007B5964 /* AppVersionMonitorSwiftUI */,
			);
			productName = it;
			productReference = 260E440F2AB572DC00FBB487 /* it.app */;
			productType = "com.apple.product-type.application";
		};
/* End PBXNativeTarget section */

/* Begin PBXProject section */
		260E44072AB572DC00FBB487 /* Project object */ = {
			isa = PBXProject;
			attributes = {
				BuildIndependentTargetsInParallel = 1;
				LastSwiftUpdateCheck = 1430;
				LastUpgradeCheck = 1430;
				TargetAttributes = {
					260E440E2AB572DC00FBB487 = {
						CreatedOnToolsVersion = 14.3;
					};
				};
			};
			buildConfigurationList = 260E440A2AB572DC00FBB487 /* Build configuration list for PBXProject "it" */;
			compatibilityVersion = "Xcode 14.0";
			developmentRegion = en;
			hasScannedForEncodings = 0;
			knownRegions = (
				en,
				Base,
			);
			mainGroup = 260E44062AB572DC00FBB487;
			packageReferences = (
				26266B272B4A5179007B5964 /* XCRemoteSwiftPackageReference "AppVersionMonitorSwiftUI" */,
				189F82B72BA4444400C0247A /* XCRemoteSwiftPackageReference "firebase-ios-sdk" */,
			);
			productRefGroup = 260E44102AB572DC00FBB487 /* Products */;
			projectDirPath = "";
			projectRoot = "";
			targets = (
				260E440E2AB572DC00FBB487 /* it */,
			);
		};
/* End PBXProject section */

/* Begin PBXResourcesBuildPhase section */
		260E440D2AB572DC00FBB487 /* Resources */ = {
			isa = PBXResourcesBuildPhase;
			buildActionMask = 2147483647;
			files = (
				1820AE172B518D8D00BBA679 /* 正解.mp3 in Resources */,
				1820AE202B518D8D00BBA679 /* 味方攻撃.mp3 in Resources */,
				260E441A2AB572DE00FBB487 /* Preview Assets.xcassets in Resources */,
				1820AE162B518D8D00BBA679 /* ゲームクリア.mp3 in Resources */,
				1820AE1F2B518D8D00BBA679 /* 不正解.mp3 in Resources */,
				1820AE192B518D8D00BBA679 /* 倒れる.mp3 in Resources */,
				1820AE1B2B518D8D00BBA679 /* おとも切り替え.mp3 in Resources */,
				1820AE1D2B518D8D00BBA679 /* キャンセル.mp3 in Resources */,
				1820AE232B518D8D00BBA679 /* レベルアップ.mp3 in Resources */,
				18BD10B62B6B5DEE00ABB28F /* 称号.mp3 in Resources */,
				1820AE182B518D8D00BBA679 /* カウントダウン.mp3 in Resources */,
				18BD10B82B6B601500ABB28F /* sound.mp3 in Resources */,
				1820AE222B518D8D00BBA679 /* ホームに戻る.mp3 in Resources */,
				260E44172AB572DE00FBB487 /* Assets.xcassets in Resources */,
				1820AE1A2B518D8D00BBA679 /* ゲームオーバー.mp3 in Resources */,
				260E44212AB5958300FBB487 /* GoogleService-Info.plist in Resources */,
				1820AE1E2B518D8D00BBA679 /* soundKettei.mp3 in Resources */,
				1820AE212B518D8D00BBA679 /* 敵攻撃.mp3 in Resources */,
			);
			runOnlyForDeploymentPostprocessing = 0;
		};
/* End PBXResourcesBuildPhase section */

/* Begin PBXShellScriptBuildPhase section */
		189F82C22BA44F9D00C0247A /* ShellScript */ = {
			isa = PBXShellScriptBuildPhase;
			buildActionMask = 2147483647;
			files = (
			);
			inputFileListPaths = (
			);
			inputPaths = (
				"${DWARF_DSYM_FOLDER_PATH}/${DWARF_DSYM_FILE_NAME}/Contents/Resources/DWARF/${TARGET_NAME}",
				"$(SRCROOT)/$(BUILT_PRODUCTS_DIR)/$(INFOPLIST_PATH)",
			);
			outputFileListPaths = (
			);
			outputPaths = (
			);
			runOnlyForDeploymentPostprocessing = 0;
			shellPath = /bin/sh;
			shellScript = "
";
		};
		2F06B7AE78EEFA6989CAE758 /* [CP] Check Pods Manifest.lock */ = {
			isa = PBXShellScriptBuildPhase;
			buildActionMask = 2147483647;
			files = (
			);
			inputFileListPaths = (
			);
			inputPaths = (
				"${PODS_PODFILE_DIR_PATH}/Podfile.lock",
				"${PODS_ROOT}/Manifest.lock",
			);
			name = "[CP] Check Pods Manifest.lock";
			outputFileListPaths = (
			);
			outputPaths = (
				"$(DERIVED_FILE_DIR)/Pods-it-checkManifestLockResult.txt",
			);
			runOnlyForDeploymentPostprocessing = 0;
			shellPath = /bin/sh;
			shellScript = "diff \"${PODS_PODFILE_DIR_PATH}/Podfile.lock\" \"${PODS_ROOT}/Manifest.lock\" > /dev/null\nif [ $? != 0 ] ; then\n    # print error to STDERR\n    echo \"error: The sandbox is not in sync with the Podfile.lock. Run 'pod install' or update your CocoaPods installation.\" >&2\n    exit 1\nfi\n# This output is used by Xcode 'outputs' to avoid re-running this script phase.\necho \"SUCCESS\" > \"${SCRIPT_OUTPUT_FILE_0}\"\n";
			showEnvVarsInLog = 0;
		};
		8A5EDD85F2649026A9588FA2 /* [CP] Embed Pods Frameworks */ = {
			isa = PBXShellScriptBuildPhase;
			buildActionMask = 2147483647;
			files = (
			);
			inputFileListPaths = (
				"${PODS_ROOT}/Target Support Files/Pods-it/Pods-it-frameworks-${CONFIGURATION}-input-files.xcfilelist",
			);
			name = "[CP] Embed Pods Frameworks";
			outputFileListPaths = (
				"${PODS_ROOT}/Target Support Files/Pods-it/Pods-it-frameworks-${CONFIGURATION}-output-files.xcfilelist",
			);
			runOnlyForDeploymentPostprocessing = 0;
			shellPath = /bin/sh;
			shellScript = "\"${PODS_ROOT}/Target Support Files/Pods-it/Pods-it-frameworks.sh\"\n";
			showEnvVarsInLog = 0;
		};
/* End PBXShellScriptBuildPhase section */

/* Begin PBXSourcesBuildPhase section */
		260E440B2AB572DC00FBB487 /* Sources */ = {
			isa = PBXSourcesBuildPhase;
			buildActionMask = 2147483647;
			files = (
				183211732B9CB8990064F10A /* QuizAppliedManagementListView.swift in Sources */,
				26B5BEF42AB6CFA600056E79 /* RootView.swift in Sources */,
				265FA3992AF672BB00F3E0EF /* TimeAdvancedList.swift in Sources */,
				1832116F2B9CB8570064F10A /* QuizITManagementListView.swift in Sources */,
				183211692B9CB8130064F10A /* QuizITTechnologyListView.swift in Sources */,
				262F0FF62B1ADBC5004C0C47 /* SubscriptionView.swift in Sources */,
				1832117B2B9DC0280064F10A /* PentagonManagerView.swift in Sources */,
				264F19152AF2824700B6FB10 /* RankingView.swift in Sources */,
				260000022AB5EEC900342CAE /* QuizBeginnerList.swift in Sources */,
				267283132AFA84C600549219 /* IllustratedView.swift in Sources */,
				269A87882AB7757C00F33C9E /* QuizResultView.swift in Sources */,
				1832115D2B9C88E80064F10A /* ITManagerListView.swift in Sources */,
				260B56192ACB1CBE00E7785C /* SpotlightView1.swift in Sources */,
				264F19172AF3B1A900B6FB10 /* RewardModalView.swift in Sources */,
				2641992C2AC2572F002013B9 /* AvatarListView.swift in Sources */,
				26F0EC2E2B1E870900A3E36D /* QuizJavaScriptView.swift in Sources */,
				183211792B9DBE4E0064F10A /* PentagonAppliedShape.swift in Sources */,
				183211772B9DBCA30064F10A /* PentagonInfoShape.swift in Sources */,
				26ADE3422ADC382F009BDF48 /* SettingView.swift in Sources */,
				262F0FF22B18C72A004C0C47 /* RateManager.swift in Sources */,
				18A5A4BC2B7C859C009EFAB6 /* QuizBeginnerStoryView.swift in Sources */,
				186C39AC2B71235B007F625E /* CoinModalView.swift in Sources */,
				269D44E22AB60D6800CAA91A /* SignUp.swift in Sources */,
				267743662B16371800043010 /* Interstitial.swift in Sources */,
				264552092ADC085200827D42 /* TimerView.swift in Sources */,
				18A5A4B62B7C6A0D009EFAB6 /* TestAnimationView.swift in Sources */,
				18A5A4B82B7C728C009EFAB6 /* TestModalView.swift in Sources */,
				26071BF42B2B4BC60012B836 /* ModalExplanationView.swift in Sources */,
				18E818532B595C0800595669 /* QuizManagerTabView.swift in Sources */,
				189F82CA2BA5B56000C0247A /* RankMatchQuizResultView.swift in Sources */,
				268C3B9B2ABCA63300282BEE /* QuizAdvancedList.swift in Sources */,
				1852AA152BA84DEF0022BD75 /* RankMatchHelpView.swift in Sources */,
				260B56172ACB1CA200E7785C /* SpotlightView.swift in Sources */,
				2650137F2B3FE04B006B81D6 /* HelpView1.swift in Sources */,
				183211652B9CB7DF0064F10A /* QuizInfoStrategyListView.swift in Sources */,
				18F95C462B51AB7200F8DBBB /* TittlesView.swift in Sources */,
				26266B2D2B4A5395007B5964 /* GraphManagerView.swift in Sources */,
				18A5A4BE2B7C864E009EFAB6 /* QuizIntermediateStoryList.swift in Sources */,
				26266B2F2B4A53F8007B5964 /* BarChartView.swift in Sources */,
				269A878A2AB86FC900F33C9E /* GachaView.swift in Sources */,
				265FA3972AF6543B00F3E0EF /* QuizManagerTimerView.swift in Sources */,
				26A026DE2ABDD1EB00119F2B /* TopView.swift in Sources */,
				183211712B9CB87D0064F10A /* QuizInfoManagementListView.swift in Sources */,
				18E818572B5EBDFC00595669 /* RewardTimesModal.swift in Sources */,
				183211852BA0138E0064F10A /* QuizITBasicListView.swift in Sources */,
				183211892BA0142D0064F10A /* QuizAppliedBasicListView.swift in Sources */,
				183211752B9DB3880064F10A /* PentagonITShape.swift in Sources */,
				26A25D4E2AB99235006B368F /* QuizIntermediateList.swift in Sources */,
				269B1C312ADAE43500C3E82B /* QuizDailyList.swift in Sources */,
				26A25D502AB9FB1A006B368F /* TitleListView.swift in Sources */,
				183211672B9CB7F00064F10A /* QuizAppliedStrategyListView.swift in Sources */,
				18A5A4B42B7C6918009EFAB6 /* Test.swift in Sources */,
				1832116D2B9CB82E0064F10A /* QuizAppliedTechnologyListView.swift in Sources */,
				1820AE282B518E4700BBA679 /* PrivacyView.swift in Sources */,
				26B9BA1D2AEFDEFD00AC7C40 /* RewardView.swift in Sources */,
				183211612B9CA0420064F10A /* AppliedManagerListView.swift in Sources */,
				26AA13162AD019BD0035F5F4 /* QuizSecurityList.swift in Sources */,
				263C6AC32AFD1DC400564FF2 /* RareGachaView.swift in Sources */,
				1832115F2B9C9E1D0064F10A /* InfoManagerListView.swift in Sources */,
				183211872BA013EC0064F10A /* QuizInfoBasicListView.swift in Sources */,
				18F95C482B51AB7800F8DBBB /* ContentView.swift in Sources */,
				189F82C62BA549AC00C0247A /* RankMatchQuizView.swift in Sources */,
				183211632B9CB7B60064F10A /* QuizITStrategyListView.swift in Sources */,
				260E44252AB59A7900FBB487 /* QuizView.swift in Sources */,
				26AA130C2ACD74660035F5F4 /* ModalView.swift in Sources */,
				1832115B2B9C750D0064F10A /* ManagerListView.swift in Sources */,
				1832117D2B9DD20E0064F10A /* ManagerListTabView.swift in Sources */,
				266A072A2AC6FBC800B85D4E /* AnswerSelectionView.swift in Sources */,
				26266B2B2B4A527F007B5964 /* ModalTitleView.swift in Sources */,
				26A25D522ABAFD82006B368F /* QuizManagerView.swift in Sources */,
				189F82C42BA4689D00C0247A /* RankMatchListView.swift in Sources */,
				18EA883E2B8C48AE00067FE7 /* SubModalView.swift in Sources */,
				261387022B3D5819003495AB /* QuizIncorrectAnswerListView.swift in Sources */,
				1832117F2B9DD4B80064F10A /* QuizITIncorrectAnswerListView.swift in Sources */,
				260E44232AB5963A00FBB487 /* AuthManager.swift in Sources */,
				269304562AD061F000982840 /* QuizDatabaseList.swift in Sources */,
				269A878C2AB873CC00F33C9E /* GachaAnimationView.swift in Sources */,
				267743682B16FFAB00043010 /* QuizHtmlCssView.swift in Sources */,
				183211832B9DD54A0064F10A /* QuizAppliedIncorrectAnswerListView.swift in Sources */,
				261387042B3D7E14003495AB /* ModalReturnView.swift in Sources */,
				1867D3B22B8844790021ED5D /* ContactView.swift in Sources */,
				26A026EC2ABF16E600119F2B /* AudioManager.swift in Sources */,
				267E70902AD6FD0200EA7AA2 /* LoadingView.swift in Sources */,
				186C39AA2B70B576007F625E /* StoreKitView.swift in Sources */,
				265FA3952AF5FEF600F3E0EF /* TimeIntermediateList.swift in Sources */,
				26B9BA1F2AF0091C00AC7C40 /* QuizGodList.swift in Sources */,
				260E44132AB572DC00FBB487 /* itApp.swift in Sources */,
				1820AE292B518E4700BBA679 /* TermsOfServiceView.swift in Sources */,
				266A07282AC6E10200B85D4E /* ProgressBar3.swift in Sources */,
				26B9BA232AF2647300AC7C40 /* LoginModalView.swift in Sources */,
				183211812B9DD4F80064F10A /* QuizInfoIncorrectAnswerListView.swift in Sources */,
				265FA3932AF5502200F3E0EF /* TimeBeginnerList.swift in Sources */,
				189F82C82BA550E100C0247A /* RankMatchQuizListView.swift in Sources */,
				1832116B2B9CB81D0064F10A /* QuizInfoTechnologyListView.swift in Sources */,
				269A878E2AB87CBA00F33C9E /* MemoView.swift in Sources */,
				262F0FF02B18B6C8004C0C47 /* PentagonShape.swift in Sources */,
				268C3B9D2ABCA95D00282BEE /* QuizNetworkList.swift in Sources */,
				26D0C36E2AFE6F0600C6AF07 /* GachaManagerView.swift in Sources */,
				1867D3B42B8847E60021ED5D /* HelpModalView.swift in Sources */,
				262F0FEE2B178F03004C0C47 /* Banner.swift in Sources */,
			);
			runOnlyForDeploymentPostprocessing = 0;
		};
/* End PBXSourcesBuildPhase section */

/* Begin XCBuildConfiguration section */
		260E441B2AB572DE00FBB487 /* Debug */ = {
			isa = XCBuildConfiguration;
			buildSettings = {
				ALWAYS_SEARCH_USER_PATHS = NO;
				CLANG_ANALYZER_NONNULL = YES;
				CLANG_ANALYZER_NUMBER_OBJECT_CONVERSION = YES_AGGRESSIVE;
				CLANG_CXX_LANGUAGE_STANDARD = "gnu++20";
				CLANG_ENABLE_MODULES = YES;
				CLANG_ENABLE_OBJC_ARC = YES;
				CLANG_ENABLE_OBJC_WEAK = YES;
				CLANG_WARN_BLOCK_CAPTURE_AUTORELEASING = YES;
				CLANG_WARN_BOOL_CONVERSION = YES;
				CLANG_WARN_COMMA = YES;
				CLANG_WARN_CONSTANT_CONVERSION = YES;
				CLANG_WARN_DEPRECATED_OBJC_IMPLEMENTATIONS = YES;
				CLANG_WARN_DIRECT_OBJC_ISA_USAGE = YES_ERROR;
				CLANG_WARN_DOCUMENTATION_COMMENTS = YES;
				CLANG_WARN_EMPTY_BODY = YES;
				CLANG_WARN_ENUM_CONVERSION = YES;
				CLANG_WARN_INFINITE_RECURSION = YES;
				CLANG_WARN_INT_CONVERSION = YES;
				CLANG_WARN_NON_LITERAL_NULL_CONVERSION = YES;
				CLANG_WARN_OBJC_IMPLICIT_RETAIN_SELF = YES;
				CLANG_WARN_OBJC_LITERAL_CONVERSION = YES;
				CLANG_WARN_OBJC_ROOT_CLASS = YES_ERROR;
				CLANG_WARN_QUOTED_INCLUDE_IN_FRAMEWORK_HEADER = YES;
				CLANG_WARN_RANGE_LOOP_ANALYSIS = YES;
				CLANG_WARN_STRICT_PROTOTYPES = YES;
				CLANG_WARN_SUSPICIOUS_MOVE = YES;
				CLANG_WARN_UNGUARDED_AVAILABILITY = YES_AGGRESSIVE;
				CLANG_WARN_UNREACHABLE_CODE = YES;
				CLANG_WARN__DUPLICATE_METHOD_MATCH = YES;
				COPY_PHASE_STRIP = NO;
				DEBUG_INFORMATION_FORMAT = dwarf;
				ENABLE_STRICT_OBJC_MSGSEND = YES;
				ENABLE_TESTABILITY = YES;
				GCC_C_LANGUAGE_STANDARD = gnu11;
				GCC_DYNAMIC_NO_PIC = NO;
				GCC_NO_COMMON_BLOCKS = YES;
				GCC_OPTIMIZATION_LEVEL = 0;
				GCC_PREPROCESSOR_DEFINITIONS = (
					"DEBUG=1",
					"$(inherited)",
				);
				GCC_WARN_64_TO_32_BIT_CONVERSION = YES;
				GCC_WARN_ABOUT_RETURN_TYPE = YES_ERROR;
				GCC_WARN_UNDECLARED_SELECTOR = YES;
				GCC_WARN_UNINITIALIZED_AUTOS = YES_AGGRESSIVE;
				GCC_WARN_UNUSED_FUNCTION = YES;
				GCC_WARN_UNUSED_VARIABLE = YES;
				IPHONEOS_DEPLOYMENT_TARGET = 16.4;
				MTL_ENABLE_DEBUG_INFO = INCLUDE_SOURCE;
				MTL_FAST_MATH = YES;
				ONLY_ACTIVE_ARCH = YES;
				SDKROOT = iphoneos;
				SWIFT_ACTIVE_COMPILATION_CONDITIONS = DEBUG;
				SWIFT_OPTIMIZATION_LEVEL = "-Onone";
			};
			name = Debug;
		};
		260E441C2AB572DE00FBB487 /* Release */ = {
			isa = XCBuildConfiguration;
			buildSettings = {
				ALWAYS_SEARCH_USER_PATHS = NO;
				CLANG_ANALYZER_NONNULL = YES;
				CLANG_ANALYZER_NUMBER_OBJECT_CONVERSION = YES_AGGRESSIVE;
				CLANG_CXX_LANGUAGE_STANDARD = "gnu++20";
				CLANG_ENABLE_MODULES = YES;
				CLANG_ENABLE_OBJC_ARC = YES;
				CLANG_ENABLE_OBJC_WEAK = YES;
				CLANG_WARN_BLOCK_CAPTURE_AUTORELEASING = YES;
				CLANG_WARN_BOOL_CONVERSION = YES;
				CLANG_WARN_COMMA = YES;
				CLANG_WARN_CONSTANT_CONVERSION = YES;
				CLANG_WARN_DEPRECATED_OBJC_IMPLEMENTATIONS = YES;
				CLANG_WARN_DIRECT_OBJC_ISA_USAGE = YES_ERROR;
				CLANG_WARN_DOCUMENTATION_COMMENTS = YES;
				CLANG_WARN_EMPTY_BODY = YES;
				CLANG_WARN_ENUM_CONVERSION = YES;
				CLANG_WARN_INFINITE_RECURSION = YES;
				CLANG_WARN_INT_CONVERSION = YES;
				CLANG_WARN_NON_LITERAL_NULL_CONVERSION = YES;
				CLANG_WARN_OBJC_IMPLICIT_RETAIN_SELF = YES;
				CLANG_WARN_OBJC_LITERAL_CONVERSION = YES;
				CLANG_WARN_OBJC_ROOT_CLASS = YES_ERROR;
				CLANG_WARN_QUOTED_INCLUDE_IN_FRAMEWORK_HEADER = YES;
				CLANG_WARN_RANGE_LOOP_ANALYSIS = YES;
				CLANG_WARN_STRICT_PROTOTYPES = YES;
				CLANG_WARN_SUSPICIOUS_MOVE = YES;
				CLANG_WARN_UNGUARDED_AVAILABILITY = YES_AGGRESSIVE;
				CLANG_WARN_UNREACHABLE_CODE = YES;
				CLANG_WARN__DUPLICATE_METHOD_MATCH = YES;
				COPY_PHASE_STRIP = NO;
				DEBUG_INFORMATION_FORMAT = "dwarf-with-dsym";
				ENABLE_NS_ASSERTIONS = NO;
				ENABLE_STRICT_OBJC_MSGSEND = YES;
				GCC_C_LANGUAGE_STANDARD = gnu11;
				GCC_NO_COMMON_BLOCKS = YES;
				GCC_WARN_64_TO_32_BIT_CONVERSION = YES;
				GCC_WARN_ABOUT_RETURN_TYPE = YES_ERROR;
				GCC_WARN_UNDECLARED_SELECTOR = YES;
				GCC_WARN_UNINITIALIZED_AUTOS = YES_AGGRESSIVE;
				GCC_WARN_UNUSED_FUNCTION = YES;
				GCC_WARN_UNUSED_VARIABLE = YES;
				IPHONEOS_DEPLOYMENT_TARGET = 16.4;
				MTL_ENABLE_DEBUG_INFO = NO;
				MTL_FAST_MATH = YES;
				SDKROOT = iphoneos;
				SWIFT_COMPILATION_MODE = wholemodule;
				SWIFT_OPTIMIZATION_LEVEL = "-O";
				VALIDATE_PRODUCT = YES;
			};
			name = Release;
		};
		260E441E2AB572DE00FBB487 /* Debug */ = {
			isa = XCBuildConfiguration;
			baseConfigurationReference = 3F92CC5499F13923EA3EAB7C /* Pods-it.debug.xcconfig */;
			buildSettings = {
				ASSETCATALOG_COMPILER_APPICON_NAME = AppIcon;
				ASSETCATALOG_COMPILER_GLOBAL_ACCENT_COLOR_NAME = AccentColor;
				CODE_SIGN_ENTITLEMENTS = it/it.entitlements;
				"CODE_SIGN_IDENTITY[sdk=iphoneos*]" = "iPhone Developer";
				CODE_SIGN_STYLE = Manual;
				CURRENT_PROJECT_VERSION = 4.2;
				DEBUG_INFORMATION_FORMAT = "dwarf-with-dsym";
				DEVELOPMENT_ASSET_PATHS = "\"it/Preview Content\"";
				DEVELOPMENT_TEAM = "";
				"DEVELOPMENT_TEAM[sdk=iphoneos*]" = F3XS565TSX;
				ENABLE_PREVIEWS = YES;
				GENERATE_INFOPLIST_FILE = YES;
				INFOPLIST_FILE = it/Info.plist;
				INFOPLIST_KEY_CFBundleDisplayName = "ITクエスト";
				INFOPLIST_KEY_UIApplicationSceneManifest_Generation = YES;
				INFOPLIST_KEY_UIApplicationSupportsIndirectInputEvents = YES;
				INFOPLIST_KEY_UIStatusBarStyle = "";
				INFOPLIST_KEY_UISupportedInterfaceOrientations_iPad = "UIInterfaceOrientationPortrait UIInterfaceOrientationPortraitUpsideDown UIInterfaceOrientationLandscapeLeft UIInterfaceOrientationLandscapeRight";
				INFOPLIST_KEY_UISupportedInterfaceOrientations_iPhone = "UIInterfaceOrientationPortrait UIInterfaceOrientationLandscapeLeft UIInterfaceOrientationLandscapeRight";
				IPHONEOS_DEPLOYMENT_TARGET = 16.0;
				LD_RUNPATH_SEARCH_PATHS = (
					"$(inherited)",
					"@executable_path/Frameworks",
				);
				MARKETING_VERSION = 4.2;
				PRODUCT_BUNDLE_IDENTIFIER = "Swift-Beginners-app.it";
				PRODUCT_NAME = "$(TARGET_NAME)";
				PROVISIONING_PROFILE_SPECIFIER = "";
				"PROVISIONING_PROFILE_SPECIFIER[sdk=iphoneos*]" = "ItTestPushApp Provisioning Profiles";
				SWIFT_EMIT_LOC_STRINGS = YES;
				SWIFT_VERSION = 5.0;
				TARGETED_DEVICE_FAMILY = "1,2";
			};
			name = Debug;
		};
		260E441F2AB572DE00FBB487 /* Release */ = {
			isa = XCBuildConfiguration;
			baseConfigurationReference = 8E133E70B4E498AAB512EE94 /* Pods-it.release.xcconfig */;
			buildSettings = {
				ASSETCATALOG_COMPILER_APPICON_NAME = AppIcon;
				ASSETCATALOG_COMPILER_GLOBAL_ACCENT_COLOR_NAME = AccentColor;
				CODE_SIGN_ENTITLEMENTS = it/it.entitlements;
				"CODE_SIGN_IDENTITY[sdk=iphoneos*]" = "iPhone Developer";
				CODE_SIGN_STYLE = Manual;
				CURRENT_PROJECT_VERSION = 4.2;
				DEBUG_INFORMATION_FORMAT = "dwarf-with-dsym";
				DEVELOPMENT_ASSET_PATHS = "\"it/Preview Content\"";
				DEVELOPMENT_TEAM = "";
				"DEVELOPMENT_TEAM[sdk=iphoneos*]" = F3XS565TSX;
				ENABLE_PREVIEWS = YES;
				GENERATE_INFOPLIST_FILE = YES;
				INFOPLIST_FILE = it/Info.plist;
				INFOPLIST_KEY_CFBundleDisplayName = "ITクエスト";
				INFOPLIST_KEY_UIApplicationSceneManifest_Generation = YES;
				INFOPLIST_KEY_UIApplicationSupportsIndirectInputEvents = YES;
				INFOPLIST_KEY_UIStatusBarStyle = "";
				INFOPLIST_KEY_UISupportedInterfaceOrientations_iPad = "UIInterfaceOrientationPortrait UIInterfaceOrientationPortraitUpsideDown UIInterfaceOrientationLandscapeLeft UIInterfaceOrientationLandscapeRight";
				INFOPLIST_KEY_UISupportedInterfaceOrientations_iPhone = "UIInterfaceOrientationPortrait UIInterfaceOrientationLandscapeLeft UIInterfaceOrientationLandscapeRight";
				IPHONEOS_DEPLOYMENT_TARGET = 16.0;
				LD_RUNPATH_SEARCH_PATHS = (
					"$(inherited)",
					"@executable_path/Frameworks",
				);
				MARKETING_VERSION = 4.2;
				PRODUCT_BUNDLE_IDENTIFIER = "Swift-Beginners-app.it";
				PRODUCT_NAME = "$(TARGET_NAME)";
				PROVISIONING_PROFILE_SPECIFIER = "";
				"PROVISIONING_PROFILE_SPECIFIER[sdk=iphoneos*]" = "ItTestPushApp Provisioning Profiles";
				SWIFT_EMIT_LOC_STRINGS = YES;
				SWIFT_VERSION = 5.0;
				TARGETED_DEVICE_FAMILY = "1,2";
			};
			name = Release;
		};
/* End XCBuildConfiguration section */

/* Begin XCConfigurationList section */
		260E440A2AB572DC00FBB487 /* Build configuration list for PBXProject "it" */ = {
			isa = XCConfigurationList;
			buildConfigurations = (
				260E441B2AB572DE00FBB487 /* Debug */,
				260E441C2AB572DE00FBB487 /* Release */,
			);
			defaultConfigurationIsVisible = 0;
			defaultConfigurationName = Release;
		};
		260E441D2AB572DE00FBB487 /* Build configuration list for PBXNativeTarget "it" */ = {
			isa = XCConfigurationList;
			buildConfigurations = (
				260E441E2AB572DE00FBB487 /* Debug */,
				260E441F2AB572DE00FBB487 /* Release */,
			);
			defaultConfigurationIsVisible = 0;
			defaultConfigurationName = Release;
		};
/* End XCConfigurationList section */

/* Begin XCRemoteSwiftPackageReference section */
		189F82B72BA4444400C0247A /* XCRemoteSwiftPackageReference "firebase-ios-sdk" */ = {
			isa = XCRemoteSwiftPackageReference;
			repositoryURL = "https://github.com/firebase/firebase-ios-sdk";
			requirement = {
				kind = upToNextMajorVersion;
				minimumVersion = 10.22.1;
			};
		};
		26266B272B4A5179007B5964 /* XCRemoteSwiftPackageReference "AppVersionMonitorSwiftUI" */ = {
			isa = XCRemoteSwiftPackageReference;
			repositoryURL = "https://github.com/SNQ-2001/AppVersionMonitorSwiftUI";
			requirement = {
				kind = upToNextMajorVersion;
				minimumVersion = 0.1.1;
			};
		};
/* End XCRemoteSwiftPackageReference section */

/* Begin XCSwiftPackageProductDependency section */
		26266B282B4A5179007B5964 /* AppVersionMonitorSwiftUI */ = {
			isa = XCSwiftPackageProductDependency;
			package = 26266B272B4A5179007B5964 /* XCRemoteSwiftPackageReference "AppVersionMonitorSwiftUI" */;
			productName = AppVersionMonitorSwiftUI;
		};
/* End XCSwiftPackageProductDependency section */
	};
	rootObject = 260E44072AB572DC00FBB487 /* Project object */;
}
