// !$*UTF8*$!
{
	archiveVersion = 1;
	classes = {
	};
	objectVersion = 70;
	objects = {

/* Begin PBXBuildFile section */
		1801FFD52D4482F6007625A2 /* レベルアップ.mp3 in Resources */ = {isa = PBXBuildFile; fileRef = 1801FFC82D4482F5007625A2 /* レベルアップ.mp3 */; };
		1801FFD62D4482F6007625A2 /* 倒れる.mp3 in Resources */ = {isa = PBXBuildFile; fileRef = 1801FFC92D4482F5007625A2 /* 倒れる.mp3 */; };
		1801FFD72D4482F6007625A2 /* キャンセル.mp3 in Resources */ = {isa = PBXBuildFile; fileRef = 1801FFCA2D4482F5007625A2 /* キャンセル.mp3 */; };
		1801FFD82D4482F6007625A2 /* ゲームクリア.mp3 in Resources */ = {isa = PBXBuildFile; fileRef = 1801FFCB2D4482F5007625A2 /* ゲームクリア.mp3 */; };
		1801FFD92D4482F6007625A2 /* 正解.mp3 in Resources */ = {isa = PBXBuildFile; fileRef = 1801FFCC2D4482F5007625A2 /* 正解.mp3 */; };
		1801FFDA2D4482F6007625A2 /* 敵攻撃.mp3 in Resources */ = {isa = PBXBuildFile; fileRef = 1801FFCD2D4482F5007625A2 /* 敵攻撃.mp3 */; };
		1801FFDB2D4482F6007625A2 /* カウントダウン.mp3 in Resources */ = {isa = PBXBuildFile; fileRef = 1801FFCE2D4482F5007625A2 /* カウントダウン.mp3 */; };
		1801FFDC2D4482F6007625A2 /* ゲームオーバー.mp3 in Resources */ = {isa = PBXBuildFile; fileRef = 1801FFCF2D4482F5007625A2 /* ゲームオーバー.mp3 */; };
		1801FFDD2D4482F6007625A2 /* 不正解.mp3 in Resources */ = {isa = PBXBuildFile; fileRef = 1801FFD02D4482F5007625A2 /* 不正解.mp3 */; };
		1801FFDE2D4482F6007625A2 /* 称号.mp3 in Resources */ = {isa = PBXBuildFile; fileRef = 1801FFD12D4482F5007625A2 /* 称号.mp3 */; };
		1801FFDF2D4482F6007625A2 /* 味方攻撃.mp3 in Resources */ = {isa = PBXBuildFile; fileRef = 1801FFD22D4482F5007625A2 /* 味方攻撃.mp3 */; };
		1801FFE02D4482F6007625A2 /* ホームに戻る.mp3 in Resources */ = {isa = PBXBuildFile; fileRef = 1801FFD32D4482F5007625A2 /* ホームに戻る.mp3 */; };
		1801FFE12D4482F6007625A2 /* おとも切り替え.mp3 in Resources */ = {isa = PBXBuildFile; fileRef = 1801FFD42D4482F6007625A2 /* おとも切り替え.mp3 */; };
		182FF4BD2ED18CA0001DE74F /* ProgressStoryView.swift in Sources */ = {isa = PBXBuildFile; fileRef = 182FF4AE2ED18CA0001DE74F /* ProgressStoryView.swift */; };
		182FF4BE2ED18CA0001DE74F /* PentagonManagerView.swift in Sources */ = {isa = PBXBuildFile; fileRef = 182FF49F2ED18CA0001DE74F /* PentagonManagerView.swift */; };
		182FF4BF2ED18CA0001DE74F /* ChangeNameView.swift in Sources */ = {isa = PBXBuildFile; fileRef = 182FF4722ED18CA0001DE74F /* ChangeNameView.swift */; };
		182FF4C02ED18CA0001DE74F /* TestAnimationView.swift in Sources */ = {isa = PBXBuildFile; fileRef = 182FF48B2ED18CA0001DE74F /* TestAnimationView.swift */; };
		182FF4C12ED18CA0001DE74F /* PentagonShape.swift in Sources */ = {isa = PBXBuildFile; fileRef = 182FF4812ED18CA0001DE74F /* PentagonShape.swift */; };
		182FF4C22ED18CA0001DE74F /* BarChartView.swift in Sources */ = {isa = PBXBuildFile; fileRef = 182FF4A22ED18CA0001DE74F /* BarChartView.swift */; };
		182FF4C32ED18CA0001DE74F /* StorySutaminaModalView.swift in Sources */ = {isa = PBXBuildFile; fileRef = 182FF4B12ED18CA0001DE74F /* StorySutaminaModalView.swift */; };
		182FF4C42ED18CA0001DE74F /* ContentView.swift in Sources */ = {isa = PBXBuildFile; fileRef = 182FF4732ED18CA0001DE74F /* ContentView.swift */; };
		182FF4C62ED18CA0001DE74F /* TopView.swift in Sources */ = {isa = PBXBuildFile; fileRef = 182FF48F2ED18CA0001DE74F /* TopView.swift */; };
		182FF4C72ED18CA0001DE74F /* SettingView.swift in Sources */ = {isa = PBXBuildFile; fileRef = 182FF4AA2ED18CA0001DE74F /* SettingView.swift */; };
		182FF4C82ED18CA0001DE74F /* AnswerSelectionView.swift in Sources */ = {isa = PBXBuildFile; fileRef = 182FF4702ED18CA0001DE74F /* AnswerSelectionView.swift */; };
		182FF4C92ED18CA0001DE74F /* AvatarList.swift in Sources */ = {isa = PBXBuildFile; fileRef = 182FF4B72ED18CA0001DE74F /* AvatarList.swift */; };
		182FF4CA2ED18CA0001DE74F /* PentagonItShape.swift in Sources */ = {isa = PBXBuildFile; fileRef = 182FF4802ED18CA0001DE74F /* PentagonItShape.swift */; };
		182FF4CB2ED18CA0001DE74F /* ReviewView.swift in Sources */ = {isa = PBXBuildFile; fileRef = 182FF4852ED18CA0001DE74F /* ReviewView.swift */; };
		182FF4CC2ED18CA0001DE74F /* itApp.swift in Sources */ = {isa = PBXBuildFile; fileRef = 182FF4782ED18CA0001DE74F /* itApp.swift */; };
		182FF4CF2ED18CA0001DE74F /* PentagonInfoShape.swift in Sources */ = {isa = PBXBuildFile; fileRef = 182FF47F2ED18CA0001DE74F /* PentagonInfoShape.swift */; };
		182FF4D02ED18CA0001DE74F /* RareGachaView.swift in Sources */ = {isa = PBXBuildFile; fileRef = 182FF4982ED18CA0001DE74F /* RareGachaView.swift */; };
		182FF4D12ED18CA0001DE74F /* IconPickerView.swift in Sources */ = {isa = PBXBuildFile; fileRef = 182FF4752ED18CA0001DE74F /* IconPickerView.swift */; };
		182FF4D22ED18CA0001DE74F /* CustomScrollView.swift in Sources */ = {isa = PBXBuildFile; fileRef = 182FF4742ED18CA0001DE74F /* CustomScrollView.swift */; };
		182FF4D32ED18CA0001DE74F /* ProgressExpBar.swift in Sources */ = {isa = PBXBuildFile; fileRef = 182FF4842ED18CA0001DE74F /* ProgressExpBar.swift */; };
		182FF4D42ED18CA0001DE74F /* TittlesView.swift in Sources */ = {isa = PBXBuildFile; fileRef = 182FF48E2ED18CA0001DE74F /* TittlesView.swift */; };
		182FF4D52ED18CA0001DE74F /* LoadingView.swift in Sources */ = {isa = PBXBuildFile; fileRef = 182FF4792ED18CA0001DE74F /* LoadingView.swift */; };
		182FF4D62ED18CA0001DE74F /* Story.swift in Sources */ = {isa = PBXBuildFile; fileRef = 182FF4AF2ED18CA0001DE74F /* Story.swift */; };
		182FF4D72ED18CA0001DE74F /* Banner.swift in Sources */ = {isa = PBXBuildFile; fileRef = 182FF4712ED18CA0001DE74F /* Banner.swift */; };
		182FF4D82ED18CA0001DE74F /* ProgressBar3.swift in Sources */ = {isa = PBXBuildFile; fileRef = 182FF4832ED18CA0001DE74F /* ProgressBar3.swift */; };
		182FF4D92ED18CA0001DE74F /* ContactView.swift in Sources */ = {isa = PBXBuildFile; fileRef = 182FF4A62ED18CA0001DE74F /* ContactView.swift */; };
		182FF4DA2ED18CA0001DE74F /* SubscriptionView.swift in Sources */ = {isa = PBXBuildFile; fileRef = 182FF4B52ED18CA0001DE74F /* SubscriptionView.swift */; };
		182FF4DB2ED18CA0001DE74F /* PreView.swift in Sources */ = {isa = PBXBuildFile; fileRef = 182FF4822ED18CA0001DE74F /* PreView.swift */; };
		182FF4DC2ED18CA0001DE74F /* GachaView.swift in Sources */ = {isa = PBXBuildFile; fileRef = 182FF4962ED18CA0001DE74F /* GachaView.swift */; };
		182FF4DD2ED18CA0001DE74F /* RankingView.swift in Sources */ = {isa = PBXBuildFile; fileRef = 182FF4A42ED18CA0001DE74F /* RankingView.swift */; };
		182FF4DE2ED18CA0001DE74F /* SignUp.swift in Sources */ = {isa = PBXBuildFile; fileRef = 182FF4872ED18CA0001DE74F /* SignUp.swift */; };
		182FF4DF2ED18CA0001DE74F /* TimerView.swift in Sources */ = {isa = PBXBuildFile; fileRef = 182FF48C2ED18CA0001DE74F /* TimerView.swift */; };
		182FF4E02ED18CA0001DE74F /* MemoView.swift in Sources */ = {isa = PBXBuildFile; fileRef = 182FF47B2ED18CA0001DE74F /* MemoView.swift */; };
		182FF4E12ED18CA0001DE74F /* AuthManager.swift in Sources */ = {isa = PBXBuildFile; fileRef = 182FF49B2ED18CA0001DE74F /* AuthManager.swift */; };
		182FF4E22ED18CA0001DE74F /* RewardView.swift in Sources */ = {isa = PBXBuildFile; fileRef = 182FF4B42ED18CA0001DE74F /* RewardView.swift */; };
		182FF4E32ED18CA0001DE74F /* PrivacyView.swift in Sources */ = {isa = PBXBuildFile; fileRef = 182FF4A82ED18CA0001DE74F /* PrivacyView.swift */; };
		182FF4E42ED18CA0001DE74F /* StoryView.swift in Sources */ = {isa = PBXBuildFile; fileRef = 182FF4B22ED18CA0001DE74F /* StoryView.swift */; };
		182FF4E52ED18CA0001DE74F /* UsersListView.swift in Sources */ = {isa = PBXBuildFile; fileRef = 182FF4B92ED18CA0001DE74F /* UsersListView.swift */; };
		182FF4E62ED18CA0001DE74F /* GachaManagerView.swift in Sources */ = {isa = PBXBuildFile; fileRef = 182FF4952ED18CA0001DE74F /* GachaManagerView.swift */; };
		182FF4E72ED18CA0001DE74F /* CheckUsersListView.swift in Sources */ = {isa = PBXBuildFile; fileRef = 182FF4B82ED18CA0001DE74F /* CheckUsersListView.swift */; };
		182FF4E82ED18CA0001DE74F /* Interstitial.swift in Sources */ = {isa = PBXBuildFile; fileRef = 182FF4772ED18CA0001DE74F /* Interstitial.swift */; };
		182FF4E92ED18CA0001DE74F /* StampAnimationView.swift in Sources */ = {isa = PBXBuildFile; fileRef = 182FF4892ED18CA0001DE74F /* StampAnimationView.swift */; };
		182FF4EA2ED18CA0001DE74F /* StoreKitView.swift in Sources */ = {isa = PBXBuildFile; fileRef = 182FF48A2ED18CA0001DE74F /* StoreKitView.swift */; };
		182FF4EB2ED18CA0001DE74F /* ManagerListTabView.swift in Sources */ = {isa = PBXBuildFile; fileRef = 182FF49C2ED18CA0001DE74F /* ManagerListTabView.swift */; };
		182FF4ED2ED18CA0001DE74F /* PentagonAppliedShape.swift in Sources */ = {isa = PBXBuildFile; fileRef = 182FF47E2ED18CA0001DE74F /* PentagonAppliedShape.swift */; };
		182FF4EE2ED18CA0001DE74F /* OtherAppsPromotionView.swift in Sources */ = {isa = PBXBuildFile; fileRef = 182FF47D2ED18CA0001DE74F /* OtherAppsPromotionView.swift */; };
		182FF4EF2ED18CA0001DE74F /* StoryITListView.swift in Sources */ = {isa = PBXBuildFile; fileRef = 182FF4B02ED18CA0001DE74F /* StoryITListView.swift */; };
		182FF4F12ED18CA0001DE74F /* AudioManager.swift in Sources */ = {isa = PBXBuildFile; fileRef = 182FF49A2ED18CA0001DE74F /* AudioManager.swift */; };
		182FF4F22ED18CA0001DE74F /* SplashScreenView.swift in Sources */ = {isa = PBXBuildFile; fileRef = 182FF4882ED18CA0001DE74F /* SplashScreenView.swift */; };
		182FF4F32ED18CA0001DE74F /* GraphManagerView.swift in Sources */ = {isa = PBXBuildFile; fileRef = 182FF4A32ED18CA0001DE74F /* GraphManagerView.swift */; };
		182FF4F42ED18CA0001DE74F /* LoginBonusView.swift in Sources */ = {isa = PBXBuildFile; fileRef = 182FF47A2ED18CA0001DE74F /* LoginBonusView.swift */; };
		182FF4F52ED18CA0001DE74F /* TermsOfServiceView.swift in Sources */ = {isa = PBXBuildFile; fileRef = 182FF4AB2ED18CA0001DE74F /* TermsOfServiceView.swift */; };
		182FF4F62ED18CA0001DE74F /* MockView.swift in Sources */ = {isa = PBXBuildFile; fileRef = 182FF47C2ED18CA0001DE74F /* MockView.swift */; };
		182FF4F72ED18CA0001DE74F /* IllustratedView.swift in Sources */ = {isa = PBXBuildFile; fileRef = 182FF4762ED18CA0001DE74F /* IllustratedView.swift */; };
		182FF4F82ED18CA0001DE74F /* HelpView1.swift in Sources */ = {isa = PBXBuildFile; fileRef = 182FF4A72ED18CA0001DE74F /* HelpView1.swift */; };
		182FF4F92ED18CA0001DE74F /* TitleListView.swift in Sources */ = {isa = PBXBuildFile; fileRef = 182FF48D2ED18CA0001DE74F /* TitleListView.swift */; };
		182FF4FA2ED18CA0001DE74F /* RateManager.swift in Sources */ = {isa = PBXBuildFile; fileRef = 182FF4A02ED18CA0001DE74F /* RateManager.swift */; };
		182FF4FC2ED18CA0001DE74F /* InterstitialStory.swift in Sources */ = {isa = PBXBuildFile; fileRef = 182FF4AD2ED18CA0001DE74F /* InterstitialStory.swift */; };
		182FF4FD2ED18CA0001DE74F /* MekaGachaView.swift in Sources */ = {isa = PBXBuildFile; fileRef = 182FF4972ED18CA0001DE74F /* MekaGachaView.swift */; };
		182FF4FE2ED18CA0001DE74F /* GachaAnimationView.swift in Sources */ = {isa = PBXBuildFile; fileRef = 182FF4942ED18CA0001DE74F /* GachaAnimationView.swift */; };
		182FF4FF2ED18CA0001DE74F /* RootView.swift in Sources */ = {isa = PBXBuildFile; fileRef = 182FF4862ED18CA0001DE74F /* RootView.swift */; };
		182FF5022ED192E6001DE74F /* ManagerView.swift in Sources */ = {isa = PBXBuildFile; fileRef = 182FF5012ED192E6001DE74F /* ManagerView.swift */; };
		18B9E1FA2E0FC355000F4B57 /* FirebaseFirestore in Frameworks */ = {isa = PBXBuildFile; productRef = 18B9E1F92E0FC355000F4B57 /* FirebaseFirestore */; };
		18B9E1FD2E0FCB7D000F4B57 /* GoogleMobileAds in Frameworks */ = {isa = PBXBuildFile; productRef = 18B9E1FC2E0FCB7D000F4B57 /* GoogleMobileAds */; };
		18B9E1FF2E0FCBC7000F4B57 /* FirebaseMessaging in Frameworks */ = {isa = PBXBuildFile; productRef = 18B9E1FE2E0FCBC7000F4B57 /* FirebaseMessaging */; };
		18B9E2012E0FE0A4000F4B57 /* FirebaseDatabase in Frameworks */ = {isa = PBXBuildFile; productRef = 18B9E2002E0FE0A4000F4B57 /* FirebaseDatabase */; };
		18B9E2032E0FE194000F4B57 /* FirebaseDatabaseSwift in Frameworks */ = {isa = PBXBuildFile; productRef = 18B9E2022E0FE194000F4B57 /* FirebaseDatabaseSwift */; };
		18B9E2052E0FE194000F4B57 /* FirebaseDynamicLinks in Frameworks */ = {isa = PBXBuildFile; productRef = 18B9E2042E0FE194000F4B57 /* FirebaseDynamicLinks */; };
		18B9E2072E0FE1F8000F4B57 /* FirebaseAuth in Frameworks */ = {isa = PBXBuildFile; productRef = 18B9E2062E0FE1F8000F4B57 /* FirebaseAuth */; };
		260E44172AB572DE00FBB487 /* Assets.xcassets in Resources */ = {isa = PBXBuildFile; fileRef = 260E44162AB572DE00FBB487 /* Assets.xcassets */; };
		260E441A2AB572DE00FBB487 /* Preview Assets.xcassets in Resources */ = {isa = PBXBuildFile; fileRef = 260E44192AB572DE00FBB487 /* Preview Assets.xcassets */; };
		260E44212AB5958300FBB487 /* GoogleService-Info.plist in Resources */ = {isa = PBXBuildFile; fileRef = 260E44202AB5958300FBB487 /* GoogleService-Info.plist */; };
		26266B292B4A5179007B5964 /* AppVersionMonitorSwiftUI in Frameworks */ = {isa = PBXBuildFile; productRef = 26266B282B4A5179007B5964 /* AppVersionMonitorSwiftUI */; };
		26266B352B4A5802007B5964 /* Charts.framework in Frameworks */ = {isa = PBXBuildFile; fileRef = 26266B342B4A5802007B5964 /* Charts.framework */; };
		262F0FF42B1ADB85004C0C47 /* StoreKit.framework in Frameworks */ = {isa = PBXBuildFile; fileRef = 262F0FF32B1ADB85004C0C47 /* StoreKit.framework */; };
		26A25D4C2AB9613A006B368F /* AVKit.framework in Frameworks */ = {isa = PBXBuildFile; fileRef = 26A25D4B2AB9613A006B368F /* AVKit.framework */; };
/* End PBXBuildFile section */

/* Begin PBXFileReference section */
		1801FFC82D4482F5007625A2 /* レベルアップ.mp3 */ = {isa = PBXFileReference; lastKnownFileType = audio.mp3; path = "レベルアップ.mp3"; sourceTree = "<group>"; };
		1801FFC92D4482F5007625A2 /* 倒れる.mp3 */ = {isa = PBXFileReference; lastKnownFileType = audio.mp3; path = "倒れる.mp3"; sourceTree = "<group>"; };
		1801FFCA2D4482F5007625A2 /* キャンセル.mp3 */ = {isa = PBXFileReference; lastKnownFileType = audio.mp3; path = "キャンセル.mp3"; sourceTree = "<group>"; };
		1801FFCB2D4482F5007625A2 /* ゲームクリア.mp3 */ = {isa = PBXFileReference; lastKnownFileType = audio.mp3; path = "ゲームクリア.mp3"; sourceTree = "<group>"; };
		1801FFCC2D4482F5007625A2 /* 正解.mp3 */ = {isa = PBXFileReference; lastKnownFileType = audio.mp3; path = "正解.mp3"; sourceTree = "<group>"; };
		1801FFCD2D4482F5007625A2 /* 敵攻撃.mp3 */ = {isa = PBXFileReference; lastKnownFileType = audio.mp3; path = "敵攻撃.mp3"; sourceTree = "<group>"; };
		1801FFCE2D4482F5007625A2 /* カウントダウン.mp3 */ = {isa = PBXFileReference; lastKnownFileType = audio.mp3; path = "カウントダウン.mp3"; sourceTree = "<group>"; };
		1801FFCF2D4482F5007625A2 /* ゲームオーバー.mp3 */ = {isa = PBXFileReference; lastKnownFileType = audio.mp3; path = "ゲームオーバー.mp3"; sourceTree = "<group>"; };
		1801FFD02D4482F5007625A2 /* 不正解.mp3 */ = {isa = PBXFileReference; lastKnownFileType = audio.mp3; path = "不正解.mp3"; sourceTree = "<group>"; };
		1801FFD12D4482F5007625A2 /* 称号.mp3 */ = {isa = PBXFileReference; lastKnownFileType = audio.mp3; path = "称号.mp3"; sourceTree = "<group>"; };
		1801FFD22D4482F5007625A2 /* 味方攻撃.mp3 */ = {isa = PBXFileReference; lastKnownFileType = audio.mp3; path = "味方攻撃.mp3"; sourceTree = "<group>"; };
		1801FFD32D4482F5007625A2 /* ホームに戻る.mp3 */ = {isa = PBXFileReference; lastKnownFileType = audio.mp3; path = "ホームに戻る.mp3"; sourceTree = "<group>"; };
		1801FFD42D4482F6007625A2 /* おとも切り替え.mp3 */ = {isa = PBXFileReference; lastKnownFileType = audio.mp3; path = "おとも切り替え.mp3"; sourceTree = "<group>"; };
		182FF4702ED18CA0001DE74F /* AnswerSelectionView.swift */ = {isa = PBXFileReference; lastKnownFileType = sourcecode.swift; path = AnswerSelectionView.swift; sourceTree = "<group>"; };
		182FF4712ED18CA0001DE74F /* Banner.swift */ = {isa = PBXFileReference; lastKnownFileType = sourcecode.swift; path = Banner.swift; sourceTree = "<group>"; };
		182FF4722ED18CA0001DE74F /* ChangeNameView.swift */ = {isa = PBXFileReference; lastKnownFileType = sourcecode.swift; path = ChangeNameView.swift; sourceTree = "<group>"; };
		182FF4732ED18CA0001DE74F /* ContentView.swift */ = {isa = PBXFileReference; lastKnownFileType = sourcecode.swift; path = ContentView.swift; sourceTree = "<group>"; };
		182FF4742ED18CA0001DE74F /* CustomScrollView.swift */ = {isa = PBXFileReference; lastKnownFileType = sourcecode.swift; path = CustomScrollView.swift; sourceTree = "<group>"; };
		182FF4752ED18CA0001DE74F /* IconPickerView.swift */ = {isa = PBXFileReference; lastKnownFileType = sourcecode.swift; path = IconPickerView.swift; sourceTree = "<group>"; };
		182FF4762ED18CA0001DE74F /* IllustratedView.swift */ = {isa = PBXFileReference; lastKnownFileType = sourcecode.swift; path = IllustratedView.swift; sourceTree = "<group>"; };
		182FF4772ED18CA0001DE74F /* Interstitial.swift */ = {isa = PBXFileReference; lastKnownFileType = sourcecode.swift; path = Interstitial.swift; sourceTree = "<group>"; };
		182FF4782ED18CA0001DE74F /* itApp.swift */ = {isa = PBXFileReference; lastKnownFileType = sourcecode.swift; path = itApp.swift; sourceTree = "<group>"; };
		182FF4792ED18CA0001DE74F /* LoadingView.swift */ = {isa = PBXFileReference; lastKnownFileType = sourcecode.swift; path = LoadingView.swift; sourceTree = "<group>"; };
		182FF47A2ED18CA0001DE74F /* LoginBonusView.swift */ = {isa = PBXFileReference; lastKnownFileType = sourcecode.swift; path = LoginBonusView.swift; sourceTree = "<group>"; };
		182FF47B2ED18CA0001DE74F /* MemoView.swift */ = {isa = PBXFileReference; lastKnownFileType = sourcecode.swift; path = MemoView.swift; sourceTree = "<group>"; };
		182FF47C2ED18CA0001DE74F /* MockView.swift */ = {isa = PBXFileReference; lastKnownFileType = sourcecode.swift; path = MockView.swift; sourceTree = "<group>"; };
		182FF47D2ED18CA0001DE74F /* OtherAppsPromotionView.swift */ = {isa = PBXFileReference; lastKnownFileType = sourcecode.swift; path = OtherAppsPromotionView.swift; sourceTree = "<group>"; };
		182FF47E2ED18CA0001DE74F /* PentagonAppliedShape.swift */ = {isa = PBXFileReference; lastKnownFileType = sourcecode.swift; path = PentagonAppliedShape.swift; sourceTree = "<group>"; };
		182FF47F2ED18CA0001DE74F /* PentagonInfoShape.swift */ = {isa = PBXFileReference; lastKnownFileType = sourcecode.swift; path = PentagonInfoShape.swift; sourceTree = "<group>"; };
		182FF4802ED18CA0001DE74F /* PentagonItShape.swift */ = {isa = PBXFileReference; lastKnownFileType = sourcecode.swift; path = PentagonItShape.swift; sourceTree = "<group>"; };
		182FF4812ED18CA0001DE74F /* PentagonShape.swift */ = {isa = PBXFileReference; lastKnownFileType = sourcecode.swift; path = PentagonShape.swift; sourceTree = "<group>"; };
		182FF4822ED18CA0001DE74F /* PreView.swift */ = {isa = PBXFileReference; lastKnownFileType = sourcecode.swift; path = PreView.swift; sourceTree = "<group>"; };
		182FF4832ED18CA0001DE74F /* ProgressBar3.swift */ = {isa = PBXFileReference; lastKnownFileType = sourcecode.swift; path = ProgressBar3.swift; sourceTree = "<group>"; };
		182FF4842ED18CA0001DE74F /* ProgressExpBar.swift */ = {isa = PBXFileReference; lastKnownFileType = sourcecode.swift; path = ProgressExpBar.swift; sourceTree = "<group>"; };
		182FF4852ED18CA0001DE74F /* ReviewView.swift */ = {isa = PBXFileReference; lastKnownFileType = sourcecode.swift; path = ReviewView.swift; sourceTree = "<group>"; };
		182FF4862ED18CA0001DE74F /* RootView.swift */ = {isa = PBXFileReference; lastKnownFileType = sourcecode.swift; path = RootView.swift; sourceTree = "<group>"; };
		182FF4872ED18CA0001DE74F /* SignUp.swift */ = {isa = PBXFileReference; lastKnownFileType = sourcecode.swift; path = SignUp.swift; sourceTree = "<group>"; };
		182FF4882ED18CA0001DE74F /* SplashScreenView.swift */ = {isa = PBXFileReference; lastKnownFileType = sourcecode.swift; path = SplashScreenView.swift; sourceTree = "<group>"; };
		182FF4892ED18CA0001DE74F /* StampAnimationView.swift */ = {isa = PBXFileReference; lastKnownFileType = sourcecode.swift; path = StampAnimationView.swift; sourceTree = "<group>"; };
		182FF48A2ED18CA0001DE74F /* StoreKitView.swift */ = {isa = PBXFileReference; lastKnownFileType = sourcecode.swift; path = StoreKitView.swift; sourceTree = "<group>"; };
		182FF48B2ED18CA0001DE74F /* TestAnimationView.swift */ = {isa = PBXFileReference; lastKnownFileType = sourcecode.swift; path = TestAnimationView.swift; sourceTree = "<group>"; };
		182FF48C2ED18CA0001DE74F /* TimerView.swift */ = {isa = PBXFileReference; lastKnownFileType = sourcecode.swift; path = TimerView.swift; sourceTree = "<group>"; };
		182FF48D2ED18CA0001DE74F /* TitleListView.swift */ = {isa = PBXFileReference; lastKnownFileType = sourcecode.swift; path = TitleListView.swift; sourceTree = "<group>"; };
		182FF48E2ED18CA0001DE74F /* TittlesView.swift */ = {isa = PBXFileReference; lastKnownFileType = sourcecode.swift; path = TittlesView.swift; sourceTree = "<group>"; };
		182FF48F2ED18CA0001DE74F /* TopView.swift */ = {isa = PBXFileReference; lastKnownFileType = sourcecode.swift; path = TopView.swift; sourceTree = "<group>"; };
		182FF4942ED18CA0001DE74F /* GachaAnimationView.swift */ = {isa = PBXFileReference; lastKnownFileType = sourcecode.swift; path = GachaAnimationView.swift; sourceTree = "<group>"; };
		182FF4952ED18CA0001DE74F /* GachaManagerView.swift */ = {isa = PBXFileReference; lastKnownFileType = sourcecode.swift; path = GachaManagerView.swift; sourceTree = "<group>"; };
		182FF4962ED18CA0001DE74F /* GachaView.swift */ = {isa = PBXFileReference; lastKnownFileType = sourcecode.swift; path = GachaView.swift; sourceTree = "<group>"; };
		182FF4972ED18CA0001DE74F /* MekaGachaView.swift */ = {isa = PBXFileReference; lastKnownFileType = sourcecode.swift; path = MekaGachaView.swift; sourceTree = "<group>"; };
		182FF4982ED18CA0001DE74F /* RareGachaView.swift */ = {isa = PBXFileReference; lastKnownFileType = sourcecode.swift; path = RareGachaView.swift; sourceTree = "<group>"; };
		182FF49A2ED18CA0001DE74F /* AudioManager.swift */ = {isa = PBXFileReference; lastKnownFileType = sourcecode.swift; path = AudioManager.swift; sourceTree = "<group>"; };
		182FF49B2ED18CA0001DE74F /* AuthManager.swift */ = {isa = PBXFileReference; lastKnownFileType = sourcecode.swift; path = AuthManager.swift; sourceTree = "<group>"; };
		182FF49C2ED18CA0001DE74F /* ManagerListTabView.swift */ = {isa = PBXFileReference; lastKnownFileType = sourcecode.swift; path = ManagerListTabView.swift; sourceTree = "<group>"; };
		182FF49F2ED18CA0001DE74F /* PentagonManagerView.swift */ = {isa = PBXFileReference; lastKnownFileType = sourcecode.swift; path = PentagonManagerView.swift; sourceTree = "<group>"; };
		182FF4A02ED18CA0001DE74F /* RateManager.swift */ = {isa = PBXFileReference; lastKnownFileType = sourcecode.swift; path = RateManager.swift; sourceTree = "<group>"; };
		182FF4A22ED18CA0001DE74F /* BarChartView.swift */ = {isa = PBXFileReference; lastKnownFileType = sourcecode.swift; path = BarChartView.swift; sourceTree = "<group>"; };
		182FF4A32ED18CA0001DE74F /* GraphManagerView.swift */ = {isa = PBXFileReference; lastKnownFileType = sourcecode.swift; path = GraphManagerView.swift; sourceTree = "<group>"; };
		182FF4A42ED18CA0001DE74F /* RankingView.swift */ = {isa = PBXFileReference; lastKnownFileType = sourcecode.swift; path = RankingView.swift; sourceTree = "<group>"; };
		182FF4A62ED18CA0001DE74F /* ContactView.swift */ = {isa = PBXFileReference; lastKnownFileType = sourcecode.swift; path = ContactView.swift; sourceTree = "<group>"; };
		182FF4A72ED18CA0001DE74F /* HelpView1.swift */ = {isa = PBXFileReference; lastKnownFileType = sourcecode.swift; path = HelpView1.swift; sourceTree = "<group>"; };
		182FF4A82ED18CA0001DE74F /* PrivacyView.swift */ = {isa = PBXFileReference; lastKnownFileType = sourcecode.swift; path = PrivacyView.swift; sourceTree = "<group>"; };
		182FF4AA2ED18CA0001DE74F /* SettingView.swift */ = {isa = PBXFileReference; lastKnownFileType = sourcecode.swift; path = SettingView.swift; sourceTree = "<group>"; };
		182FF4AB2ED18CA0001DE74F /* TermsOfServiceView.swift */ = {isa = PBXFileReference; lastKnownFileType = sourcecode.swift; path = TermsOfServiceView.swift; sourceTree = "<group>"; };
		182FF4AD2ED18CA0001DE74F /* InterstitialStory.swift */ = {isa = PBXFileReference; lastKnownFileType = sourcecode.swift; path = InterstitialStory.swift; sourceTree = "<group>"; };
		182FF4AE2ED18CA0001DE74F /* ProgressStoryView.swift */ = {isa = PBXFileReference; lastKnownFileType = sourcecode.swift; path = ProgressStoryView.swift; sourceTree = "<group>"; };
		182FF4AF2ED18CA0001DE74F /* Story.swift */ = {isa = PBXFileReference; lastKnownFileType = sourcecode.swift; path = Story.swift; sourceTree = "<group>"; };
		182FF4B02ED18CA0001DE74F /* StoryITListView.swift */ = {isa = PBXFileReference; lastKnownFileType = sourcecode.swift; path = StoryITListView.swift; sourceTree = "<group>"; };
		182FF4B12ED18CA0001DE74F /* StorySutaminaModalView.swift */ = {isa = PBXFileReference; lastKnownFileType = sourcecode.swift; path = StorySutaminaModalView.swift; sourceTree = "<group>"; };
		182FF4B22ED18CA0001DE74F /* StoryView.swift */ = {isa = PBXFileReference; lastKnownFileType = sourcecode.swift; path = StoryView.swift; sourceTree = "<group>"; };
		182FF4B42ED18CA0001DE74F /* RewardView.swift */ = {isa = PBXFileReference; lastKnownFileType = sourcecode.swift; path = RewardView.swift; sourceTree = "<group>"; };
		182FF4B52ED18CA0001DE74F /* SubscriptionView.swift */ = {isa = PBXFileReference; lastKnownFileType = sourcecode.swift; path = SubscriptionView.swift; sourceTree = "<group>"; };
		182FF4B72ED18CA0001DE74F /* AvatarList.swift */ = {isa = PBXFileReference; lastKnownFileType = sourcecode.swift; path = AvatarList.swift; sourceTree = "<group>"; };
		182FF4B82ED18CA0001DE74F /* CheckUsersListView.swift */ = {isa = PBXFileReference; lastKnownFileType = sourcecode.swift; path = CheckUsersListView.swift; sourceTree = "<group>"; };
		182FF4B92ED18CA0001DE74F /* UsersListView.swift */ = {isa = PBXFileReference; lastKnownFileType = sourcecode.swift; path = UsersListView.swift; sourceTree = "<group>"; };
		182FF5012ED192E6001DE74F /* ManagerView.swift */ = {isa = PBXFileReference; lastKnownFileType = sourcecode.swift; path = ManagerView.swift; sourceTree = "<group>"; };
		186C39A82B70B3B7007F625E /* StoreKit.storekit */ = {isa = PBXFileReference; lastKnownFileType = text; path = StoreKit.storekit; sourceTree = "<group>"; };
		186C39AD2B71D2B3007F625E /* it.entitlements */ = {isa = PBXFileReference; lastKnownFileType = text.plist.entitlements; path = it.entitlements; sourceTree = "<group>"; };
		260E440F2AB572DC00FBB487 /* it.app */ = {isa = PBXFileReference; explicitFileType = wrapper.application; includeInIndex = 0; path = it.app; sourceTree = BUILT_PRODUCTS_DIR; };
		260E44162AB572DE00FBB487 /* Assets.xcassets */ = {isa = PBXFileReference; lastKnownFileType = folder.assetcatalog; path = Assets.xcassets; sourceTree = "<group>"; };
		260E44192AB572DE00FBB487 /* Preview Assets.xcassets */ = {isa = PBXFileReference; lastKnownFileType = folder.assetcatalog; path = "Preview Assets.xcassets"; sourceTree = "<group>"; };
		260E44202AB5958300FBB487 /* GoogleService-Info.plist */ = {isa = PBXFileReference; fileEncoding = 4; lastKnownFileType = text.plist.xml; path = "GoogleService-Info.plist"; sourceTree = "<group>"; };
		26266B302B4A5428007B5964 /* Charts.framework */ = {isa = PBXFileReference; explicitFileType = wrapper.framework; path = Charts.framework; sourceTree = BUILT_PRODUCTS_DIR; };
		26266B342B4A5802007B5964 /* Charts.framework */ = {isa = PBXFileReference; lastKnownFileType = wrapper.framework; name = Charts.framework; path = System/Library/Frameworks/Charts.framework; sourceTree = SDKROOT; };
		262F0FF32B1ADB85004C0C47 /* StoreKit.framework */ = {isa = PBXFileReference; lastKnownFileType = wrapper.framework; name = StoreKit.framework; path = System/Library/Frameworks/StoreKit.framework; sourceTree = SDKROOT; };
		267E708A2AD5ACDF00EA7AA2 /* Info.plist */ = {isa = PBXFileReference; lastKnownFileType = text.plist; path = Info.plist; sourceTree = "<group>"; };
		26A25D4B2AB9613A006B368F /* AVKit.framework */ = {isa = PBXFileReference; lastKnownFileType = wrapper.framework; name = AVKit.framework; path = System/Library/Frameworks/AVKit.framework; sourceTree = SDKROOT; };
/* End PBXFileReference section */

/* Begin PBXFileSystemSynchronizedRootGroup section */
		180BE92C2E0FF72B00F92223 /* Quiz */ = {isa = PBXFileSystemSynchronizedRootGroup; explicitFileTypes = {}; explicitFolders = (); path = Quiz; sourceTree = "<group>"; };
		180BE92E2E0FF82100F92223 /* Modal */ = {isa = PBXFileSystemSynchronizedRootGroup; explicitFileTypes = {}; explicitFolders = (); path = Modal; sourceTree = "<group>"; };
		180BE92F2E0FF92200F92223 /* ManagerList */ = {isa = PBXFileSystemSynchronizedRootGroup; explicitFileTypes = {}; explicitFolders = (); path = ManagerList; sourceTree = "<group>"; };
		180BEDB92E10DD6900F92223 /* old */ = {isa = PBXFileSystemSynchronizedRootGroup; explicitFileTypes = {}; explicitFolders = (); path = old; sourceTree = "<group>"; };
/* End PBXFileSystemSynchronizedRootGroup section */

/* Begin PBXFrameworksBuildPhase section */
		260E440C2AB572DC00FBB487 /* Frameworks */ = {
			isa = PBXFrameworksBuildPhase;
			buildActionMask = 2147483647;
			files = (
				18B9E1FD2E0FCB7D000F4B57 /* GoogleMobileAds in Frameworks */,
				262F0FF42B1ADB85004C0C47 /* StoreKit.framework in Frameworks */,
				18B9E1FF2E0FCBC7000F4B57 /* FirebaseMessaging in Frameworks */,
				18B9E2032E0FE194000F4B57 /* FirebaseDatabaseSwift in Frameworks */,
				26A25D4C2AB9613A006B368F /* AVKit.framework in Frameworks */,
				26266B352B4A5802007B5964 /* Charts.framework in Frameworks */,
				26266B292B4A5179007B5964 /* AppVersionMonitorSwiftUI in Frameworks */,
				18B9E2072E0FE1F8000F4B57 /* FirebaseAuth in Frameworks */,
				18B9E2012E0FE0A4000F4B57 /* FirebaseDatabase in Frameworks */,
				18B9E1FA2E0FC355000F4B57 /* FirebaseFirestore in Frameworks */,
				18B9E2052E0FE194000F4B57 /* FirebaseDynamicLinks in Frameworks */,
			);
			runOnlyForDeploymentPostprocessing = 0;
		};
/* End PBXFrameworksBuildPhase section */

/* Begin PBXGroup section */
		182FF4902ED18CA0001DE74F /* App */ = {
			isa = PBXGroup;
			children = (
				182FF4702ED18CA0001DE74F /* AnswerSelectionView.swift */,
				182FF4712ED18CA0001DE74F /* Banner.swift */,
				182FF4722ED18CA0001DE74F /* ChangeNameView.swift */,
				182FF4732ED18CA0001DE74F /* ContentView.swift */,
				182FF4742ED18CA0001DE74F /* CustomScrollView.swift */,
				182FF4752ED18CA0001DE74F /* IconPickerView.swift */,
				182FF4762ED18CA0001DE74F /* IllustratedView.swift */,
				182FF4772ED18CA0001DE74F /* Interstitial.swift */,
				182FF4782ED18CA0001DE74F /* itApp.swift */,
				182FF4792ED18CA0001DE74F /* LoadingView.swift */,
				182FF47A2ED18CA0001DE74F /* LoginBonusView.swift */,
				182FF47B2ED18CA0001DE74F /* MemoView.swift */,
				182FF47C2ED18CA0001DE74F /* MockView.swift */,
				182FF47D2ED18CA0001DE74F /* OtherAppsPromotionView.swift */,
				182FF47E2ED18CA0001DE74F /* PentagonAppliedShape.swift */,
				182FF47F2ED18CA0001DE74F /* PentagonInfoShape.swift */,
				182FF4802ED18CA0001DE74F /* PentagonItShape.swift */,
				182FF4812ED18CA0001DE74F /* PentagonShape.swift */,
				182FF4822ED18CA0001DE74F /* PreView.swift */,
				182FF4832ED18CA0001DE74F /* ProgressBar3.swift */,
				182FF4842ED18CA0001DE74F /* ProgressExpBar.swift */,
				182FF4852ED18CA0001DE74F /* ReviewView.swift */,
				182FF4862ED18CA0001DE74F /* RootView.swift */,
				182FF4872ED18CA0001DE74F /* SignUp.swift */,
				182FF4882ED18CA0001DE74F /* SplashScreenView.swift */,
				182FF4892ED18CA0001DE74F /* StampAnimationView.swift */,
				182FF48A2ED18CA0001DE74F /* StoreKitView.swift */,
				182FF48B2ED18CA0001DE74F /* TestAnimationView.swift */,
				182FF48C2ED18CA0001DE74F /* TimerView.swift */,
				182FF48D2ED18CA0001DE74F /* TitleListView.swift */,
				182FF48E2ED18CA0001DE74F /* TittlesView.swift */,
				182FF48F2ED18CA0001DE74F /* TopView.swift */,
			);
			path = App;
			sourceTree = "<group>";
		};
		182FF4992ED18CA0001DE74F /* Gacha */ = {
			isa = PBXGroup;
			children = (
				182FF4942ED18CA0001DE74F /* GachaAnimationView.swift */,
				182FF4952ED18CA0001DE74F /* GachaManagerView.swift */,
				182FF4962ED18CA0001DE74F /* GachaView.swift */,
				182FF4972ED18CA0001DE74F /* MekaGachaView.swift */,
				182FF4982ED18CA0001DE74F /* RareGachaView.swift */,
			);
			path = Gacha;
			sourceTree = "<group>";
		};
		182FF4A12ED18CA0001DE74F /* Managers */ = {
			isa = PBXGroup;
			children = (
				182FF5012ED192E6001DE74F /* ManagerView.swift */,
				182FF49A2ED18CA0001DE74F /* AudioManager.swift */,
				182FF49B2ED18CA0001DE74F /* AuthManager.swift */,
				182FF49C2ED18CA0001DE74F /* ManagerListTabView.swift */,
				182FF49F2ED18CA0001DE74F /* PentagonManagerView.swift */,
				182FF4A02ED18CA0001DE74F /* RateManager.swift */,
			);
			path = Managers;
			sourceTree = "<group>";
		};
		182FF4A52ED18CA0001DE74F /* Ranking */ = {
			isa = PBXGroup;
			children = (
				182FF4A22ED18CA0001DE74F /* BarChartView.swift */,
				182FF4A32ED18CA0001DE74F /* GraphManagerView.swift */,
				182FF4A42ED18CA0001DE74F /* RankingView.swift */,
			);
			path = Ranking;
			sourceTree = "<group>";
		};
		182FF4AC2ED18CA0001DE74F /* Settings */ = {
			isa = PBXGroup;
			children = (
				182FF4A62ED18CA0001DE74F /* ContactView.swift */,
				182FF4A72ED18CA0001DE74F /* HelpView1.swift */,
				182FF4A82ED18CA0001DE74F /* PrivacyView.swift */,
				182FF4AA2ED18CA0001DE74F /* SettingView.swift */,
				182FF4AB2ED18CA0001DE74F /* TermsOfServiceView.swift */,
			);
			path = Settings;
			sourceTree = "<group>";
		};
		182FF4B32ED18CA0001DE74F /* Story */ = {
			isa = PBXGroup;
			children = (
				182FF4AD2ED18CA0001DE74F /* InterstitialStory.swift */,
				182FF4AE2ED18CA0001DE74F /* ProgressStoryView.swift */,
				182FF4AF2ED18CA0001DE74F /* Story.swift */,
				182FF4B02ED18CA0001DE74F /* StoryITListView.swift */,
				182FF4B12ED18CA0001DE74F /* StorySutaminaModalView.swift */,
				182FF4B22ED18CA0001DE74F /* StoryView.swift */,
			);
			path = Story;
			sourceTree = "<group>";
		};
		182FF4B62ED18CA0001DE74F /* Subscription */ = {
			isa = PBXGroup;
			children = (
				182FF4B42ED18CA0001DE74F /* RewardView.swift */,
				182FF4B52ED18CA0001DE74F /* SubscriptionView.swift */,
			);
			path = Subscription;
			sourceTree = "<group>";
		};
		182FF4BB2ED18CA0001DE74F /* User */ = {
			isa = PBXGroup;
			children = (
				182FF4B72ED18CA0001DE74F /* AvatarList.swift */,
				182FF4B82ED18CA0001DE74F /* CheckUsersListView.swift */,
				182FF4B92ED18CA0001DE74F /* UsersListView.swift */,
			);
			path = User;
			sourceTree = "<group>";
		};
		260E44062AB572DC00FBB487 = {
			isa = PBXGroup;
			children = (
				186C39A82B70B3B7007F625E /* StoreKit.storekit */,
				260E44112AB572DC00FBB487 /* it */,
				260E44102AB572DC00FBB487 /* Products */,
				73DAD98A7E510BE078FCEB44 /* Pods */,
				3D2C0D6B4B9B75CD0FF123E4 /* Frameworks */,
			);
			sourceTree = "<group>";
		};
		260E44102AB572DC00FBB487 /* Products */ = {
			isa = PBXGroup;
			children = (
				260E440F2AB572DC00FBB487 /* it.app */,
			);
			name = Products;
			sourceTree = "<group>";
		};
		260E44112AB572DC00FBB487 /* it */ = {
			isa = PBXGroup;
			children = (
				182FF4902ED18CA0001DE74F /* App */,
				182FF4992ED18CA0001DE74F /* Gacha */,
				182FF4A12ED18CA0001DE74F /* Managers */,
				182FF4A52ED18CA0001DE74F /* Ranking */,
				182FF4AC2ED18CA0001DE74F /* Settings */,
				182FF4B32ED18CA0001DE74F /* Story */,
				182FF4B62ED18CA0001DE74F /* Subscription */,
				182FF4BB2ED18CA0001DE74F /* User */,
				186C39AD2B71D2B3007F625E /* it.entitlements */,
				267E708A2AD5ACDF00EA7AA2 /* Info.plist */,
				180BE92F2E0FF92200F92223 /* ManagerList */,
				180BE92C2E0FF72B00F92223 /* Quiz */,
				180BEDB92E10DD6900F92223 /* old */,
				180BE92E2E0FF82100F92223 /* Modal */,
				1801FFD42D4482F6007625A2 /* おとも切り替え.mp3 */,
				1801FFCE2D4482F5007625A2 /* カウントダウン.mp3 */,
				1801FFCA2D4482F5007625A2 /* キャンセル.mp3 */,
				1801FFCF2D4482F5007625A2 /* ゲームオーバー.mp3 */,
				1801FFCB2D4482F5007625A2 /* ゲームクリア.mp3 */,
				1801FFD32D4482F5007625A2 /* ホームに戻る.mp3 */,
				1801FFC82D4482F5007625A2 /* レベルアップ.mp3 */,
				1801FFD12D4482F5007625A2 /* 称号.mp3 */,
				1801FFCC2D4482F5007625A2 /* 正解.mp3 */,
				1801FFCD2D4482F5007625A2 /* 敵攻撃.mp3 */,
				1801FFC92D4482F5007625A2 /* 倒れる.mp3 */,
				1801FFD02D4482F5007625A2 /* 不正解.mp3 */,
				1801FFD22D4482F5007625A2 /* 味方攻撃.mp3 */,
				260E44162AB572DE00FBB487 /* Assets.xcassets */,
				260E44202AB5958300FBB487 /* GoogleService-Info.plist */,
				260E44182AB572DE00FBB487 /* Preview Content */,
			);
			path = it;
			sourceTree = "<group>";
		};
		260E44182AB572DE00FBB487 /* Preview Content */ = {
			isa = PBXGroup;
			children = (
				260E44192AB572DE00FBB487 /* Preview Assets.xcassets */,
			);
			path = "Preview Content";
			sourceTree = "<group>";
		};
		3D2C0D6B4B9B75CD0FF123E4 /* Frameworks */ = {
			isa = PBXGroup;
			children = (
				26266B302B4A5428007B5964 /* Charts.framework */,
				26266B342B4A5802007B5964 /* Charts.framework */,
				262F0FF32B1ADB85004C0C47 /* StoreKit.framework */,
				26A25D4B2AB9613A006B368F /* AVKit.framework */,
			);
			name = Frameworks;
			sourceTree = "<group>";
		};
		73DAD98A7E510BE078FCEB44 /* Pods */ = {
			isa = PBXGroup;
			children = (
			);
			path = Pods;
			sourceTree = "<group>";
		};
/* End PBXGroup section */

/* Begin PBXNativeTarget section */
		260E440E2AB572DC00FBB487 /* it */ = {
			isa = PBXNativeTarget;
			buildConfigurationList = 260E441D2AB572DE00FBB487 /* Build configuration list for PBXNativeTarget "it" */;
			buildPhases = (
				260E440B2AB572DC00FBB487 /* Sources */,
				260E440C2AB572DC00FBB487 /* Frameworks */,
				260E440D2AB572DC00FBB487 /* Resources */,
				189F82C22BA44F9D00C0247A /* ShellScript */,
			);
			buildRules = (
			);
			dependencies = (
			);
			fileSystemSynchronizedGroups = (
				180BE92C2E0FF72B00F92223 /* Quiz */,
				180BE92E2E0FF82100F92223 /* Modal */,
				180BE92F2E0FF92200F92223 /* ManagerList */,
				180BEDB92E10DD6900F92223 /* old */,
			);
			name = it;
			packageProductDependencies = (
				26266B282B4A5179007B5964 /* AppVersionMonitorSwiftUI */,
				18B9E1F92E0FC355000F4B57 /* FirebaseFirestore */,
				18B9E1FC2E0FCB7D000F4B57 /* GoogleMobileAds */,
				18B9E1FE2E0FCBC7000F4B57 /* FirebaseMessaging */,
				18B9E2002E0FE0A4000F4B57 /* FirebaseDatabase */,
				18B9E2022E0FE194000F4B57 /* FirebaseDatabaseSwift */,
				18B9E2042E0FE194000F4B57 /* FirebaseDynamicLinks */,
				18B9E2062E0FE1F8000F4B57 /* FirebaseAuth */,
			);
			productName = it;
			productReference = 260E440F2AB572DC00FBB487 /* it.app */;
			productType = "com.apple.product-type.application";
		};
/* End PBXNativeTarget section */

/* Begin PBXProject section */
		260E44072AB572DC00FBB487 /* Project object */ = {
			isa = PBXProject;
			attributes = {
				BuildIndependentTargetsInParallel = 1;
				LastSwiftUpdateCheck = 1430;
				LastUpgradeCheck = 1430;
				TargetAttributes = {
					260E440E2AB572DC00FBB487 = {
						CreatedOnToolsVersion = 14.3;
					};
				};
			};
			buildConfigurationList = 260E440A2AB572DC00FBB487 /* Build configuration list for PBXProject "it" */;
			compatibilityVersion = "Xcode 14.0";
			developmentRegion = en;
			hasScannedForEncodings = 0;
			knownRegions = (
				en,
				Base,
			);
			mainGroup = 260E44062AB572DC00FBB487;
			packageReferences = (
				26266B272B4A5179007B5964 /* XCRemoteSwiftPackageReference "AppVersionMonitorSwiftUI" */,
				189F82B72BA4444400C0247A /* XCRemoteSwiftPackageReference "firebase-ios-sdk" */,
				18B9E1FB2E0FCB7D000F4B57 /* XCRemoteSwiftPackageReference "swift-package-manager-google-mobile-ads" */,
			);
			productRefGroup = 260E44102AB572DC00FBB487 /* Products */;
			projectDirPath = "";
			projectRoot = "";
			targets = (
				260E440E2AB572DC00FBB487 /* it */,
			);
		};
/* End PBXProject section */

/* Begin PBXResourcesBuildPhase section */
		260E440D2AB572DC00FBB487 /* Resources */ = {
			isa = PBXResourcesBuildPhase;
			buildActionMask = 2147483647;
			files = (
				1801FFDE2D4482F6007625A2 /* 称号.mp3 in Resources */,
				1801FFDD2D4482F6007625A2 /* 不正解.mp3 in Resources */,
				260E441A2AB572DE00FBB487 /* Preview Assets.xcassets in Resources */,
				260E44172AB572DE00FBB487 /* Assets.xcassets in Resources */,
				1801FFDF2D4482F6007625A2 /* 味方攻撃.mp3 in Resources */,
				1801FFE12D4482F6007625A2 /* おとも切り替え.mp3 in Resources */,
				1801FFD92D4482F6007625A2 /* 正解.mp3 in Resources */,
				1801FFDA2D4482F6007625A2 /* 敵攻撃.mp3 in Resources */,
				1801FFE02D4482F6007625A2 /* ホームに戻る.mp3 in Resources */,
				1801FFD52D4482F6007625A2 /* レベルアップ.mp3 in Resources */,
				1801FFDB2D4482F6007625A2 /* カウントダウン.mp3 in Resources */,
				260E44212AB5958300FBB487 /* GoogleService-Info.plist in Resources */,
				1801FFD72D4482F6007625A2 /* キャンセル.mp3 in Resources */,
				1801FFDC2D4482F6007625A2 /* ゲームオーバー.mp3 in Resources */,
				1801FFD82D4482F6007625A2 /* ゲームクリア.mp3 in Resources */,
				1801FFD62D4482F6007625A2 /* 倒れる.mp3 in Resources */,
			);
			runOnlyForDeploymentPostprocessing = 0;
		};
/* End PBXResourcesBuildPhase section */

/* Begin PBXShellScriptBuildPhase section */
		189F82C22BA44F9D00C0247A /* ShellScript */ = {
			isa = PBXShellScriptBuildPhase;
			buildActionMask = 2147483647;
			files = (
			);
			inputFileListPaths = (
			);
			inputPaths = (
				"${DWARF_DSYM_FOLDER_PATH}/${DWARF_DSYM_FILE_NAME}/Contents/Resources/DWARF/${TARGET_NAME}",
				"$(SRCROOT)/$(BUILT_PRODUCTS_DIR)/$(INFOPLIST_PATH)",
			);
			outputFileListPaths = (
			);
			outputPaths = (
			);
			runOnlyForDeploymentPostprocessing = 0;
			shellPath = /bin/sh;
			shellScript = "
";
		};
/* End PBXShellScriptBuildPhase section */

/* Begin PBXSourcesBuildPhase section */
		260E440B2AB572DC00FBB487 /* Sources */ = {
			isa = PBXSourcesBuildPhase;
			buildActionMask = 2147483647;
			files = (
				182FF4BD2ED18CA0001DE74F /* ProgressStoryView.swift in Sources */,
				182FF4BE2ED18CA0001DE74F /* PentagonManagerView.swift in Sources */,
				182FF4BF2ED18CA0001DE74F /* ChangeNameView.swift in Sources */,
				182FF4C02ED18CA0001DE74F /* TestAnimationView.swift in Sources */,
				182FF4C12ED18CA0001DE74F /* PentagonShape.swift in Sources */,
				182FF4C22ED18CA0001DE74F /* BarChartView.swift in Sources */,
				182FF4C32ED18CA0001DE74F /* StorySutaminaModalView.swift in Sources */,
				182FF4C42ED18CA0001DE74F /* ContentView.swift in Sources */,
				182FF4C62ED18CA0001DE74F /* TopView.swift in Sources */,
				182FF4C72ED18CA0001DE74F /* SettingView.swift in Sources */,
				182FF4C82ED18CA0001DE74F /* AnswerSelectionView.swift in Sources */,
				182FF4C92ED18CA0001DE74F /* AvatarList.swift in Sources */,
				182FF4CA2ED18CA0001DE74F /* PentagonItShape.swift in Sources */,
				182FF4CB2ED18CA0001DE74F /* ReviewView.swift in Sources */,
				182FF4CC2ED18CA0001DE74F /* itApp.swift in Sources */,
				182FF5022ED192E6001DE74F /* ManagerView.swift in Sources */,
				182FF4CF2ED18CA0001DE74F /* PentagonInfoShape.swift in Sources */,
				182FF4D02ED18CA0001DE74F /* RareGachaView.swift in Sources */,
				182FF4D12ED18CA0001DE74F /* IconPickerView.swift in Sources */,
				182FF4D22ED18CA0001DE74F /* CustomScrollView.swift in Sources */,
				182FF4D32ED18CA0001DE74F /* ProgressExpBar.swift in Sources */,
				182FF4D42ED18CA0001DE74F /* TittlesView.swift in Sources */,
				182FF4D52ED18CA0001DE74F /* LoadingView.swift in Sources */,
				182FF4D62ED18CA0001DE74F /* Story.swift in Sources */,
				182FF4D72ED18CA0001DE74F /* Banner.swift in Sources */,
				182FF4D82ED18CA0001DE74F /* ProgressBar3.swift in Sources */,
				182FF4D92ED18CA0001DE74F /* ContactView.swift in Sources */,
				182FF4DA2ED18CA0001DE74F /* SubscriptionView.swift in Sources */,
				182FF4DB2ED18CA0001DE74F /* PreView.swift in Sources */,
				182FF4DC2ED18CA0001DE74F /* GachaView.swift in Sources */,
				182FF4DD2ED18CA0001DE74F /* RankingView.swift in Sources */,
				182FF4DE2ED18CA0001DE74F /* SignUp.swift in Sources */,
				182FF4DF2ED18CA0001DE74F /* TimerView.swift in Sources */,
				182FF4E02ED18CA0001DE74F /* MemoView.swift in Sources */,
				182FF4E12ED18CA0001DE74F /* AuthManager.swift in Sources */,
				182FF4E22ED18CA0001DE74F /* RewardView.swift in Sources */,
				182FF4E32ED18CA0001DE74F /* PrivacyView.swift in Sources */,
				182FF4E42ED18CA0001DE74F /* StoryView.swift in Sources */,
				182FF4E52ED18CA0001DE74F /* UsersListView.swift in Sources */,
				182FF4E62ED18CA0001DE74F /* GachaManagerView.swift in Sources */,
				182FF4E72ED18CA0001DE74F /* CheckUsersListView.swift in Sources */,
				182FF4E82ED18CA0001DE74F /* Interstitial.swift in Sources */,
				182FF4E92ED18CA0001DE74F /* StampAnimationView.swift in Sources */,
				182FF4EA2ED18CA0001DE74F /* StoreKitView.swift in Sources */,
				182FF4EB2ED18CA0001DE74F /* ManagerListTabView.swift in Sources */,
				182FF4ED2ED18CA0001DE74F /* PentagonAppliedShape.swift in Sources */,
				182FF4EE2ED18CA0001DE74F /* OtherAppsPromotionView.swift in Sources */,
				182FF4EF2ED18CA0001DE74F /* StoryITListView.swift in Sources */,
				182FF4F12ED18CA0001DE74F /* AudioManager.swift in Sources */,
				182FF4F22ED18CA0001DE74F /* SplashScreenView.swift in Sources */,
				182FF4F32ED18CA0001DE74F /* GraphManagerView.swift in Sources */,
				182FF4F42ED18CA0001DE74F /* LoginBonusView.swift in Sources */,
				182FF4F52ED18CA0001DE74F /* TermsOfServiceView.swift in Sources */,
				182FF4F62ED18CA0001DE74F /* MockView.swift in Sources */,
				182FF4F72ED18CA0001DE74F /* IllustratedView.swift in Sources */,
				182FF4F82ED18CA0001DE74F /* HelpView1.swift in Sources */,
				182FF4F92ED18CA0001DE74F /* TitleListView.swift in Sources */,
				182FF4FA2ED18CA0001DE74F /* RateManager.swift in Sources */,
				182FF4FC2ED18CA0001DE74F /* InterstitialStory.swift in Sources */,
				182FF4FD2ED18CA0001DE74F /* MekaGachaView.swift in Sources */,
				182FF4FE2ED18CA0001DE74F /* GachaAnimationView.swift in Sources */,
				182FF4FF2ED18CA0001DE74F /* RootView.swift in Sources */,
			);
			runOnlyForDeploymentPostprocessing = 0;
		};
/* End PBXSourcesBuildPhase section */

/* Begin XCBuildConfiguration section */
		260E441B2AB572DE00FBB487 /* Debug */ = {
			isa = XCBuildConfiguration;
			buildSettings = {
				ALWAYS_SEARCH_USER_PATHS = NO;
				CLANG_ANALYZER_NONNULL = YES;
				CLANG_ANALYZER_NUMBER_OBJECT_CONVERSION = YES_AGGRESSIVE;
				CLANG_CXX_LANGUAGE_STANDARD = "gnu++20";
				CLANG_ENABLE_MODULES = YES;
				CLANG_ENABLE_OBJC_ARC = YES;
				CLANG_ENABLE_OBJC_WEAK = YES;
				CLANG_WARN_BLOCK_CAPTURE_AUTORELEASING = YES;
				CLANG_WARN_BOOL_CONVERSION = YES;
				CLANG_WARN_COMMA = YES;
				CLANG_WARN_CONSTANT_CONVERSION = YES;
				CLANG_WARN_DEPRECATED_OBJC_IMPLEMENTATIONS = YES;
				CLANG_WARN_DIRECT_OBJC_ISA_USAGE = YES_ERROR;
				CLANG_WARN_DOCUMENTATION_COMMENTS = YES;
				CLANG_WARN_EMPTY_BODY = YES;
				CLANG_WARN_ENUM_CONVERSION = YES;
				CLANG_WARN_INFINITE_RECURSION = YES;
				CLANG_WARN_INT_CONVERSION = YES;
				CLANG_WARN_NON_LITERAL_NULL_CONVERSION = YES;
				CLANG_WARN_OBJC_IMPLICIT_RETAIN_SELF = YES;
				CLANG_WARN_OBJC_LITERAL_CONVERSION = YES;
				CLANG_WARN_OBJC_ROOT_CLASS = YES_ERROR;
				CLANG_WARN_QUOTED_INCLUDE_IN_FRAMEWORK_HEADER = YES;
				CLANG_WARN_RANGE_LOOP_ANALYSIS = YES;
				CLANG_WARN_STRICT_PROTOTYPES = YES;
				CLANG_WARN_SUSPICIOUS_MOVE = YES;
				CLANG_WARN_UNGUARDED_AVAILABILITY = YES_AGGRESSIVE;
				CLANG_WARN_UNREACHABLE_CODE = YES;
				CLANG_WARN__DUPLICATE_METHOD_MATCH = YES;
				COPY_PHASE_STRIP = NO;
				DEBUG_INFORMATION_FORMAT = dwarf;
				ENABLE_STRICT_OBJC_MSGSEND = YES;
				ENABLE_TESTABILITY = YES;
				GCC_C_LANGUAGE_STANDARD = gnu11;
				GCC_DYNAMIC_NO_PIC = NO;
				GCC_NO_COMMON_BLOCKS = YES;
				GCC_OPTIMIZATION_LEVEL = 0;
				GCC_PREPROCESSOR_DEFINITIONS = (
					"DEBUG=1",
					"$(inherited)",
				);
				GCC_WARN_64_TO_32_BIT_CONVERSION = YES;
				GCC_WARN_ABOUT_RETURN_TYPE = YES_ERROR;
				GCC_WARN_UNDECLARED_SELECTOR = YES;
				GCC_WARN_UNINITIALIZED_AUTOS = YES_AGGRESSIVE;
				GCC_WARN_UNUSED_FUNCTION = YES;
				GCC_WARN_UNUSED_VARIABLE = YES;
				IPHONEOS_DEPLOYMENT_TARGET = 16.4;
				MTL_ENABLE_DEBUG_INFO = INCLUDE_SOURCE;
				MTL_FAST_MATH = YES;
				ONLY_ACTIVE_ARCH = YES;
				SDKROOT = iphoneos;
				SWIFT_ACTIVE_COMPILATION_CONDITIONS = DEBUG;
				SWIFT_OPTIMIZATION_LEVEL = "-Onone";
			};
			name = Debug;
		};
		260E441C2AB572DE00FBB487 /* Release */ = {
			isa = XCBuildConfiguration;
			buildSettings = {
				ALWAYS_SEARCH_USER_PATHS = NO;
				CLANG_ANALYZER_NONNULL = YES;
				CLANG_ANALYZER_NUMBER_OBJECT_CONVERSION = YES_AGGRESSIVE;
				CLANG_CXX_LANGUAGE_STANDARD = "gnu++20";
				CLANG_ENABLE_MODULES = YES;
				CLANG_ENABLE_OBJC_ARC = YES;
				CLANG_ENABLE_OBJC_WEAK = YES;
				CLANG_WARN_BLOCK_CAPTURE_AUTORELEASING = YES;
				CLANG_WARN_BOOL_CONVERSION = YES;
				CLANG_WARN_COMMA = YES;
				CLANG_WARN_CONSTANT_CONVERSION = YES;
				CLANG_WARN_DEPRECATED_OBJC_IMPLEMENTATIONS = YES;
				CLANG_WARN_DIRECT_OBJC_ISA_USAGE = YES_ERROR;
				CLANG_WARN_DOCUMENTATION_COMMENTS = YES;
				CLANG_WARN_EMPTY_BODY = YES;
				CLANG_WARN_ENUM_CONVERSION = YES;
				CLANG_WARN_INFINITE_RECURSION = YES;
				CLANG_WARN_INT_CONVERSION = YES;
				CLANG_WARN_NON_LITERAL_NULL_CONVERSION = YES;
				CLANG_WARN_OBJC_IMPLICIT_RETAIN_SELF = YES;
				CLANG_WARN_OBJC_LITERAL_CONVERSION = YES;
				CLANG_WARN_OBJC_ROOT_CLASS = YES_ERROR;
				CLANG_WARN_QUOTED_INCLUDE_IN_FRAMEWORK_HEADER = YES;
				CLANG_WARN_RANGE_LOOP_ANALYSIS = YES;
				CLANG_WARN_STRICT_PROTOTYPES = YES;
				CLANG_WARN_SUSPICIOUS_MOVE = YES;
				CLANG_WARN_UNGUARDED_AVAILABILITY = YES_AGGRESSIVE;
				CLANG_WARN_UNREACHABLE_CODE = YES;
				CLANG_WARN__DUPLICATE_METHOD_MATCH = YES;
				COPY_PHASE_STRIP = NO;
				DEBUG_INFORMATION_FORMAT = "dwarf-with-dsym";
				ENABLE_NS_ASSERTIONS = NO;
				ENABLE_STRICT_OBJC_MSGSEND = YES;
				GCC_C_LANGUAGE_STANDARD = gnu11;
				GCC_NO_COMMON_BLOCKS = YES;
				GCC_WARN_64_TO_32_BIT_CONVERSION = YES;
				GCC_WARN_ABOUT_RETURN_TYPE = YES_ERROR;
				GCC_WARN_UNDECLARED_SELECTOR = YES;
				GCC_WARN_UNINITIALIZED_AUTOS = YES_AGGRESSIVE;
				GCC_WARN_UNUSED_FUNCTION = YES;
				GCC_WARN_UNUSED_VARIABLE = YES;
				IPHONEOS_DEPLOYMENT_TARGET = 16.4;
				MTL_ENABLE_DEBUG_INFO = NO;
				MTL_FAST_MATH = YES;
				SDKROOT = iphoneos;
				SWIFT_COMPILATION_MODE = wholemodule;
				SWIFT_OPTIMIZATION_LEVEL = "-O";
				VALIDATE_PRODUCT = YES;
			};
			name = Release;
		};
		260E441E2AB572DE00FBB487 /* Debug */ = {
			isa = XCBuildConfiguration;
			buildSettings = {
				ASSETCATALOG_COMPILER_APPICON_NAME = AppIcon;
				ASSETCATALOG_COMPILER_GLOBAL_ACCENT_COLOR_NAME = AccentColor;
				CODE_SIGN_ENTITLEMENTS = it/it.entitlements;
				CODE_SIGN_IDENTITY = "Apple Development";
				CODE_SIGN_STYLE = Automatic;
				CURRENT_PROJECT_VERSION = 8.7;
				DEBUG_INFORMATION_FORMAT = "dwarf-with-dsym";
				DEVELOPMENT_ASSET_PATHS = "\"it/Preview Content\"";
				DEVELOPMENT_TEAM = F3XS565TSX;
				ENABLE_PREVIEWS = YES;
				GENERATE_INFOPLIST_FILE = YES;
				INFOPLIST_FILE = it/Info.plist;
				INFOPLIST_KEY_CFBundleDisplayName = "ITクエスト";
				INFOPLIST_KEY_UIApplicationSceneManifest_Generation = YES;
				INFOPLIST_KEY_UIApplicationSupportsIndirectInputEvents = YES;
				INFOPLIST_KEY_UIStatusBarStyle = "";
				INFOPLIST_KEY_UISupportedInterfaceOrientations_iPad = "UIInterfaceOrientationPortrait UIInterfaceOrientationPortraitUpsideDown UIInterfaceOrientationLandscapeLeft UIInterfaceOrientationLandscapeRight";
				INFOPLIST_KEY_UISupportedInterfaceOrientations_iPhone = "UIInterfaceOrientationPortrait UIInterfaceOrientationLandscapeLeft UIInterfaceOrientationLandscapeRight";
				IPHONEOS_DEPLOYMENT_TARGET = 16.0;
				LD_RUNPATH_SEARCH_PATHS = (
					"$(inherited)",
					"@executable_path/Frameworks",
				);
				MARKETING_VERSION = 8.7;
				PRODUCT_BUNDLE_IDENTIFIER = "Swift-Beginners-app.it";
				PRODUCT_NAME = "$(TARGET_NAME)";
				PROVISIONING_PROFILE_SPECIFIER = "";
				SWIFT_EMIT_LOC_STRINGS = YES;
				SWIFT_VERSION = 5.0;
				TARGETED_DEVICE_FAMILY = "1,2";
			};
			name = Debug;
		};
		260E441F2AB572DE00FBB487 /* Release */ = {
			isa = XCBuildConfiguration;
			buildSettings = {
				ASSETCATALOG_COMPILER_APPICON_NAME = AppIcon;
				ASSETCATALOG_COMPILER_GLOBAL_ACCENT_COLOR_NAME = AccentColor;
				CODE_SIGN_ENTITLEMENTS = it/it.entitlements;
				CODE_SIGN_IDENTITY = "Apple Development";
				CODE_SIGN_STYLE = Automatic;
				CURRENT_PROJECT_VERSION = 8.7;
				DEBUG_INFORMATION_FORMAT = "dwarf-with-dsym";
				DEVELOPMENT_ASSET_PATHS = "\"it/Preview Content\"";
				DEVELOPMENT_TEAM = F3XS565TSX;
				ENABLE_PREVIEWS = YES;
				GENERATE_INFOPLIST_FILE = YES;
				INFOPLIST_FILE = it/Info.plist;
				INFOPLIST_KEY_CFBundleDisplayName = "ITクエスト";
				INFOPLIST_KEY_UIApplicationSceneManifest_Generation = YES;
				INFOPLIST_KEY_UIApplicationSupportsIndirectInputEvents = YES;
				INFOPLIST_KEY_UIStatusBarStyle = "";
				INFOPLIST_KEY_UISupportedInterfaceOrientations_iPad = "UIInterfaceOrientationPortrait UIInterfaceOrientationPortraitUpsideDown UIInterfaceOrientationLandscapeLeft UIInterfaceOrientationLandscapeRight";
				INFOPLIST_KEY_UISupportedInterfaceOrientations_iPhone = "UIInterfaceOrientationPortrait UIInterfaceOrientationLandscapeLeft UIInterfaceOrientationLandscapeRight";
				IPHONEOS_DEPLOYMENT_TARGET = 16.0;
				LD_RUNPATH_SEARCH_PATHS = (
					"$(inherited)",
					"@executable_path/Frameworks",
				);
				MARKETING_VERSION = 8.7;
				PRODUCT_BUNDLE_IDENTIFIER = "Swift-Beginners-app.it";
				PRODUCT_NAME = "$(TARGET_NAME)";
				PROVISIONING_PROFILE_SPECIFIER = "";
				SWIFT_EMIT_LOC_STRINGS = YES;
				SWIFT_VERSION = 5.0;
				TARGETED_DEVICE_FAMILY = "1,2";
			};
			name = Release;
		};
/* End XCBuildConfiguration section */

/* Begin XCConfigurationList section */
		260E440A2AB572DC00FBB487 /* Build configuration list for PBXProject "it" */ = {
			isa = XCConfigurationList;
			buildConfigurations = (
				260E441B2AB572DE00FBB487 /* Debug */,
				260E441C2AB572DE00FBB487 /* Release */,
			);
			defaultConfigurationIsVisible = 0;
			defaultConfigurationName = Release;
		};
		260E441D2AB572DE00FBB487 /* Build configuration list for PBXNativeTarget "it" */ = {
			isa = XCConfigurationList;
			buildConfigurations = (
				260E441E2AB572DE00FBB487 /* Debug */,
				260E441F2AB572DE00FBB487 /* Release */,
			);
			defaultConfigurationIsVisible = 0;
			defaultConfigurationName = Release;
		};
/* End XCConfigurationList section */

/* Begin XCRemoteSwiftPackageReference section */
		189F82B72BA4444400C0247A /* XCRemoteSwiftPackageReference "firebase-ios-sdk" */ = {
			isa = XCRemoteSwiftPackageReference;
			repositoryURL = "https://github.com/firebase/firebase-ios-sdk";
			requirement = {
				kind = upToNextMajorVersion;
				minimumVersion = 10.22.1;
			};
		};
		18B9E1FB2E0FCB7D000F4B57 /* XCRemoteSwiftPackageReference "swift-package-manager-google-mobile-ads" */ = {
			isa = XCRemoteSwiftPackageReference;
			repositoryURL = "https://github.com/googleads/swift-package-manager-google-mobile-ads.git";
			requirement = {
				kind = upToNextMajorVersion;
				minimumVersion = 12.6.0;
			};
		};
		26266B272B4A5179007B5964 /* XCRemoteSwiftPackageReference "AppVersionMonitorSwiftUI" */ = {
			isa = XCRemoteSwiftPackageReference;
			repositoryURL = "https://github.com/SNQ-2001/AppVersionMonitorSwiftUI";
			requirement = {
				kind = upToNextMajorVersion;
				minimumVersion = 0.1.1;
			};
		};
/* End XCRemoteSwiftPackageReference section */

/* Begin XCSwiftPackageProductDependency section */
		18B9E1F92E0FC355000F4B57 /* FirebaseFirestore */ = {
			isa = XCSwiftPackageProductDependency;
			productName = FirebaseFirestore;
		};
		18B9E1FC2E0FCB7D000F4B57 /* GoogleMobileAds */ = {
			isa = XCSwiftPackageProductDependency;
			package = 18B9E1FB2E0FCB7D000F4B57 /* XCRemoteSwiftPackageReference "swift-package-manager-google-mobile-ads" */;
			productName = GoogleMobileAds;
		};
		18B9E1FE2E0FCBC7000F4B57 /* FirebaseMessaging */ = {
			isa = XCSwiftPackageProductDependency;
			package = 189F82B72BA4444400C0247A /* XCRemoteSwiftPackageReference "firebase-ios-sdk" */;
			productName = FirebaseMessaging;
		};
		18B9E2002E0FE0A4000F4B57 /* FirebaseDatabase */ = {
			isa = XCSwiftPackageProductDependency;
			package = 189F82B72BA4444400C0247A /* XCRemoteSwiftPackageReference "firebase-ios-sdk" */;
			productName = FirebaseDatabase;
		};
		18B9E2022E0FE194000F4B57 /* FirebaseDatabaseSwift */ = {
			isa = XCSwiftPackageProductDependency;
			package = 189F82B72BA4444400C0247A /* XCRemoteSwiftPackageReference "firebase-ios-sdk" */;
			productName = FirebaseDatabaseSwift;
		};
		18B9E2042E0FE194000F4B57 /* FirebaseDynamicLinks */ = {
			isa = XCSwiftPackageProductDependency;
			package = 189F82B72BA4444400C0247A /* XCRemoteSwiftPackageReference "firebase-ios-sdk" */;
			productName = FirebaseDynamicLinks;
		};
		18B9E2062E0FE1F8000F4B57 /* FirebaseAuth */ = {
			isa = XCSwiftPackageProductDependency;
			productName = FirebaseAuth;
		};
		26266B282B4A5179007B5964 /* AppVersionMonitorSwiftUI */ = {
			isa = XCSwiftPackageProductDependency;
			package = 26266B272B4A5179007B5964 /* XCRemoteSwiftPackageReference "AppVersionMonitorSwiftUI" */;
			productName = AppVersionMonitorSwiftUI;
		};
/* End XCSwiftPackageProductDependency section */
	};
	rootObject = 260E44072AB572DC00FBB487 /* Project object */;
}
